<?xml version="1.0" encoding="utf-8"?>
<Project ToolsVersion="4.0" xmlns="http://schemas.microsoft.com/developer/msbuild/2003">
  <ItemGroup>
    <Filter Include="Source Files">
      <UniqueIdentifier>{4FC737F1-C7A5-4376-A066-2A32D752A2FF}</UniqueIdentifier>
      <Extensions>cpp;c;cc;cxx;def;odl;idl;hpj;bat;asm;asmx</Extensions>
    </Filter>
    <Filter Include="Header Files">
      <UniqueIdentifier>{93995380-89BD-4b04-88EB-625FBE52EBFB}</UniqueIdentifier>
      <Extensions>h;hpp;hxx;hm;inl;inc;xsd</Extensions>
    </Filter>
    <Filter Include="Resource Files">
      <UniqueIdentifier>{67DA6AB6-F800-4c08-8B7A-83BB121AAD01}</UniqueIdentifier>
      <Extensions>rc;ico;cur;bmp;dlg;rc2;rct;bin;rgs;gif;jpg;jpeg;jpe;resx;tiff;tif;png;wav;mfcribbon-ms</Extensions>
    </Filter>
    <Filter Include="Header Files\Driver">
      <UniqueIdentifier>{a8636856-b6fa-4994-9cf4-13df7c70948e}</UniqueIdentifier>
    </Filter>
    <Filter Include="Source Files\Driver">
      <UniqueIdentifier>{32a059b2-0de1-4ec7-b798-75b3e7ed19be}</UniqueIdentifier>
    </Filter>
  </ItemGroup>
  <ItemGroup>
    <ClCompile Include="trace.cpp">
      <Filter>Source Files</Filter>
    </ClCompile>
    <ClCompile Include="AudioSettings.cpp">
      <Filter>Source Files</Filter>
    </ClCompile>
    <ClCompile Include="AudioMain.cpp">
      <Filter>Source Files</Filter>
    </ClCompile>
    <ClCompile Include="Driver\SoundBase.cpp">
      <Filter>Source Files\Driver</Filter>
    </ClCompile>
    <ClCompile Include="Driver\OpenSLES.cpp">
      <Filter>Source Files\Driver</Filter>
    </ClCompile>
  </ItemGroup>
  <ItemGroup>
    <ClInclude Include="Audio_1.1.h">
      <Filter>Header Files</Filter>
    </ClInclude>
    <ClInclude Include="Version.h">
      <Filter>Header Files</Filter>
    </ClInclude>
    <ClInclude Include="trace.h">
      <Filter>Header Files</Filter>
    </ClInclude>
    <ClInclude Include="AudioSettings.h">
      <Filter>Header Files</Filter>
    </ClInclude>
    <ClInclude Include="AudioMain.h">
      <Filter>Header Files</Filter>
    </ClInclude>
    <ClInclude Include="SettingsID.h">
      <Filter>Header Files</Filter>
    </ClInclude>
    <ClInclude Include="Driver\SoundBase.h">
      <Filter>Header Files\Driver</Filter>
    </ClInclude>
    <ClInclude Include="Driver\OpenSLES.h">
      <Filter>Header Files\Driver</Filter>
    </ClInclude>
  </ItemGroup>
</Project>