Microsoft Visual Studio Solution File, Format Version 12.00
# Visual Studio 14
VisualStudioVersion = 14.0.25420.1
MinimumVisualStudioVersion = 10.0.40219.1
Project("{2150E333-8FDC-42A3-9474-1A3956D46DE8}") = "3rd Party", "3rd Party", "{AA8F7F8E-5377-4911-859D-8A8817B0DB26}"
EndProject
Project("{8BC9CEB8-8B4A-11D0-8D11-00A0C91BC942}") = "Common", "Source\Common\Common.vcxproj", "{B4A4B994-9111-42B1-93C2-6F1CA8BC4421}"
EndProject
Project("{8BC9CEB8-8B4A-11D0-8D11-00A0C91BC942}") = "Project64", "Source\Project64\Project64.vcxproj", "{7E534C8E-1ACE-4A88-8807-39A11ED4DA18}"
	ProjectSection(ProjectDependencies) = postProject
		{A4D13408-A794-4199-8FC7-4A9A32505005} = {A4D13408-A794-4199-8FC7-4A9A32505005}
		{FD617E80-9E40-4138-85DA-B94633972E6A} = {FD617E80-9E40-4138-85DA-B94633972E6A}
	EndProjectSection
EndProject
Project("{8BC9CEB8-8B4A-11D0-8D11-00A0C91BC942}") = "RSP", "Source\RSP\RSP.vcxproj", "{A7ED562C-63F3-4B7E-B6B3-2CF7848752E1}"
EndProject
Project("{8BC9CEB8-8B4A-11D0-8D11-00A0C91BC942}") = "Settings", "Source\Settings\Settings.vcxproj", "{8B9961B1-88D9-4EA3-A752-507A00DD9F3D}"
EndProject
Project("{8BC9CEB8-8B4A-11D0-8D11-00A0C91BC942}") = "7zip", "Source\3rdParty\7zip\7zip.vcxproj", "{3326E128-33AF-422C-BB7C-67CC6B915610}"
EndProject
Project("{8BC9CEB8-8B4A-11D0-8D11-00A0C91BC942}") = "WTL", "Source\3rdParty\WTL\WTL.vcxproj", "{4BC6906B-213E-40D7-9FC7-1A93E228393D}"
EndProject
Project("{8BC9CEB8-8B4A-11D0-8D11-00A0C91BC942}") = "zlib", "Source\3rdParty\zlib\zlib.vcxproj", "{731BD205-2826-4631-B7AF-117658E88DBC}"
EndProject
Project("{8BC9CEB8-8B4A-11D0-8D11-00A0C91BC942}") = "Project64Setup", "Source\Installer\Installer.vcxproj", "{360A34F3-3172-4B09-8BC9-B3FBEE677863}"
	ProjectSection(ProjectDependencies) = postProject
		{A4D13408-A794-4199-8FC7-4A9A32505005} = {A4D13408-A794-4199-8FC7-4A9A32505005}
		{A7ED562C-63F3-4B7E-B6B3-2CF7848752E1} = {A7ED562C-63F3-4B7E-B6B3-2CF7848752E1}
		{FD617E80-9E40-4138-85DA-B94633972E6A} = {FD617E80-9E40-4138-85DA-B94633972E6A}
	EndProjectSection
EndProject
Project("{8BC9CEB8-8B4A-11D0-8D11-00A0C91BC942}") = "PJ64 NRage", "Source\nragev20\NRage_Input_V2.vcxproj", "{FD617E80-9E40-4138-85DA-B94633972E6A}"
EndProject
Project("{2150E333-8FDC-42A3-9474-1A3956D46DE8}") = "PropertySheets", "PropertySheets", "{181AA451-63A7-4E3B-BE0C-F92BE3F3D2F2}"
	ProjectSection(SolutionItems) = preProject
		PropertySheets\Debug.props = PropertySheets\Debug.props
		PropertySheets\Platform.Debug.props = PropertySheets\Platform.Debug.props
		PropertySheets\Platform.props = PropertySheets\Platform.props
		PropertySheets\Platform.Release.props = PropertySheets\Platform.Release.props
		PropertySheets\Release.props = PropertySheets\Release.props
	EndProjectSection
EndProject
Project("{8BC9CEB8-8B4A-11D0-8D11-00A0C91BC942}") = "Project64-core", "Source\Project64-core\Project64-core.vcxproj", "{00C7B43A-DED7-4DF0-B072-9A5783EF866D}"
EndProject
Project("{8BC9CEB8-8B4A-11D0-8D11-00A0C91BC942}") = "png", "Source\3rdParty\png\png.vcxproj", "{17836496-31B0-46F2-B1B1-366D7DF6F04C}"
EndProject
Project("{2150E333-8FDC-42A3-9474-1A3956D46DE8}") = "Android", "Android", "{0E0FCAC2-E128-4886-8EE6-1BCA84551F58}"
EndProject
Project("{8BC9CEB8-8B4A-11D0-8D11-00A0C91BC942}") = "PluginInput", "Source\Android\PluginInput\PluginInput.vcxproj", "{1133A1CC-A9E5-4026-B20D-6A2987130D4E}"
EndProject
Project("{8BC9CEB8-8B4A-11D0-8D11-00A0C91BC942}") = "PluginRSP", "Source\Android\PluginRSP\PluginRSP.vcxproj", "{B685BB34-D700-4FCC-8503-9B6AA1A0C95D}"
EndProject
Project("{8BC9CEB8-8B4A-11D0-8D11-00A0C91BC942}") = "JniBridge", "Source\Android\Bridge\Bridge.vcxproj", "{593B00E6-1987-415D-A62C-26533FC3E95C}"
EndProject
Project("{8BC9CEB8-8B4A-11D0-8D11-00A0C91BC942}") = "duktape", "Source\3rdParty\duktape\duktape.vcxproj", "{E8D9A652-A354-4374-B6C5-A51EE62749FD}"
EndProject
Project("{8BC9CEB8-8B4A-11D0-8D11-00A0C91BC942}") = "Project64-video", "Source\Project64-video\Project64-video.vcxproj", "{A4D13408-A794-4199-8FC7-4A9A32505005}"
EndProject
Project("{8BC9CEB8-8B4A-11D0-8D11-00A0C91BC942}") = "Project64-audio", "Source\Project64-audio\Project64-audio.vcxproj", "{D233025A-231F-4A43-92B6-E87193C60ACC}"
EndProject
Global
	GlobalSection(SolutionConfigurationPlatforms) = preSolution
		Debug|Win32 = Debug|Win32
		Debug|x64 = Debug|x64
		Release|Win32 = Release|Win32
		Release|x64 = Release|x64
	EndGlobalSection
	GlobalSection(ProjectConfigurationPlatforms) = postSolution
		{B4A4B994-9111-42B1-93C2-6F1CA8BC4421}.Debug|Win32.ActiveCfg = Debug|Win32
		{B4A4B994-9111-42B1-93C2-6F1CA8BC4421}.Debug|Win32.Build.0 = Debug|Win32
		{B4A4B994-9111-42B1-93C2-6F1CA8BC4421}.Debug|x64.ActiveCfg = Debug|x64
		{B4A4B994-9111-42B1-93C2-6F1CA8BC4421}.Debug|x64.Build.0 = Debug|x64
		{B4A4B994-9111-42B1-93C2-6F1CA8BC4421}.Release|Win32.ActiveCfg = Release|Win32
		{B4A4B994-9111-42B1-93C2-6F1CA8BC4421}.Release|Win32.Build.0 = Release|Win32
		{B4A4B994-9111-42B1-93C2-6F1CA8BC4421}.Release|x64.ActiveCfg = Release|x64
		{B4A4B994-9111-42B1-93C2-6F1CA8BC4421}.Release|x64.Build.0 = Release|x64
		{7E534C8E-1ACE-4A88-8807-39A11ED4DA18}.Debug|Win32.ActiveCfg = Debug|Win32
		{7E534C8E-1ACE-4A88-8807-39A11ED4DA18}.Debug|Win32.Build.0 = Debug|Win32
		{7E534C8E-1ACE-4A88-8807-39A11ED4DA18}.Debug|x64.ActiveCfg = Debug|x64
		{7E534C8E-1ACE-4A88-8807-39A11ED4DA18}.Debug|x64.Build.0 = Debug|x64
		{7E534C8E-1ACE-4A88-8807-39A11ED4DA18}.Release|Win32.ActiveCfg = Release|Win32
		{7E534C8E-1ACE-4A88-8807-39A11ED4DA18}.Release|Win32.Build.0 = Release|Win32
		{7E534C8E-1ACE-4A88-8807-39A11ED4DA18}.Release|x64.ActiveCfg = Release|x64
		{7E534C8E-1ACE-4A88-8807-39A11ED4DA18}.Release|x64.Build.0 = Release|x64
		{A7ED562C-63F3-4B7E-B6B3-2CF7848752E1}.Debug|Win32.ActiveCfg = Debug|Win32
		{A7ED562C-63F3-4B7E-B6B3-2CF7848752E1}.Debug|Win32.Build.0 = Debug|Win32
		{A7ED562C-63F3-4B7E-B6B3-2CF7848752E1}.Debug|x64.ActiveCfg = Debug|x64
		{A7ED562C-63F3-4B7E-B6B3-2CF7848752E1}.Debug|x64.Build.0 = Debug|x64
		{A7ED562C-63F3-4B7E-B6B3-2CF7848752E1}.Release|Win32.ActiveCfg = Release|Win32
		{A7ED562C-63F3-4B7E-B6B3-2CF7848752E1}.Release|Win32.Build.0 = Release|Win32
		{A7ED562C-63F3-4B7E-B6B3-2CF7848752E1}.Release|x64.ActiveCfg = Release|x64
		{A7ED562C-63F3-4B7E-B6B3-2CF7848752E1}.Release|x64.Build.0 = Release|x64
		{8B9961B1-88D9-4EA3-A752-507A00DD9F3D}.Debug|Win32.ActiveCfg = Debug|Win32
		{8B9961B1-88D9-4EA3-A752-507A00DD9F3D}.Debug|Win32.Build.0 = Debug|Win32
		{8B9961B1-88D9-4EA3-A752-507A00DD9F3D}.Debug|x64.ActiveCfg = Debug|x64
		{8B9961B1-88D9-4EA3-A752-507A00DD9F3D}.Debug|x64.Build.0 = Debug|x64
		{8B9961B1-88D9-4EA3-A752-507A00DD9F3D}.Release|Win32.ActiveCfg = Release|Win32
		{8B9961B1-88D9-4EA3-A752-507A00DD9F3D}.Release|Win32.Build.0 = Release|Win32
		{8B9961B1-88D9-4EA3-A752-507A00DD9F3D}.Release|x64.ActiveCfg = Release|x64
		{8B9961B1-88D9-4EA3-A752-507A00DD9F3D}.Release|x64.Build.0 = Release|x64
		{3326E128-33AF-422C-BB7C-67CC6B915610}.Debug|Win32.ActiveCfg = Debug|Win32
		{3326E128-33AF-422C-BB7C-67CC6B915610}.Debug|Win32.Build.0 = Debug|Win32
		{3326E128-33AF-422C-BB7C-67CC6B915610}.Debug|x64.ActiveCfg = Debug|x64
		{3326E128-33AF-422C-BB7C-67CC6B915610}.Debug|x64.Build.0 = Debug|x64
		{3326E128-33AF-422C-BB7C-67CC6B915610}.Release|Win32.ActiveCfg = Release|Win32
		{3326E128-33AF-422C-BB7C-67CC6B915610}.Release|Win32.Build.0 = Release|Win32
		{3326E128-33AF-422C-BB7C-67CC6B915610}.Release|x64.ActiveCfg = Release|x64
		{3326E128-33AF-422C-BB7C-67CC6B915610}.Release|x64.Build.0 = Release|x64
		{4BC6906B-213E-40D7-9FC7-1A93E228393D}.Debug|Win32.ActiveCfg = Debug|Win32
		{4BC6906B-213E-40D7-9FC7-1A93E228393D}.Debug|Win32.Build.0 = Debug|Win32
		{4BC6906B-213E-40D7-9FC7-1A93E228393D}.Debug|x64.ActiveCfg = Debug|x64
		{4BC6906B-213E-40D7-9FC7-1A93E228393D}.Debug|x64.Build.0 = Debug|x64
		{4BC6906B-213E-40D7-9FC7-1A93E228393D}.Release|Win32.ActiveCfg = Release|Win32
		{4BC6906B-213E-40D7-9FC7-1A93E228393D}.Release|Win32.Build.0 = Release|Win32
		{4BC6906B-213E-40D7-9FC7-1A93E228393D}.Release|x64.ActiveCfg = Release|x64
		{4BC6906B-213E-40D7-9FC7-1A93E228393D}.Release|x64.Build.0 = Release|x64
		{731BD205-2826-4631-B7AF-117658E88DBC}.Debug|Win32.ActiveCfg = Debug|Win32
		{731BD205-2826-4631-B7AF-117658E88DBC}.Debug|Win32.Build.0 = Debug|Win32
		{731BD205-2826-4631-B7AF-117658E88DBC}.Debug|x64.ActiveCfg = Debug|x64
		{731BD205-2826-4631-B7AF-117658E88DBC}.Debug|x64.Build.0 = Debug|x64
		{731BD205-2826-4631-B7AF-117658E88DBC}.Release|Win32.ActiveCfg = Release|Win32
		{731BD205-2826-4631-B7AF-117658E88DBC}.Release|Win32.Build.0 = Release|Win32
		{731BD205-2826-4631-B7AF-117658E88DBC}.Release|x64.ActiveCfg = Release|x64
		{731BD205-2826-4631-B7AF-117658E88DBC}.Release|x64.Build.0 = Release|x64
		{360A34F3-3172-4B09-8BC9-B3FBEE677863}.Debug|Win32.ActiveCfg = Release|Win32
		{360A34F3-3172-4B09-8BC9-B3FBEE677863}.Debug|x64.ActiveCfg = Release|Win32
		{360A34F3-3172-4B09-8BC9-B3FBEE677863}.Release|Win32.ActiveCfg = Release|Win32
		{360A34F3-3172-4B09-8BC9-B3FBEE677863}.Release|Win32.Build.0 = Release|Win32
		{360A34F3-3172-4B09-8BC9-B3FBEE677863}.Release|x64.ActiveCfg = Release|Win32
		{FD617E80-9E40-4138-85DA-B94633972E6A}.Debug|Win32.ActiveCfg = Debug|Win32
		{FD617E80-9E40-4138-85DA-B94633972E6A}.Debug|Win32.Build.0 = Debug|Win32
		{FD617E80-9E40-4138-85DA-B94633972E6A}.Debug|x64.ActiveCfg = Debug|x64
		{FD617E80-9E40-4138-85DA-B94633972E6A}.Debug|x64.Build.0 = Debug|x64
		{FD617E80-9E40-4138-85DA-B94633972E6A}.Release|Win32.ActiveCfg = Release|Win32
		{FD617E80-9E40-4138-85DA-B94633972E6A}.Release|Win32.Build.0 = Release|Win32
		{FD617E80-9E40-4138-85DA-B94633972E6A}.Release|x64.ActiveCfg = Release|x64
		{FD617E80-9E40-4138-85DA-B94633972E6A}.Release|x64.Build.0 = Release|x64
		{00C7B43A-DED7-4DF0-B072-9A5783EF866D}.Debug|Win32.ActiveCfg = Debug|Win32
		{00C7B43A-DED7-4DF0-B072-9A5783EF866D}.Debug|Win32.Build.0 = Debug|Win32
		{00C7B43A-DED7-4DF0-B072-9A5783EF866D}.Debug|x64.ActiveCfg = Debug|x64
		{00C7B43A-DED7-4DF0-B072-9A5783EF866D}.Debug|x64.Build.0 = Debug|x64
		{00C7B43A-DED7-4DF0-B072-9A5783EF866D}.Release|Win32.ActiveCfg = Release|Win32
		{00C7B43A-DED7-4DF0-B072-9A5783EF866D}.Release|Win32.Build.0 = Release|Win32
		{00C7B43A-DED7-4DF0-B072-9A5783EF866D}.Release|x64.ActiveCfg = Release|x64
		{00C7B43A-DED7-4DF0-B072-9A5783EF866D}.Release|x64.Build.0 = Release|x64
		{17836496-31B0-46F2-B1B1-366D7DF6F04C}.Debug|Win32.ActiveCfg = Debug|Win32
		{17836496-31B0-46F2-B1B1-366D7DF6F04C}.Debug|Win32.Build.0 = Debug|Win32
		{17836496-31B0-46F2-B1B1-366D7DF6F04C}.Debug|x64.ActiveCfg = Debug|x64
		{17836496-31B0-46F2-B1B1-366D7DF6F04C}.Debug|x64.Build.0 = Debug|x64
		{17836496-31B0-46F2-B1B1-366D7DF6F04C}.Release|Win32.ActiveCfg = Release|Win32
		{17836496-31B0-46F2-B1B1-366D7DF6F04C}.Release|Win32.Build.0 = Release|Win32
		{17836496-31B0-46F2-B1B1-366D7DF6F04C}.Release|x64.ActiveCfg = Release|x64
		{17836496-31B0-46F2-B1B1-366D7DF6F04C}.Release|x64.Build.0 = Release|x64
		{1133A1CC-A9E5-4026-B20D-6A2987130D4E}.Debug|Win32.ActiveCfg = Debug|Win32
		{1133A1CC-A9E5-4026-B20D-6A2987130D4E}.Debug|Win32.Build.0 = Debug|Win32
		{1133A1CC-A9E5-4026-B20D-6A2987130D4E}.Debug|x64.ActiveCfg = Debug|Win32
		{1133A1CC-A9E5-4026-B20D-6A2987130D4E}.Release|Win32.ActiveCfg = Release|Win32
		{1133A1CC-A9E5-4026-B20D-6A2987130D4E}.Release|Win32.Build.0 = Release|Win32
		{1133A1CC-A9E5-4026-B20D-6A2987130D4E}.Release|x64.ActiveCfg = Release|Win32
		{B685BB34-D700-4FCC-8503-9B6AA1A0C95D}.Debug|Win32.ActiveCfg = Debug|Win32
		{B685BB34-D700-4FCC-8503-9B6AA1A0C95D}.Debug|Win32.Build.0 = Debug|Win32
		{B685BB34-D700-4FCC-8503-9B6AA1A0C95D}.Debug|x64.ActiveCfg = Debug|Win32
		{B685BB34-D700-4FCC-8503-9B6AA1A0C95D}.Release|Win32.ActiveCfg = Release|Win32
		{B685BB34-D700-4FCC-8503-9B6AA1A0C95D}.Release|Win32.Build.0 = Release|Win32
		{B685BB34-D700-4FCC-8503-9B6AA1A0C95D}.Release|x64.ActiveCfg = Release|Win32
		{593B00E6-1987-415D-A62C-26533FC3E95C}.Debug|Win32.ActiveCfg = Debug|Win32
		{593B00E6-1987-415D-A62C-26533FC3E95C}.Debug|Win32.Build.0 = Debug|Win32
		{593B00E6-1987-415D-A62C-26533FC3E95C}.Debug|x64.ActiveCfg = Debug|Win32
		{593B00E6-1987-415D-A62C-26533FC3E95C}.Release|Win32.ActiveCfg = Release|Win32
		{593B00E6-1987-415D-A62C-26533FC3E95C}.Release|Win32.Build.0 = Release|Win32
		{593B00E6-1987-415D-A62C-26533FC3E95C}.Release|x64.ActiveCfg = Release|Win32
		{E8D9A652-A354-4374-B6C5-A51EE62749FD}.Debug|Win32.ActiveCfg = Debug|Win32
		{E8D9A652-A354-4374-B6C5-A51EE62749FD}.Debug|Win32.Build.0 = Debug|Win32
		{E8D9A652-A354-4374-B6C5-A51EE62749FD}.Debug|x64.ActiveCfg = Debug|x64
		{E8D9A652-A354-4374-B6C5-A51EE62749FD}.Debug|x64.Build.0 = Debug|x64
		{E8D9A652-A354-4374-B6C5-A51EE62749FD}.Release|Win32.ActiveCfg = Release|Win32
		{E8D9A652-A354-4374-B6C5-A51EE62749FD}.Release|Win32.Build.0 = Release|Win32
		{E8D9A652-A354-4374-B6C5-A51EE62749FD}.Release|x64.ActiveCfg = Release|x64
		{E8D9A652-A354-4374-B6C5-A51EE62749FD}.Release|x64.Build.0 = Release|x64
		{A4D13408-A794-4199-8FC7-4A9A32505005}.Debug|Win32.ActiveCfg = Debug|Win32
		{A4D13408-A794-4199-8FC7-4A9A32505005}.Debug|Win32.Build.0 = Debug|Win32
		{A4D13408-A794-4199-8FC7-4A9A32505005}.Debug|x64.ActiveCfg = Debug|x64
		{A4D13408-A794-4199-8FC7-4A9A32505005}.Debug|x64.Build.0 = Debug|x64
		{A4D13408-A794-4199-8FC7-4A9A32505005}.Release|Win32.ActiveCfg = Release|Win32
		{A4D13408-A794-4199-8FC7-4A9A32505005}.Release|Win32.Build.0 = Release|Win32
		{A4D13408-A794-4199-8FC7-4A9A32505005}.Release|x64.ActiveCfg = Release|x64
		{A4D13408-A794-4199-8FC7-4A9A32505005}.Release|x64.Build.0 = Release|x64
		{D233025A-231F-4A43-92B6-E87193C60ACC}.Debug|Win32.ActiveCfg = Debug|Win32
		{D233025A-231F-4A43-92B6-E87193C60ACC}.Debug|Win32.Build.0 = Debug|Win32
		{D233025A-231F-4A43-92B6-E87193C60ACC}.Debug|x64.ActiveCfg = Debug|Win32
		{D233025A-231F-4A43-92B6-E87193C60ACC}.Release|Win32.ActiveCfg = Release|Win32
		{D233025A-231F-4A43-92B6-E87193C60ACC}.Release|Win32.Build.0 = Release|Win32
		{D233025A-231F-4A43-92B6-E87193C60ACC}.Release|x64.ActiveCfg = Release|Win32
	EndGlobalSection
	GlobalSection(SolutionProperties) = preSolution
		HideSolutionNode = FALSE
	EndGlobalSection
	GlobalSection(NestedProjects) = preSolution
		{3326E128-33AF-422C-BB7C-67CC6B915610} = {AA8F7F8E-5377-4911-859D-8A8817B0DB26}
		{4BC6906B-213E-40D7-9FC7-1A93E228393D} = {AA8F7F8E-5377-4911-859D-8A8817B0DB26}
		{731BD205-2826-4631-B7AF-117658E88DBC} = {AA8F7F8E-5377-4911-859D-8A8817B0DB26}
		{17836496-31B0-46F2-B1B1-366D7DF6F04C} = {AA8F7F8E-5377-4911-859D-8A8817B0DB26}
		{1133A1CC-A9E5-4026-B20D-6A2987130D4E} = {0E0FCAC2-E128-4886-8EE6-1BCA84551F58}
		{B685BB34-D700-4FCC-8503-9B6AA1A0C95D} = {0E0FCAC2-E128-4886-8EE6-1BCA84551F58}
		{593B00E6-1987-415D-A62C-26533FC3E95C} = {0E0FCAC2-E128-4886-8EE6-1BCA84551F58}
		{E8D9A652-A354-4374-B6C5-A51EE62749FD} = {AA8F7F8E-5377-4911-859D-8A8817B0DB26}
	EndGlobalSection
EndGlobal
