
Microsoft Visual Studio Solution File, Format Version 12.00
# Visual Studio 2013
VisualStudioVersion = 12.0.31101.0
MinimumVisualStudioVersion = 10.0.40219.1
Project("{2150E333-8FDC-42A3-9474-1A3956D46DE8}") = "3rd Party", "3rd Party", "{AA8F7F8E-5377-4911-859D-8A8817B0DB26}"
EndProject
Project("{2150E333-8FDC-42A3-9474-1A3956D46DE8}") = "Utility", "Utility", "{3768C4C9-9E32-4EA6-99FD-FCE72C34B27F}"
EndProject
Project("{8BC9CEB8-8B4A-11D0-8D11-00A0C91BC942}") = "Common", "Source\Common\Common.vcxproj", "{B4A4B994-9111-42B1-93C2-6F1CA8BC4421}"
EndProject
Project("{8BC9CEB8-8B4A-11D0-8D11-00A0C91BC942}") = "Project64", "Source\Project64\Project64.vcxproj", "{7E534C8E-1ACE-4A88-8807-39A11ED4DA18}"
EndProject
Project("{8BC9CEB8-8B4A-11D0-8D11-00A0C91BC942}") = "RSP", "Source\RSP\RSP.vcxproj", "{A7ED562C-63F3-4B7E-B6B3-2CF7848752E1}"
EndProject
Project("{8BC9CEB8-8B4A-11D0-8D11-00A0C91BC942}") = "Settings", "Source\Settings\Settings.vcxproj", "{8B9961B1-88D9-4EA3-A752-507A00DD9F3D}"
EndProject
Project("{8BC9CEB8-8B4A-11D0-8D11-00A0C91BC942}") = "7zip", "Source\3rd Party\7zip\7zip.vcxproj", "{3326E128-33AF-422C-BB7C-67CC6B915610}"
EndProject
Project("{8BC9CEB8-8B4A-11D0-8D11-00A0C91BC942}") = "zlib", "Source\3rd Party\zlib\zlib.vcxproj", "{731BD205-2826-4631-B7AF-117658E88DBC}"
EndProject
Project("{8BC9CEB8-8B4A-11D0-8D11-00A0C91BC942}") = "Project64Setup", "Source\Installer\Installer.vcxproj", "{360A34F3-3172-4B09-8BC9-B3FBEE677863}"
EndProject
Project("{8BC9CEB8-8B4A-11D0-8D11-00A0C91BC942}") = "SortRdb", "Source\SortRdb\SortRdb.vcxproj", "{5788717F-E3D4-40CF-9637-3A2AEE85BB81}"
EndProject
Project("{8BC9CEB8-8B4A-11D0-8D11-00A0C91BC942}") = "WTL", "Source\3rd Party\WTL\WTL.vcxproj", "{4BC6906B-213E-40D7-9FC7-1A93E228393D}"
EndProject
Global
	GlobalSection(SolutionConfigurationPlatforms) = preSolution
		Beta Release|Win32 = Beta Release|Win32
		Debug|Win32 = Debug|Win32
		Release|Win32 = Release|Win32
	EndGlobalSection
	GlobalSection(ProjectConfigurationPlatforms) = postSolution
		{B4A4B994-9111-42B1-93C2-6F1CA8BC4421}.Beta Release|Win32.ActiveCfg = Release|Win32
		{B4A4B994-9111-42B1-93C2-6F1CA8BC4421}.Beta Release|Win32.Build.0 = Release|Win32
		{B4A4B994-9111-42B1-93C2-6F1CA8BC4421}.Debug|Win32.ActiveCfg = Debug|Win32
		{B4A4B994-9111-42B1-93C2-6F1CA8BC4421}.Debug|Win32.Build.0 = Debug|Win32
		{B4A4B994-9111-42B1-93C2-6F1CA8BC4421}.Release|Win32.ActiveCfg = Release|Win32
		{B4A4B994-9111-42B1-93C2-6F1CA8BC4421}.Release|Win32.Build.0 = Release|Win32
		{7E534C8E-1ACE-4A88-8807-39A11ED4DA18}.Beta Release|Win32.ActiveCfg = Beta Release|Win32
		{7E534C8E-1ACE-4A88-8807-39A11ED4DA18}.Beta Release|Win32.Build.0 = Beta Release|Win32
		{7E534C8E-1ACE-4A88-8807-39A11ED4DA18}.Debug|Win32.ActiveCfg = Debug|Win32
		{7E534C8E-1ACE-4A88-8807-39A11ED4DA18}.Debug|Win32.Build.0 = Debug|Win32
		{7E534C8E-1ACE-4A88-8807-39A11ED4DA18}.Release|Win32.ActiveCfg = Release|Win32
		{7E534C8E-1ACE-4A88-8807-39A11ED4DA18}.Release|Win32.Build.0 = Release|Win32
		{A7ED562C-63F3-4B7E-B6B3-2CF7848752E1}.Beta Release|Win32.ActiveCfg = Release|Win32
		{A7ED562C-63F3-4B7E-B6B3-2CF7848752E1}.Beta Release|Win32.Build.0 = Release|Win32
		{A7ED562C-63F3-4B7E-B6B3-2CF7848752E1}.Debug|Win32.ActiveCfg = Debug|Win32
		{A7ED562C-63F3-4B7E-B6B3-2CF7848752E1}.Debug|Win32.Build.0 = Debug|Win32
		{A7ED562C-63F3-4B7E-B6B3-2CF7848752E1}.Release|Win32.ActiveCfg = Release|Win32
		{A7ED562C-63F3-4B7E-B6B3-2CF7848752E1}.Release|Win32.Build.0 = Release|Win32
		{8B9961B1-88D9-4EA3-A752-507A00DD9F3D}.Beta Release|Win32.ActiveCfg = Release|Win32
		{8B9961B1-88D9-4EA3-A752-507A00DD9F3D}.Beta Release|Win32.Build.0 = Release|Win32
		{8B9961B1-88D9-4EA3-A752-507A00DD9F3D}.Debug|Win32.ActiveCfg = Debug|Win32
		{8B9961B1-88D9-4EA3-A752-507A00DD9F3D}.Debug|Win32.Build.0 = Debug|Win32
		{8B9961B1-88D9-4EA3-A752-507A00DD9F3D}.Release|Win32.ActiveCfg = Release|Win32
		{8B9961B1-88D9-4EA3-A752-507A00DD9F3D}.Release|Win32.Build.0 = Release|Win32
		{3326E128-33AF-422C-BB7C-67CC6B915610}.Beta Release|Win32.ActiveCfg = Release|Win32
		{3326E128-33AF-422C-BB7C-67CC6B915610}.Beta Release|Win32.Build.0 = Release|Win32
		{3326E128-33AF-422C-BB7C-67CC6B915610}.Debug|Win32.ActiveCfg = Debug|Win32
		{3326E128-33AF-422C-BB7C-67CC6B915610}.Debug|Win32.Build.0 = Debug|Win32
		{3326E128-33AF-422C-BB7C-67CC6B915610}.Release|Win32.ActiveCfg = Release|Win32
		{3326E128-33AF-422C-BB7C-67CC6B915610}.Release|Win32.Build.0 = Release|Win32
		{731BD205-2826-4631-B7AF-117658E88DBC}.Beta Release|Win32.ActiveCfg = Release|Win32
		{731BD205-2826-4631-B7AF-117658E88DBC}.Beta Release|Win32.Build.0 = Release|Win32
		{731BD205-2826-4631-B7AF-117658E88DBC}.Debug|Win32.ActiveCfg = Debug|Win32
		{731BD205-2826-4631-B7AF-117658E88DBC}.Debug|Win32.Build.0 = Debug|Win32
		{731BD205-2826-4631-B7AF-117658E88DBC}.Release|Win32.ActiveCfg = Release|Win32
		{731BD205-2826-4631-B7AF-117658E88DBC}.Release|Win32.Build.0 = Release|Win32
		{360A34F3-3172-4B09-8BC9-B3FBEE677863}.Beta Release|Win32.ActiveCfg = Release|Win32
		{360A34F3-3172-4B09-8BC9-B3FBEE677863}.Debug|Win32.ActiveCfg = Debug|Win32
		{360A34F3-3172-4B09-8BC9-B3FBEE677863}.Release|Win32.ActiveCfg = Release|Win32
		{360A34F3-3172-4B09-8BC9-B3FBEE677863}.Release|Win32.Build.0 = Release|Win32
		{5788717F-E3D4-40CF-9637-3A2AEE85BB81}.Beta Release|Win32.ActiveCfg = Release|Win32
		{5788717F-E3D4-40CF-9637-3A2AEE85BB81}.Beta Release|Win32.Build.0 = Release|Win32
		{5788717F-E3D4-40CF-9637-3A2AEE85BB81}.Debug|Win32.ActiveCfg = Debug|Win32
		{5788717F-E3D4-40CF-9637-3A2AEE85BB81}.Debug|Win32.Build.0 = Debug|Win32
		{5788717F-E3D4-40CF-9637-3A2AEE85BB81}.Release|Win32.ActiveCfg = Release|Win32
		{5788717F-E3D4-40CF-9637-3A2AEE85BB81}.Release|Win32.Build.0 = Release|Win32
		{4BC6906B-213E-40D7-9FC7-1A93E228393D}.Beta Release|Win32.ActiveCfg = Release|Win32
		{4BC6906B-213E-40D7-9FC7-1A93E228393D}.Beta Release|Win32.Build.0 = Release|Win32
		{4BC6906B-213E-40D7-9FC7-1A93E228393D}.Debug|Win32.ActiveCfg = Debug|Win32
		{4BC6906B-213E-40D7-9FC7-1A93E228393D}.Debug|Win32.Build.0 = Debug|Win32
		{4BC6906B-213E-40D7-9FC7-1A93E228393D}.Release|Win32.ActiveCfg = Release|Win32
		{4BC6906B-213E-40D7-9FC7-1A93E228393D}.Release|Win32.Build.0 = Release|Win32
	EndGlobalSection
	GlobalSection(SolutionProperties) = preSolution
		HideSolutionNode = FALSE
	EndGlobalSection
	GlobalSection(NestedProjects) = preSolution
		{3326E128-33AF-422C-BB7C-67CC6B915610} = {AA8F7F8E-5377-4911-859D-8A8817B0DB26}
		{731BD205-2826-4631-B7AF-117658E88DBC} = {AA8F7F8E-5377-4911-859D-8A8817B0DB26}
		{5788717F-E3D4-40CF-9637-3A2AEE85BB81} = {3768C4C9-9E32-4EA6-99FD-FCE72C34B27F}
		{4BC6906B-213E-40D7-9FC7-1A93E228393D} = {AA8F7F8E-5377-4911-859D-8A8817B0DB26}
	EndGlobalSection
EndGlobal
