
Microsoft Visual Studio Solution File, Format Version 10.00
# Visual Studio 2008
Project("{8BC9CEB8-8B4A-11D0-8D11-00A0C91BC942}") = "Common", "Source\Common\Common.vcproj", "{B4A4B994-9111-42B1-93C2-6F1CA8BC4421}"
EndProject
Project("{8BC9CEB8-8B4A-11D0-8D11-00A0C91BC942}") = "Project64", "Source\Project64\Project64.vcproj", "{7E534C8E-1ACE-4A88-8807-39A11ED4DA18}"
	ProjectSection(ProjectDependencies) = postProject
		{731BD205-2826-4631-B7AF-117658E88DBC} = {731BD205-2826-4631-B7AF-117658E88DBC}
		{3326E128-33AF-422C-BB7C-67CC6B915610} = {3326E128-33AF-422C-BB7C-67CC6B915610}
		{B4A4B994-9111-42B1-93C2-6F1CA8BC4421} = {B4A4B994-9111-42B1-93C2-6F1CA8BC4421}
	EndProjectSection
EndProject
Project("{8BC9CEB8-8B4A-11D0-8D11-00A0C91BC942}") = "RSP", "Source\RSP\RSP.vcproj", "{A7ED562C-63F3-4B7E-B6B3-2CF7848752E1}"
	ProjectSection(ProjectDependencies) = postProject
		{B4A4B994-9111-42B1-93C2-6F1CA8BC4421} = {B4A4B994-9111-42B1-93C2-6F1CA8BC4421}
		{8B9961B1-88D9-4EA3-A752-507A00DD9F3D} = {8B9961B1-88D9-4EA3-A752-507A00DD9F3D}
	EndProjectSection
EndProject
Project("{8BC9CEB8-8B4A-11D0-8D11-00A0C91BC942}") = "Settings", "Source\Settings\Settings.vcproj", "{8B9961B1-88D9-4EA3-A752-507A00DD9F3D}"
EndProject
Project("{8BC9CEB8-8B4A-11D0-8D11-00A0C91BC942}") = "7zip", "Source\3rd Party\7zip\7zip.vcproj", "{3326E128-33AF-422C-BB7C-67CC6B915610}"
EndProject
Project("{8BC9CEB8-8B4A-11D0-8D11-00A0C91BC942}") = "WTL", "Source\3rd Party\WTL\WTL.vcproj", "{4BC6906B-213E-40D7-9FC7-1A93E228393D}"
EndProject
Project("{8BC9CEB8-8B4A-11D0-8D11-00A0C91BC942}") = "zlib", "Source\3rd Party\zlib\zlib.vcproj", "{731BD205-2826-4631-B7AF-117658E88DBC}"
EndProject
Project("{8BC9CEB8-8B4A-11D0-8D11-00A0C91BC942}") = "Project64Setup", "Source\Installer\Installer.vcproj", "{360A34F3-3172-4B09-8BC9-B3FBEE677863}"
	ProjectSection(ProjectDependencies) = postProject
		{7E534C8E-1ACE-4A88-8807-39A11ED4DA18} = {7E534C8E-1ACE-4A88-8807-39A11ED4DA18}
	EndProjectSection
EndProject
Project("{8BC9CEB8-8B4A-11D0-8D11-00A0C91BC942}") = "Glide64", "Source\Glide64\Glide64.vcproj", "{A4D13408-A794-4199-8FC7-4A9A32505005}"
	ProjectSection(ProjectDependencies) = postProject
		{05B9CB11-12D1-47CD-8E4A-88E12162119B} = {05B9CB11-12D1-47CD-8E4A-88E12162119B}
		{93447136-FACD-4740-8F35-FC46FB4A9E82} = {93447136-FACD-4740-8F35-FC46FB4A9E82}
		{25A25249-C284-4C5A-8DC2-26FC3EB13703} = {25A25249-C284-4C5A-8DC2-26FC3EB13703}
		{427F1DCD-3BED-4010-9322-077A4C06D871} = {427F1DCD-3BED-4010-9322-077A4C06D871}
		{93CFEDF3-9A75-4484-B169-D9D8074F5AC2} = {93CFEDF3-9A75-4484-B169-D9D8074F5AC2}
	EndProjectSection
EndProject
Project("{8BC9CEB8-8B4A-11D0-8D11-00A0C91BC942}") = "core", "Source\3rd Party\wx\wx_core.vcproj", "{93447136-FACD-4740-8F35-FC46FB4A9E82}"
EndProject
Project("{2150E333-8FDC-42A3-9474-1A3956D46DE8}") = "3rd Party", "3rd Party", "{AA8F7F8E-5377-4911-859D-8A8817B0DB26}"
EndProject
Project("{2150E333-8FDC-42A3-9474-1A3956D46DE8}") = "wxWidgets", "wxWidgets", "{1379F817-7E3D-4F58-9C22-7E364E46E842}"
EndProject
Project("{8BC9CEB8-8B4A-11D0-8D11-00A0C91BC942}") = "base", "Source\3rd Party\wx\wx_base.vcproj", "{427F1DCD-3BED-4010-9322-077A4C06D871}"
EndProject
Project("{8BC9CEB8-8B4A-11D0-8D11-00A0C91BC942}") = "wxjpeg", "Source\3rd Party\wx\wx_wxjpeg.vcproj", "{93CFEDF3-9A75-4484-B169-D9D8074F5AC2}"
EndProject
Project("{8BC9CEB8-8B4A-11D0-8D11-00A0C91BC942}") = "wxpng", "Source\3rd Party\wx\wx_wxpng.vcproj", "{05B9CB11-12D1-47CD-8E4A-88E12162119B}"
EndProject
Project("{8BC9CEB8-8B4A-11D0-8D11-00A0C91BC942}") = "wxzlib", "Source\3rd Party\wx\wx_wxzlib.vcproj", "{25A25249-C284-4C5A-8DC2-26FC3EB13703}"
EndProject
Global
	GlobalSection(SolutionConfigurationPlatforms) = preSolution
		Beta Release|Win32 = Beta Release|Win32
		Debug|Win32 = Debug|Win32
		Release|Win32 = Release|Win32
	EndGlobalSection
	GlobalSection(ProjectConfigurationPlatforms) = postSolution
		{B4A4B994-9111-42B1-93C2-6F1CA8BC4421}.Beta Release|Win32.ActiveCfg = Release|Win32
		{B4A4B994-9111-42B1-93C2-6F1CA8BC4421}.Beta Release|Win32.Build.0 = Release|Win32
		{B4A4B994-9111-42B1-93C2-6F1CA8BC4421}.Debug|Win32.ActiveCfg = Debug|Win32
		{B4A4B994-9111-42B1-93C2-6F1CA8BC4421}.Debug|Win32.Build.0 = Debug|Win32
		{B4A4B994-9111-42B1-93C2-6F1CA8BC4421}.Release|Win32.ActiveCfg = Release|Win32
		{B4A4B994-9111-42B1-93C2-6F1CA8BC4421}.Release|Win32.Build.0 = Release|Win32
		{7E534C8E-1ACE-4A88-8807-39A11ED4DA18}.Beta Release|Win32.ActiveCfg = Beta Release|Win32
		{7E534C8E-1ACE-4A88-8807-39A11ED4DA18}.Beta Release|Win32.Build.0 = Beta Release|Win32
		{7E534C8E-1ACE-4A88-8807-39A11ED4DA18}.Debug|Win32.ActiveCfg = Debug|Win32
		{7E534C8E-1ACE-4A88-8807-39A11ED4DA18}.Debug|Win32.Build.0 = Debug|Win32
		{7E534C8E-1ACE-4A88-8807-39A11ED4DA18}.Release|Win32.ActiveCfg = Release|Win32
		{7E534C8E-1ACE-4A88-8807-39A11ED4DA18}.Release|Win32.Build.0 = Release|Win32
		{A7ED562C-63F3-4B7E-B6B3-2CF7848752E1}.Beta Release|Win32.ActiveCfg = Release|Win32
		{A7ED562C-63F3-4B7E-B6B3-2CF7848752E1}.Beta Release|Win32.Build.0 = Release|Win32
		{A7ED562C-63F3-4B7E-B6B3-2CF7848752E1}.Debug|Win32.ActiveCfg = Debug|Win32
		{A7ED562C-63F3-4B7E-B6B3-2CF7848752E1}.Debug|Win32.Build.0 = Debug|Win32
		{A7ED562C-63F3-4B7E-B6B3-2CF7848752E1}.Release|Win32.ActiveCfg = Release|Win32
		{A7ED562C-63F3-4B7E-B6B3-2CF7848752E1}.Release|Win32.Build.0 = Release|Win32
		{8B9961B1-88D9-4EA3-A752-507A00DD9F3D}.Beta Release|Win32.ActiveCfg = Release|Win32
		{8B9961B1-88D9-4EA3-A752-507A00DD9F3D}.Beta Release|Win32.Build.0 = Release|Win32
		{8B9961B1-88D9-4EA3-A752-507A00DD9F3D}.Debug|Win32.ActiveCfg = Debug|Win32
		{8B9961B1-88D9-4EA3-A752-507A00DD9F3D}.Debug|Win32.Build.0 = Debug|Win32
		{8B9961B1-88D9-4EA3-A752-507A00DD9F3D}.Release|Win32.ActiveCfg = Release|Win32
		{8B9961B1-88D9-4EA3-A752-507A00DD9F3D}.Release|Win32.Build.0 = Release|Win32
		{3326E128-33AF-422C-BB7C-67CC6B915610}.Beta Release|Win32.ActiveCfg = Release|Win32
		{3326E128-33AF-422C-BB7C-67CC6B915610}.Beta Release|Win32.Build.0 = Release|Win32
		{3326E128-33AF-422C-BB7C-67CC6B915610}.Debug|Win32.ActiveCfg = Debug|Win32
		{3326E128-33AF-422C-BB7C-67CC6B915610}.Debug|Win32.Build.0 = Debug|Win32
		{3326E128-33AF-422C-BB7C-67CC6B915610}.Release|Win32.ActiveCfg = Release|Win32
		{3326E128-33AF-422C-BB7C-67CC6B915610}.Release|Win32.Build.0 = Release|Win32
		{4BC6906B-213E-40D7-9FC7-1A93E228393D}.Beta Release|Win32.ActiveCfg = Release|Win32
		{4BC6906B-213E-40D7-9FC7-1A93E228393D}.Beta Release|Win32.Build.0 = Release|Win32
		{4BC6906B-213E-40D7-9FC7-1A93E228393D}.Debug|Win32.ActiveCfg = Debug|Win32
		{4BC6906B-213E-40D7-9FC7-1A93E228393D}.Debug|Win32.Build.0 = Debug|Win32
		{4BC6906B-213E-40D7-9FC7-1A93E228393D}.Release|Win32.ActiveCfg = Release|Win32
		{4BC6906B-213E-40D7-9FC7-1A93E228393D}.Release|Win32.Build.0 = Release|Win32
		{731BD205-2826-4631-B7AF-117658E88DBC}.Beta Release|Win32.ActiveCfg = Release|Win32
		{731BD205-2826-4631-B7AF-117658E88DBC}.Beta Release|Win32.Build.0 = Release|Win32
		{731BD205-2826-4631-B7AF-117658E88DBC}.Debug|Win32.ActiveCfg = Debug|Win32
		{731BD205-2826-4631-B7AF-117658E88DBC}.Debug|Win32.Build.0 = Debug|Win32
		{731BD205-2826-4631-B7AF-117658E88DBC}.Release|Win32.ActiveCfg = Release|Win32
		{731BD205-2826-4631-B7AF-117658E88DBC}.Release|Win32.Build.0 = Release|Win32
		{360A34F3-3172-4B09-8BC9-B3FBEE677863}.Beta Release|Win32.ActiveCfg = Release|Win32
		{360A34F3-3172-4B09-8BC9-B3FBEE677863}.Debug|Win32.ActiveCfg = Debug|Win32
		{360A34F3-3172-4B09-8BC9-B3FBEE677863}.Release|Win32.ActiveCfg = Release|Win32
		{360A34F3-3172-4B09-8BC9-B3FBEE677863}.Release|Win32.Build.0 = Release|Win32
		{A4D13408-A794-4199-8FC7-4A9A32505005}.Beta Release|Win32.ActiveCfg = Release|Win32
		{A4D13408-A794-4199-8FC7-4A9A32505005}.Beta Release|Win32.Build.0 = Release|Win32
		{A4D13408-A794-4199-8FC7-4A9A32505005}.Debug|Win32.ActiveCfg = Debug|Win32
		{A4D13408-A794-4199-8FC7-4A9A32505005}.Debug|Win32.Build.0 = Debug|Win32
		{A4D13408-A794-4199-8FC7-4A9A32505005}.Release|Win32.ActiveCfg = Release|Win32
		{A4D13408-A794-4199-8FC7-4A9A32505005}.Release|Win32.Build.0 = Release|Win32
		{93447136-FACD-4740-8F35-FC46FB4A9E82}.Beta Release|Win32.ActiveCfg = Release|Win32
		{93447136-FACD-4740-8F35-FC46FB4A9E82}.Beta Release|Win32.Build.0 = Release|Win32
		{93447136-FACD-4740-8F35-FC46FB4A9E82}.Debug|Win32.ActiveCfg = Debug|Win32
		{93447136-FACD-4740-8F35-FC46FB4A9E82}.Debug|Win32.Build.0 = Debug|Win32
		{93447136-FACD-4740-8F35-FC46FB4A9E82}.Release|Win32.ActiveCfg = Release|Win32
		{93447136-FACD-4740-8F35-FC46FB4A9E82}.Release|Win32.Build.0 = Release|Win32
		{427F1DCD-3BED-4010-9322-077A4C06D871}.Beta Release|Win32.ActiveCfg = Release|Win32
		{427F1DCD-3BED-4010-9322-077A4C06D871}.Beta Release|Win32.Build.0 = Release|Win32
		{427F1DCD-3BED-4010-9322-077A4C06D871}.Debug|Win32.ActiveCfg = Debug|Win32
		{427F1DCD-3BED-4010-9322-077A4C06D871}.Debug|Win32.Build.0 = Debug|Win32
		{427F1DCD-3BED-4010-9322-077A4C06D871}.Release|Win32.ActiveCfg = Release|Win32
		{427F1DCD-3BED-4010-9322-077A4C06D871}.Release|Win32.Build.0 = Release|Win32
		{93CFEDF3-9A75-4484-B169-D9D8074F5AC2}.Beta Release|Win32.ActiveCfg = Release|Win32
		{93CFEDF3-9A75-4484-B169-D9D8074F5AC2}.Beta Release|Win32.Build.0 = Release|Win32
		{93CFEDF3-9A75-4484-B169-D9D8074F5AC2}.Debug|Win32.ActiveCfg = Debug|Win32
		{93CFEDF3-9A75-4484-B169-D9D8074F5AC2}.Debug|Win32.Build.0 = Debug|Win32
		{93CFEDF3-9A75-4484-B169-D9D8074F5AC2}.Release|Win32.ActiveCfg = Release|Win32
		{93CFEDF3-9A75-4484-B169-D9D8074F5AC2}.Release|Win32.Build.0 = Release|Win32
		{05B9CB11-12D1-47CD-8E4A-88E12162119B}.Beta Release|Win32.ActiveCfg = Release|Win32
		{05B9CB11-12D1-47CD-8E4A-88E12162119B}.Beta Release|Win32.Build.0 = Release|Win32
		{05B9CB11-12D1-47CD-8E4A-88E12162119B}.Debug|Win32.ActiveCfg = Debug|Win32
		{05B9CB11-12D1-47CD-8E4A-88E12162119B}.Debug|Win32.Build.0 = Debug|Win32
		{05B9CB11-12D1-47CD-8E4A-88E12162119B}.Release|Win32.ActiveCfg = Release|Win32
		{05B9CB11-12D1-47CD-8E4A-88E12162119B}.Release|Win32.Build.0 = Release|Win32
		{25A25249-C284-4C5A-8DC2-26FC3EB13703}.Beta Release|Win32.ActiveCfg = Release|Win32
		{25A25249-C284-4C5A-8DC2-26FC3EB13703}.Beta Release|Win32.Build.0 = Release|Win32
		{25A25249-C284-4C5A-8DC2-26FC3EB13703}.Debug|Win32.ActiveCfg = Debug|Win32
		{25A25249-C284-4C5A-8DC2-26FC3EB13703}.Debug|Win32.Build.0 = Debug|Win32
		{25A25249-C284-4C5A-8DC2-26FC3EB13703}.Release|Win32.ActiveCfg = Release|Win32
		{25A25249-C284-4C5A-8DC2-26FC3EB13703}.Release|Win32.Build.0 = Release|Win32
	EndGlobalSection
	GlobalSection(SolutionProperties) = preSolution
		HideSolutionNode = FALSE
	EndGlobalSection
	GlobalSection(NestedProjects) = preSolution
		{4BC6906B-213E-40D7-9FC7-1A93E228393D} = {AA8F7F8E-5377-4911-859D-8A8817B0DB26}
		{731BD205-2826-4631-B7AF-117658E88DBC} = {AA8F7F8E-5377-4911-859D-8A8817B0DB26}
		{1379F817-7E3D-4F58-9C22-7E364E46E842} = {AA8F7F8E-5377-4911-859D-8A8817B0DB26}
		{3326E128-33AF-422C-BB7C-67CC6B915610} = {AA8F7F8E-5377-4911-859D-8A8817B0DB26}
		{93447136-FACD-4740-8F35-FC46FB4A9E82} = {1379F817-7E3D-4F58-9C22-7E364E46E842}
		{427F1DCD-3BED-4010-9322-077A4C06D871} = {1379F817-7E3D-4F58-9C22-7E364E46E842}
		{93CFEDF3-9A75-4484-B169-D9D8074F5AC2} = {1379F817-7E3D-4F58-9C22-7E364E46E842}
		{05B9CB11-12D1-47CD-8E4A-88E12162119B} = {1379F817-7E3D-4F58-9C22-7E364E46E842}
		{25A25249-C284-4C5A-8DC2-26FC3EB13703} = {1379F817-7E3D-4F58-9C22-7E364E46E842}
	EndGlobalSection
EndGlobal
