<?xml version="1.0" encoding="utf-8"?>
<Project ToolsVersion="4.0" xmlns="http://schemas.microsoft.com/developer/msbuild/2003">
  <ItemGroup>
    <Filter Include="ucode">
      <UniqueIdentifier>{27e3a0da-75ed-4f27-8b34-e688ef226011}</UniqueIdentifier>
    </Filter>
    <Filter Include="Texture">
      <UniqueIdentifier>{c3c04c2d-bf87-47c1-a72f-1ed2ca98d219}</UniqueIdentifier>
    </Filter>
    <Filter Include="Config">
      <UniqueIdentifier>{0e996a30-185f-4191-b77d-b88d86055b8c}</UniqueIdentifier>
    </Filter>
    <Filter Include="Doc">
      <UniqueIdentifier>{a8253215-16b6-4579-9f98-538ad5f4a6c3}</UniqueIdentifier>
      <Extensions>txt</Extensions>
    </Filter>
    <Filter Include="Icons">
      <UniqueIdentifier>{a4bb9cf1-305d-4c72-bb6e-c494301dcdad}</UniqueIdentifier>
    </Filter>
    <Filter Include="Res">
      <UniqueIdentifier>{f0e9ed7a-3046-4b82-a4b1-5f58e1fe7446}</UniqueIdentifier>
    </Filter>
    <Filter Include="Renderer">
      <UniqueIdentifier>{2f56a742-ee60-47e1-ae68-6d19d9be996a}</UniqueIdentifier>
    </Filter>
  </ItemGroup>
  <ItemGroup>
    <ClInclude Include="turbo3D.h">
      <Filter>ucode</Filter>
    </ClInclude>
    <ClInclude Include="ucode.h">
      <Filter>ucode</Filter>
    </ClInclude>
    <ClInclude Include="ucode00.h">
      <Filter>ucode</Filter>
    </ClInclude>
    <ClInclude Include="ucode01.h">
      <Filter>ucode</Filter>
    </ClInclude>
    <ClInclude Include="ucode02.h">
      <Filter>ucode</Filter>
    </ClInclude>
    <ClInclude Include="ucode03.h">
      <Filter>ucode</Filter>
    </ClInclude>
    <ClInclude Include="ucode04.h">
      <Filter>ucode</Filter>
    </ClInclude>
    <ClInclude Include="ucode05.h">
      <Filter>ucode</Filter>
    </ClInclude>
    <ClInclude Include="ucode06.h">
      <Filter>ucode</Filter>
    </ClInclude>
    <ClInclude Include="ucode07.h">
      <Filter>ucode</Filter>
    </ClInclude>
    <ClInclude Include="ucode08.h">
      <Filter>ucode</Filter>
    </ClInclude>
    <ClInclude Include="ucode09.h">
      <Filter>ucode</Filter>
    </ClInclude>
    <ClInclude Include="ucode09rdp.h">
      <Filter>ucode</Filter>
    </ClInclude>
    <ClInclude Include="ucodeFB.h">
      <Filter>ucode</Filter>
    </ClInclude>
    <ClInclude Include="CRC.h">
      <Filter>Texture</Filter>
    </ClInclude>
    <ClInclude Include="MiClWr16b.h">
      <Filter>Texture</Filter>
    </ClInclude>
    <ClInclude Include="MiClWr32b.h">
      <Filter>Texture</Filter>
    </ClInclude>
    <ClInclude Include="MiClWr8b.h">
      <Filter>Texture</Filter>
    </ClInclude>
    <ClInclude Include="TexCache.h">
      <Filter>Texture</Filter>
    </ClInclude>
    <ClInclude Include="TexConv.h">
      <Filter>Texture</Filter>
    </ClInclude>
    <ClInclude Include="TexLoad.h">
      <Filter>Texture</Filter>
    </ClInclude>
    <ClInclude Include="TexLoad16b.h">
      <Filter>Texture</Filter>
    </ClInclude>
    <ClInclude Include="TexLoad32b.h">
      <Filter>Texture</Filter>
    </ClInclude>
    <ClInclude Include="TexLoad4b.h">
      <Filter>Texture</Filter>
    </ClInclude>
    <ClInclude Include="TexLoad8b.h">
      <Filter>Texture</Filter>
    </ClInclude>
    <ClInclude Include="TexMod.h">
      <Filter>Texture</Filter>
    </ClInclude>
    <ClInclude Include="TexModCI.h">
      <Filter>Texture</Filter>
    </ClInclude>
    <ClInclude Include="Config.h">
      <Filter>Config</Filter>
    </ClInclude>
    <ClInclude Include="cursor.h">
      <Filter>Res</Filter>
    </ClInclude>
    <ClInclude Include="font.h">
      <Filter>Res</Filter>
    </ClInclude>
    <ClInclude Include="resource.h">
      <Filter>Res</Filter>
    </ClInclude>
    <ClInclude Include="3dmath.h" />
    <ClInclude Include="Combine.h" />
    <ClInclude Include="Debugger.h" />
    <ClInclude Include="DepthBufferRender.h" />
    <ClInclude Include="Ext_TxFilter.h" />
    <ClInclude Include="FBtoScreen.h" />
    <ClInclude Include="GlideExtensions.h" />
    <ClInclude Include="rdp.h" />
    <ClInclude Include="TexBuffer.h" />
    <ClInclude Include="Util.h" />
    <ClInclude Include="Version.h" />
    <ClInclude Include="Gfx_1.3.h" />
    <ClInclude Include="trace.h" />
    <ClInclude Include="Settings.h" />
    <ClInclude Include="SettingsID.h" />
    <ClInclude Include="ScreenResolution.h" />
    <ClInclude Include="TextureEnhancer\Ext_TxFilter.h" />
    <ClInclude Include="TextureEnhancer\tc-1.1+\dxtn.h" />
    <ClInclude Include="TextureEnhancer\tc-1.1+\fxt1.h" />
    <ClInclude Include="TextureEnhancer\tc-1.1+\internal.h" />
    <ClInclude Include="TextureEnhancer\tc-1.1+\types.h" />
    <ClInclude Include="TextureEnhancer\TextureFilters.h" />
    <ClInclude Include="TextureEnhancer\TextureFilters_2xsai.h" />
    <ClInclude Include="TextureEnhancer\TextureFilters_hq2x.h" />
    <ClInclude Include="TextureEnhancer\TextureFilters_hq4x.h" />
    <ClInclude Include="TextureEnhancer\TextureFilters_lq2x.h" />
    <ClInclude Include="TextureEnhancer\TxCache.h" />
    <ClInclude Include="TextureEnhancer\TxDbg.h" />
    <ClInclude Include="TextureEnhancer\TxFilter.h" />
    <ClInclude Include="TextureEnhancer\TxHiResCache.h" />
    <ClInclude Include="TextureEnhancer\TxImage.h" />
    <ClInclude Include="TextureEnhancer\TxInternal.h" />
    <ClInclude Include="TextureEnhancer\TxQuantize.h" />
    <ClInclude Include="TextureEnhancer\TxReSample.h" />
    <ClInclude Include="TextureEnhancer\TxTexCache.h" />
    <ClInclude Include="TextureEnhancer\TxUtil.h" />
    <ClInclude Include="Renderer\Renderer.h">
      <Filter>Renderer</Filter>
    </ClInclude>
    <ClInclude Include="Renderer\types.h">
      <Filter>Renderer</Filter>
    </ClInclude>
    <ClInclude Include="F3DTEXA.h">
      <Filter>ucode</Filter>
    </ClInclude>
    <ClInclude Include="Renderer\glitchmain.h">
      <Filter>Renderer</Filter>
    </ClInclude>
  </ItemGroup>
  <ItemGroup>
    <ClCompile Include="CRC.cpp">
      <Filter>Texture</Filter>
    </ClCompile>
    <ClCompile Include="TexCache.cpp">
      <Filter>Texture</Filter>
    </ClCompile>
    <ClCompile Include="Config.cpp">
      <Filter>Config</Filter>
    </ClCompile>
    <ClCompile Include="3dmath.cpp" />
    <ClCompile Include="Combine.cpp" />
    <ClCompile Include="Debugger.cpp" />
    <ClCompile Include="DepthBufferRender.cpp" />
    <ClCompile Include="Ext_TxFilter.cpp" />
    <ClCompile Include="FBtoScreen.cpp" />
    <ClCompile Include="Main.cpp" />
    <ClCompile Include="rdp.cpp" />
    <ClCompile Include="TexBuffer.cpp" />
    <ClCompile Include="Util.cpp" />
    <ClCompile Include="trace.cpp" />
    <ClCompile Include="Settings.cpp" />
    <ClCompile Include="ScreenResolution.cpp" />
    <ClCompile Include="Android.cpp" />
    <ClCompile Include="TextureEnhancer\tc-1.1+\dxtn.c" />
    <ClCompile Include="TextureEnhancer\tc-1.1+\fxt1.c" />
    <ClCompile Include="TextureEnhancer\tc-1.1+\texstore.c" />
    <ClCompile Include="TextureEnhancer\tc-1.1+\wrapper.c" />
    <ClCompile Include="TextureEnhancer\TextureFilters.cpp" />
    <ClCompile Include="TextureEnhancer\TextureFilters_2xsai.cpp" />
    <ClCompile Include="TextureEnhancer\TextureFilters_hq2x.cpp" />
    <ClCompile Include="TextureEnhancer\TextureFilters_hq4x.cpp" />
    <ClCompile Include="TextureEnhancer\TxCache.cpp" />
    <ClCompile Include="TextureEnhancer\TxDbg.cpp" />
    <ClCompile Include="TextureEnhancer\TxFilter.cpp" />
    <ClCompile Include="TextureEnhancer\TxFilterExport.cpp" />
    <ClCompile Include="TextureEnhancer\TxHiResCache.cpp" />
    <ClCompile Include="TextureEnhancer\TxImage.cpp" />
    <ClCompile Include="TextureEnhancer\TxQuantize.cpp" />
    <ClCompile Include="TextureEnhancer\TxReSample.cpp" />
    <ClCompile Include="TextureEnhancer\TxTexCache.cpp" />
    <ClCompile Include="TextureEnhancer\TxUtil.cpp" />
    <ClCompile Include="Renderer\OGLcombiner.cpp">
      <Filter>Renderer</Filter>
    </ClCompile>
    <ClCompile Include="Renderer\OGLgeometry.cpp">
      <Filter>Renderer</Filter>
    </ClCompile>
    <ClCompile Include="Renderer\OGLglitchmain.cpp">
      <Filter>Renderer</Filter>
    </ClCompile>
    <ClCompile Include="Renderer\OGLtextures.cpp">
      <Filter>Renderer</Filter>
    </ClCompile>
    <ClCompile Include="Renderer\OGLEScombiner.cpp">
      <Filter>Renderer</Filter>
    </ClCompile>
    <ClCompile Include="Renderer\OGLESgeometry.cpp">
      <Filter>Renderer</Filter>
    </ClCompile>
    <ClCompile Include="Renderer\OGLESglitchmain.cpp">
      <Filter>Renderer</Filter>
    </ClCompile>
    <ClCompile Include="Renderer\OGLEStextures.cpp">
      <Filter>Renderer</Filter>
    </ClCompile>
    <ClCompile Include="Renderer\OGLESwrappers.cpp">
      <Filter>Renderer</Filter>
    </ClCompile>
    <ClCompile Include="turbo3D.cpp">
      <Filter>ucode</Filter>
    </ClCompile>
    <ClCompile Include="ucode.cpp">
      <Filter>ucode</Filter>
    </ClCompile>
    <ClCompile Include="ucode00.cpp">
      <Filter>ucode</Filter>
    </ClCompile>
    <ClCompile Include="ucode01.cpp">
      <Filter>ucode</Filter>
    </ClCompile>
    <ClCompile Include="ucode02.cpp">
      <Filter>ucode</Filter>
    </ClCompile>
    <ClCompile Include="ucode03.cpp">
      <Filter>ucode</Filter>
    </ClCompile>
    <ClCompile Include="ucode04.cpp">
      <Filter>ucode</Filter>
    </ClCompile>
    <ClCompile Include="ucode05.cpp">
      <Filter>ucode</Filter>
    </ClCompile>
    <ClCompile Include="ucode06.cpp">
      <Filter>ucode</Filter>
    </ClCompile>
    <ClCompile Include="ucode07.cpp">
      <Filter>ucode</Filter>
    </ClCompile>
    <ClCompile Include="ucode08.cpp">
      <Filter>ucode</Filter>
    </ClCompile>
    <ClCompile Include="ucode09.cpp">
      <Filter>ucode</Filter>
    </ClCompile>
    <ClCompile Include="ucode09rdp.cpp">
      <Filter>ucode</Filter>
    </ClCompile>
    <ClCompile Include="ucodeFB.cpp">
      <Filter>ucode</Filter>
    </ClCompile>
    <ClCompile Include="Renderer\Renderer.cpp">
      <Filter>Renderer</Filter>
    </ClCompile>
    <ClCompile Include="F3DTEXA.cpp">
      <Filter>ucode</Filter>
    </ClCompile>
  </ItemGroup>
  <ItemGroup>
    <Text Include="gpl.txt">
      <Filter>Doc</Filter>
    </Text>
  </ItemGroup>
  <ItemGroup>
    <None Include="australia.xpm">
      <Filter>Icons</Filter>
    </None>
    <None Include="brazil.xpm">
      <Filter>Icons</Filter>
    </None>
    <None Include="france.xpm">
      <Filter>Icons</Filter>
    </None>
    <None Include="japan.xpm">
      <Filter>Icons</Filter>
    </None>
    <None Include="logo.xpm">
      <Filter>Icons</Filter>
    </None>
    <None Include="russia.xpm">
      <Filter>Icons</Filter>
    </None>
    <None Include="usa.xpm">
      <Filter>Icons</Filter>
    </None>
  </ItemGroup>
  <ItemGroup>
    <ResourceCompile Include="Project64-video.rc">
      <Filter>Res</Filter>
    </ResourceCompile>
  </ItemGroup>
</Project>