<?xml version="1.0" encoding="utf-8"?>
<Project ToolsVersion="4.0" xmlns="http://schemas.microsoft.com/developer/msbuild/2003">
  <ItemGroup>
    <ClCompile Include="Source\src\GLideNHQ\TextureFilters_2xsai.cpp">
      <Filter>Source Files</Filter>
    </ClCompile>
    <ClCompile Include="Source\src\GLideNHQ\TextureFilters_hq2x.cpp">
      <Filter>Source Files</Filter>
    </ClCompile>
    <ClCompile Include="Source\src\GLideNHQ\TextureFilters_hq4x.cpp">
      <Filter>Source Files</Filter>
    </ClCompile>
    <ClCompile Include="Source\src\GLideNHQ\TxCache.cpp">
      <Filter>Source Files</Filter>
    </ClCompile>
    <ClCompile Include="Source\src\GLideNHQ\TxDbg.cpp">
      <Filter>Source Files</Filter>
    </ClCompile>
    <ClCompile Include="Source\src\GLideNHQ\TxFilter.cpp">
      <Filter>Source Files</Filter>
    </ClCompile>
    <ClCompile Include="Source\src\GLideNHQ\TxFilterExport.cpp">
      <Filter>Source Files</Filter>
    </ClCompile>
    <ClCompile Include="Source\src\GLideNHQ\TxHiResLoader.cpp">
      <Filter>Source Files</Filter>
    </ClCompile>
    <ClCompile Include="Source\src\GLideNHQ\TxHiResCache.cpp">
      <Filter>Source Files</Filter>
    </ClCompile>
    <ClCompile Include="Source\src\GLideNHQ\TxHiResNoCache.cpp">
      <Filter>Source Files</Filter>
    </ClCompile>
    <ClCompile Include="Source\src\GLideNHQ\TxImage.cpp">
      <Filter>Source Files</Filter>
    </ClCompile>
    <ClCompile Include="Source\src\GLideNHQ\TxQuantize.cpp">
      <Filter>Source Files</Filter>
    </ClCompile>
    <ClCompile Include="Source\src\GLideNHQ\TxReSample.cpp">
      <Filter>Source Files</Filter>
    </ClCompile>
    <ClCompile Include="Source\src\GLideNHQ\TxTexCache.cpp">
      <Filter>Source Files</Filter>
    </ClCompile>
    <ClCompile Include="Source\src\GLideNHQ\TxUtil.cpp">
      <Filter>Source Files</Filter>
    </ClCompile>
    <ClCompile Include="Source\src\GLideNHQ\TextureFilters_xbrz.cpp">
      <Filter>Source Files</Filter>
    </ClCompile>
    <ClCompile Include="Source\src\GLideNHQ\TextureFilters.cpp">
      <Filter>Source Files</Filter>
    </ClCompile>
  </ItemGroup>
  <ItemGroup>
    <Filter Include="Source Files">
      <UniqueIdentifier>{33102939-F957-4BA3-A93C-F47F30765004}</UniqueIdentifier>
    </Filter>
  </ItemGroup>
</Project>