<?xml version="1.0" encoding="utf-8"?>
<Project ToolsVersion="4.0" xmlns="http://schemas.microsoft.com/developer/msbuild/2003">
  <ItemGroup>
    <Filter Include="Source Files">
      <UniqueIdentifier>{4FC737F1-C7A5-4376-A066-2A32D752A2FF}</UniqueIdentifier>
      <Extensions>cpp;c;cc;cxx;def;odl;idl;hpj;bat;asm;asmx</Extensions>
    </Filter>
    <Filter Include="Header Files">
      <UniqueIdentifier>{93995380-89BD-4b04-88EB-625FBE52EBFB}</UniqueIdentifier>
      <Extensions>h;hpp;hxx;hm;inl;inc;xsd</Extensions>
    </Filter>
    <Filter Include="Resource Files">
      <UniqueIdentifier>{67DA6AB6-F800-4c08-8B7A-83BB121AAD01}</UniqueIdentifier>
      <Extensions>rc;ico;cur;bmp;dlg;rc2;rct;bin;rgs;gif;jpg;jpeg;jpe;resx;tiff;tif;png;wav</Extensions>
    </Filter>
    <Filter Include="Source Files\Multilanguage">
      <UniqueIdentifier>{79bf4b75-4a28-4d09-a1ff-ba8d94c3bd6a}</UniqueIdentifier>
    </Filter>
    <Filter Include="Header Files\Multilanguage">
      <UniqueIdentifier>{727ca617-08a9-456c-be66-91f287495874}</UniqueIdentifier>
    </Filter>
    <Filter Include="Source Files\Settings">
      <UniqueIdentifier>{3066447b-6324-41a3-a220-25e86d06ecb7}</UniqueIdentifier>
    </Filter>
    <Filter Include="Header Files\Settings">
      <UniqueIdentifier>{2245e08f-c941-4a72-8456-c23f5c7b8084}</UniqueIdentifier>
    </Filter>
    <Filter Include="Header Files\Settings\SettingType">
      <UniqueIdentifier>{5247fbf4-b36d-4fae-a307-e1f260323444}</UniqueIdentifier>
    </Filter>
    <Filter Include="Source Files\Settings\SettingType">
      <UniqueIdentifier>{a13e8feb-8c4c-463f-8c4e-bcd9c8d8bac7}</UniqueIdentifier>
    </Filter>
    <Filter Include="Header Files\N64 System">
      <UniqueIdentifier>{9ac6fa7e-446a-4954-8bf7-4597925ebc28}</UniqueIdentifier>
    </Filter>
    <Filter Include="Source Files\N64 System">
      <UniqueIdentifier>{b55114a3-4311-4d2b-9bd6-586bc5d7430c}</UniqueIdentifier>
    </Filter>
    <Filter Include="Header Files\Plugins">
      <UniqueIdentifier>{e3f8ea19-e06b-47a7-8d69-14a0c1cfa8f1}</UniqueIdentifier>
    </Filter>
    <Filter Include="Header Files\N64 System\Mips">
      <UniqueIdentifier>{febaabe1-9838-4211-970d-2af9a003ef8f}</UniqueIdentifier>
    </Filter>
    <Filter Include="Source Files\N64 System\Mips">
      <UniqueIdentifier>{a1b6e544-b421-41c3-9298-2d2c3680d077}</UniqueIdentifier>
    </Filter>
    <Filter Include="Header Files\N64 System\Recompiler">
      <UniqueIdentifier>{ef7fa35e-b30c-4ec8-9a6c-9e019ac01827}</UniqueIdentifier>
    </Filter>
    <Filter Include="Source Files\N64 System\Recompiler">
      <UniqueIdentifier>{0ea653e0-6dcc-4d95-87f2-a488a6012094}</UniqueIdentifier>
    </Filter>
    <Filter Include="Header Files\N64 System\Interpreter">
      <UniqueIdentifier>{aed6cf1c-b7c0-43e8-8d47-91c7b9dfd936}</UniqueIdentifier>
    </Filter>
    <Filter Include="Source Files\N64 System\Interpreter">
      <UniqueIdentifier>{22470874-76c8-4c5b-bbf2-d054e022422a}</UniqueIdentifier>
    </Filter>
    <Filter Include="Source Files\3rd Party">
      <UniqueIdentifier>{609b09f8-142c-4090-a682-27095d71c8ab}</UniqueIdentifier>
    </Filter>
    <Filter Include="Header Files\3rd Party">
      <UniqueIdentifier>{d92afe8c-f660-4a4d-b5bc-7785de1f14d3}</UniqueIdentifier>
    </Filter>
    <Filter Include="Header Files\3rd Party\Zlib">
      <UniqueIdentifier>{1478740a-b66b-41bd-833c-917c0cb85047}</UniqueIdentifier>
    </Filter>
    <Filter Include="Source Files\Rom List">
      <UniqueIdentifier>{1cc42db5-377e-4882-9afa-4e6b2a3e389d}</UniqueIdentifier>
    </Filter>
    <Filter Include="Header Files\Rom List">
      <UniqueIdentifier>{1030356f-55d6-4fef-9ee2-64c45b9c8ff2}</UniqueIdentifier>
    </Filter>
    <Filter Include="Source Files\N64 System\Recompiler\x86">
      <UniqueIdentifier>{84d10022-4b24-4ba2-bfef-f85d16dfdc09}</UniqueIdentifier>
    </Filter>
    <Filter Include="Header Files\N64 System\Recompiler\x86">
      <UniqueIdentifier>{b6d9fd3a-e8e5-42a2-8bcc-8fa430dd8aaa}</UniqueIdentifier>
    </Filter>
    <Filter Include="Source Files\N64 System\Recompiler\Arm">
      <UniqueIdentifier>{cf6a56ff-5e83-49c8-af46-2d0eb9ff5abe}</UniqueIdentifier>
    </Filter>
    <Filter Include="Header Files\N64 System\Recompiler\Arm">
      <UniqueIdentifier>{98453fda-8903-4074-8c4c-831c3f2bd63d}</UniqueIdentifier>
    </Filter>
    <Filter Include="Source Files\N64 System\Enhancement">
      <UniqueIdentifier>{8fb36b94-03cc-4d51-96c9-bc4c475e54fc}</UniqueIdentifier>
    </Filter>
    <Filter Include="Header Files\N64 System\Enhancement">
      <UniqueIdentifier>{ec73ae9e-54e8-4cbe-93fb-1d98d6755619}</UniqueIdentifier>
    </Filter>
    <Filter Include="Header Files\N64 System\MemoryHandler">
      <UniqueIdentifier>{3e6f4352-4933-4138-bbed-1094b988638e}</UniqueIdentifier>
    </Filter>
    <Filter Include="Source Files\N64 System\MemoryHandler">
      <UniqueIdentifier>{f32cf723-4acb-4d3d-9bd9-05823579f8dd}</UniqueIdentifier>
    </Filter>
    <Filter Include="Source Files\N64 System\Plugins">
      <UniqueIdentifier>{ac92e812-22e1-4a1a-8dd5-5055073c882c}</UniqueIdentifier>
    </Filter>
    <Filter Include="Header Files\N64 System\SaveType">
      <UniqueIdentifier>{2413bbc1-6766-4c13-8a6f-da8840d096dd}</UniqueIdentifier>
    </Filter>
    <Filter Include="Source Files\N64 System\SaveType">
      <UniqueIdentifier>{f058be82-aec4-4e3d-a163-2eec0aa64feb}</UniqueIdentifier>
    </Filter>
    <Filter Include="Header Files\Plugin Spec">
      <UniqueIdentifier>{a29536c1-cda4-43b0-b3c6-12a24f42be64}</UniqueIdentifier>
    </Filter>
    <Filter Include="Header Files\N64 System\Recompiler\x64-86">
      <UniqueIdentifier>{ec8602cf-3980-4a8e-8cac-25f9ad4f7a42}</UniqueIdentifier>
    </Filter>
    <Filter Include="Header Files\N64 System\Recompiler\Aarch64">
      <UniqueIdentifier>{ae9f1045-e15e-4a27-8891-937c7608ee06}</UniqueIdentifier>
    </Filter>
    <Filter Include="Source Files\N64 System\Recompiler\x64-86">
      <UniqueIdentifier>{56644680-2b82-4343-8619-660b68685cba}</UniqueIdentifier>
    </Filter>
  </ItemGroup>
  <ItemGroup>
    <ClCompile Include="stdafx.cpp">
      <Filter>Source Files</Filter>
    </ClCompile>
    <ClCompile Include="AppInit.cpp">
      <Filter>Source Files</Filter>
    </ClCompile>
    <ClCompile Include="Settings\SettingType\SettingsType-Application.cpp">
      <Filter>Source Files\Settings\SettingType</Filter>
    </ClCompile>
    <ClCompile Include="Settings\SettingType\SettingsType-ApplicationIndex.cpp">
      <Filter>Source Files\Settings\SettingType</Filter>
    </ClCompile>
    <ClCompile Include="Settings\SettingType\SettingsType-ApplicationPath.cpp">
      <Filter>Source Files\Settings\SettingType</Filter>
    </ClCompile>
    <ClCompile Include="Settings\SettingType\SettingsType-GameSetting.cpp">
      <Filter>Source Files\Settings\SettingType</Filter>
    </ClCompile>
    <ClCompile Include="Settings\SettingType\SettingsType-GameSettingIndex.cpp">
      <Filter>Source Files\Settings\SettingType</Filter>
    </ClCompile>
    <ClCompile Include="Settings\SettingType\SettingsType-RDBCpuType.cpp">
      <Filter>Source Files\Settings\SettingType</Filter>
    </ClCompile>
    <ClCompile Include="Settings\SettingType\SettingsType-RDBOnOff.cpp">
      <Filter>Source Files\Settings\SettingType</Filter>
    </ClCompile>
    <ClCompile Include="Settings\SettingType\SettingsType-RDBRamSize.cpp">
      <Filter>Source Files\Settings\SettingType</Filter>
    </ClCompile>
    <ClCompile Include="Settings\SettingType\SettingsType-RDBSaveChip.cpp">
      <Filter>Source Files\Settings\SettingType</Filter>
    </ClCompile>
    <ClCompile Include="Settings\SettingType\SettingsType-RDBYesNo.cpp">
      <Filter>Source Files\Settings\SettingType</Filter>
    </ClCompile>
    <ClCompile Include="Settings\SettingType\SettingsType-RelativePath.cpp">
      <Filter>Source Files\Settings\SettingType</Filter>
    </ClCompile>
    <ClCompile Include="Settings\SettingType\SettingsType-RomDatabase.cpp">
      <Filter>Source Files\Settings\SettingType</Filter>
    </ClCompile>
    <ClCompile Include="Settings\SettingType\SettingsType-RomDatabaseIndex.cpp">
      <Filter>Source Files\Settings\SettingType</Filter>
    </ClCompile>
    <ClCompile Include="Settings\SettingType\SettingsType-RomDatabaseSetting.cpp">
      <Filter>Source Files\Settings\SettingType</Filter>
    </ClCompile>
    <ClCompile Include="Settings\SettingType\SettingsType-SelectedDirectory.cpp">
      <Filter>Source Files\Settings\SettingType</Filter>
    </ClCompile>
    <ClCompile Include="Settings\SettingType\SettingsType-TempBool.cpp">
      <Filter>Source Files\Settings\SettingType</Filter>
    </ClCompile>
    <ClCompile Include="Settings\SettingType\SettingsType-TempNumber.cpp">
      <Filter>Source Files\Settings\SettingType</Filter>
    </ClCompile>
    <ClCompile Include="Settings\SettingType\SettingsType-TempString.cpp">
      <Filter>Source Files\Settings\SettingType</Filter>
    </ClCompile>
    <ClCompile Include="logging.cpp">
      <Filter>Source Files</Filter>
    </ClCompile>
    <ClCompile Include="3rdParty\7zip.cpp">
      <Filter>Source Files\3rd Party</Filter>
    </ClCompile>
    <ClCompile Include="Settings\DebugSettings.cpp">
      <Filter>Source Files\Settings</Filter>
    </ClCompile>
    <ClCompile Include="Settings\GameSettings.cpp">
      <Filter>Source Files\Settings</Filter>
    </ClCompile>
    <ClCompile Include="Settings\LoggingSettings.cpp">
      <Filter>Source Files\Settings</Filter>
    </ClCompile>
    <ClCompile Include="Settings\N64SystemSettings.cpp">
      <Filter>Source Files\Settings</Filter>
    </ClCompile>
    <ClCompile Include="Settings\RecompilerSettings.cpp">
      <Filter>Source Files\Settings</Filter>
    </ClCompile>
    <ClCompile Include="Plugins\AudioPlugin.cpp">
      <Filter>Source Files\N64 System\Plugins</Filter>
    </ClCompile>
    <ClCompile Include="Plugins\ControllerPlugin.cpp">
      <Filter>Source Files\N64 System\Plugins</Filter>
    </ClCompile>
    <ClCompile Include="Plugins\GFXPlugin.cpp">
      <Filter>Source Files\N64 System\Plugins</Filter>
    </ClCompile>
    <ClCompile Include="Plugins\PluginBase.cpp">
      <Filter>Source Files\N64 System\Plugins</Filter>
    </ClCompile>
    <ClCompile Include="Plugins\Plugin.cpp">
      <Filter>Source Files\N64 System\Plugins</Filter>
    </ClCompile>
    <ClCompile Include="Plugins\RSPPlugin.cpp">
      <Filter>Source Files\N64 System\Plugins</Filter>
    </ClCompile>
    <ClCompile Include="N64System\EmulationThread.cpp">
      <Filter>Source Files\N64 System</Filter>
    </ClCompile>
    <ClCompile Include="N64System\FramePerSecond.cpp">
      <Filter>Source Files\N64 System</Filter>
    </ClCompile>
    <ClCompile Include="N64System\N64System.cpp">
      <Filter>Source Files\N64 System</Filter>
    </ClCompile>
    <ClCompile Include="N64System\Profiling.cpp">
      <Filter>Source Files\N64 System</Filter>
    </ClCompile>
    <ClCompile Include="N64System\SpeedLimiter.cpp">
      <Filter>Source Files\N64 System</Filter>
    </ClCompile>
    <ClCompile Include="N64System\SystemGlobals.cpp">
      <Filter>Source Files\N64 System</Filter>
    </ClCompile>
    <ClCompile Include="N64System\Recompiler\CodeBlock.cpp">
      <Filter>Source Files\N64 System\Recompiler</Filter>
    </ClCompile>
    <ClCompile Include="N64System\Recompiler\CodeSection.cpp">
      <Filter>Source Files\N64 System\Recompiler</Filter>
    </ClCompile>
    <ClCompile Include="N64System\Recompiler\FunctionInfo.cpp">
      <Filter>Source Files\N64 System\Recompiler</Filter>
    </ClCompile>
    <ClCompile Include="N64System\Recompiler\FunctionMap.cpp">
      <Filter>Source Files\N64 System\Recompiler</Filter>
    </ClCompile>
    <ClCompile Include="N64System\Recompiler\LoopAnalysis.cpp">
      <Filter>Source Files\N64 System\Recompiler</Filter>
    </ClCompile>
    <ClCompile Include="N64System\Recompiler\Recompiler.cpp">
      <Filter>Source Files\N64 System\Recompiler</Filter>
    </ClCompile>
    <ClCompile Include="N64System\Recompiler\RecompilerMemory.cpp">
      <Filter>Source Files\N64 System\Recompiler</Filter>
    </ClCompile>
    <ClCompile Include="N64System\Mips\MemoryVirtualMem.cpp">
      <Filter>Source Files\N64 System\Mips</Filter>
    </ClCompile>
    <ClCompile Include="N64System\Mips\Mempak.cpp">
      <Filter>Source Files\N64 System\Mips</Filter>
    </ClCompile>
    <ClCompile Include="N64System\Mips\PifRam.cpp">
      <Filter>Source Files\N64 System\Mips</Filter>
    </ClCompile>
    <ClCompile Include="N64System\Mips\Register.cpp">
      <Filter>Source Files\N64 System\Mips</Filter>
    </ClCompile>
    <ClCompile Include="N64System\Mips\Rumblepak.cpp">
      <Filter>Source Files\N64 System\Mips</Filter>
    </ClCompile>
    <ClCompile Include="N64System\Mips\SystemEvents.cpp">
      <Filter>Source Files\N64 System\Mips</Filter>
    </ClCompile>
    <ClCompile Include="N64System\Mips\SystemTiming.cpp">
      <Filter>Source Files\N64 System\Mips</Filter>
    </ClCompile>
    <ClCompile Include="N64System\Mips\TLB.cpp">
      <Filter>Source Files\N64 System\Mips</Filter>
    </ClCompile>
    <ClCompile Include="N64System\Interpreter\InterpreterCPU.cpp">
      <Filter>Source Files\N64 System\Interpreter</Filter>
    </ClCompile>
    <ClCompile Include="N64System\Interpreter\InterpreterOps.cpp">
      <Filter>Source Files\N64 System\Interpreter</Filter>
    </ClCompile>
    <ClCompile Include="N64System\Interpreter\InterpreterOps32.cpp">
      <Filter>Source Files\N64 System\Interpreter</Filter>
    </ClCompile>
    <ClCompile Include="Multilanguage\Language.cpp">
      <Filter>Source Files\Multilanguage</Filter>
    </ClCompile>
    <ClCompile Include="N64System\Mips\Disk.cpp">
      <Filter>Source Files\N64 System\Mips</Filter>
    </ClCompile>
    <ClCompile Include="N64System\N64Disk.cpp">
      <Filter>Source Files\N64 System</Filter>
    </ClCompile>
    <ClCompile Include="N64System\Mips\GBCart.cpp">
      <Filter>Source Files\N64 System\Mips</Filter>
    </ClCompile>
    <ClCompile Include="N64System\Mips\Transferpak.cpp">
      <Filter>Source Files\N64 System\Mips</Filter>
    </ClCompile>
    <ClCompile Include="RomList\RomList.cpp">
      <Filter>Source Files\Rom List</Filter>
    </ClCompile>
    <ClCompile Include="N64System\Recompiler\x86\x86RecompilerOps.cpp">
      <Filter>Source Files\N64 System\Recompiler\x86</Filter>
    </ClCompile>
    <ClCompile Include="N64System\Recompiler\x86\x86ops.cpp">
      <Filter>Source Files\N64 System\Recompiler\x86</Filter>
    </ClCompile>
    <ClCompile Include="N64System\Recompiler\x86\x86RegInfo.cpp">
      <Filter>Source Files\N64 System\Recompiler\x86</Filter>
    </ClCompile>
    <ClCompile Include="MemoryExceptionFilter.cpp">
      <Filter>Source Files</Filter>
    </ClCompile>
    <ClCompile Include="N64System\Recompiler\RegBase.cpp">
      <Filter>Source Files\N64 System\Recompiler</Filter>
    </ClCompile>
    <ClCompile Include="N64System\Recompiler\Arm\ArmOps.cpp">
      <Filter>Source Files\N64 System\Recompiler\Arm</Filter>
    </ClCompile>
    <ClCompile Include="N64System\Recompiler\Arm\ArmRecompilerOps.cpp">
      <Filter>Source Files\N64 System\Recompiler\Arm</Filter>
    </ClCompile>
    <ClCompile Include="N64System\Recompiler\Arm\ArmRegInfo.cpp">
      <Filter>Source Files\N64 System\Recompiler\Arm</Filter>
    </ClCompile>
    <ClCompile Include="Settings.cpp">
      <Filter>Source Files</Filter>
    </ClCompile>
    <ClCompile Include="N64System\Enhancement\EnhancementFile.cpp">
      <Filter>Source Files\N64 System\Enhancement</Filter>
    </ClCompile>
    <ClCompile Include="N64System\Enhancement\Enhancement.cpp">
      <Filter>Source Files\N64 System\Enhancement</Filter>
    </ClCompile>
    <ClCompile Include="N64System\Enhancement\Enhancements.cpp">
      <Filter>Source Files\N64 System\Enhancement</Filter>
    </ClCompile>
    <ClCompile Include="N64System\Enhancement\EnhancementList.cpp">
      <Filter>Source Files\N64 System\Enhancement</Filter>
    </ClCompile>
    <ClCompile Include="N64System\N64Rom.cpp">
      <Filter>Source Files</Filter>
    </ClCompile>
    <ClCompile Include="N64System\MemoryHandler\RDRAMInterfaceHandler.cpp">
      <Filter>Source Files\N64 System\MemoryHandler</Filter>
    </ClCompile>
    <ClCompile Include="N64System\MemoryHandler\PeripheralInterfaceHandler.cpp">
      <Filter>Source Files\N64 System\MemoryHandler</Filter>
    </ClCompile>
    <ClCompile Include="N64System\MemoryHandler\SPRegistersHandler.cpp">
      <Filter>Source Files\N64 System\MemoryHandler</Filter>
    </ClCompile>
    <ClCompile Include="N64System\MemoryHandler\RDRAMRegistersHandler.cpp">
      <Filter>Source Files\N64 System\MemoryHandler</Filter>
    </ClCompile>
    <ClCompile Include="N64System\MemoryHandler\DisplayControlRegHandler.cpp">
      <Filter>Source Files\N64 System\MemoryHandler</Filter>
    </ClCompile>
    <ClCompile Include="N64System\MemoryHandler\MIPSInterfaceHandler.cpp">
      <Filter>Source Files\N64 System\MemoryHandler</Filter>
    </ClCompile>
    <ClCompile Include="N64System\MemoryHandler\VideoInterfaceHandler.cpp">
      <Filter>Source Files\N64 System\MemoryHandler</Filter>
    </ClCompile>
    <ClCompile Include="N64System\MemoryHandler\AudioInterfaceHandler.cpp">
      <Filter>Source Files\N64 System\MemoryHandler</Filter>
    </ClCompile>
    <ClCompile Include="N64System\MemoryHandler\SerialInterfaceHandler.cpp">
      <Filter>Source Files\N64 System\MemoryHandler</Filter>
    </ClCompile>
    <ClCompile Include="N64System\MemoryHandler\CartridgeDomain2Address1Handler.cpp">
      <Filter>Source Files\N64 System\MemoryHandler</Filter>
    </ClCompile>
    <ClCompile Include="N64System\MemoryHandler\RomMemoryHandler.cpp">
      <Filter>Source Files\N64 System\MemoryHandler</Filter>
    </ClCompile>
    <ClCompile Include="N64System\MemoryHandler\PifRamHandler.cpp">
      <Filter>Source Files\N64 System\MemoryHandler</Filter>
    </ClCompile>
    <ClCompile Include="N64System\SaveType\Eeprom.cpp">
      <Filter>Source Files\N64 System\SaveType</Filter>
    </ClCompile>
    <ClCompile Include="N64System\SaveType\FlashRam.cpp">
      <Filter>Source Files\N64 System\SaveType</Filter>
    </ClCompile>
    <ClCompile Include="N64System\SaveType\Sram.cpp">
      <Filter>Source Files\N64 System\SaveType</Filter>
    </ClCompile>
    <ClCompile Include="N64System\MemoryHandler\CartridgeDomain1Address1Handler.cpp">
      <Filter>Source Files\N64 System\MemoryHandler</Filter>
    </ClCompile>
    <ClCompile Include="N64System\MemoryHandler\CartridgeDomain1Address3Handler.cpp">
      <Filter>Source Files\N64 System\MemoryHandler</Filter>
    </ClCompile>
    <ClCompile Include="N64System\MemoryHandler\CartridgeDomain2Address2Handler.cpp">
      <Filter>Source Files\N64 System\MemoryHandler</Filter>
    </ClCompile>
    <ClCompile Include="N64System\Mips\R4300iInstruction.cpp">
      <Filter>Source Files\N64 System\Mips</Filter>
    </ClCompile>
    <ClCompile Include="N64System\MemoryHandler\ISViewerHandler.cpp">
      <Filter>Source Files\N64 System\MemoryHandler</Filter>
    </ClCompile>
    <ClCompile Include="N64System\Recompiler\ExitInfo.cpp">
      <Filter>Source Files\N64 System\Recompiler</Filter>
    </ClCompile>
    <ClCompile Include="N64System\Recompiler\JumpInfo.cpp">
      <Filter>Source Files\N64 System\Recompiler</Filter>
    </ClCompile>
    <ClCompile Include="N64System\Recompiler\x64-86\x64RecompilerOps.cpp">
      <Filter>Source Files\N64 System\Recompiler\x64-86</Filter>
    </ClCompile>
    <ClCompile Include="N64System\Recompiler\x64-86\x64ops.cpp">
      <Filter>Source Files\N64 System\Recompiler\x64-86</Filter>
    </ClCompile>
    <ClCompile Include="N64System\Recompiler\x64-86\x64RegInfo.cpp">
      <Filter>Source Files\N64 System\Recompiler\x64-86</Filter>
    </ClCompile>
  </ItemGroup>
  <ItemGroup>
    <ClInclude Include="stdafx.h">
      <Filter>Header Files</Filter>
    </ClInclude>
    <ClInclude Include="AppInit.h">
      <Filter>Header Files</Filter>
    </ClInclude>
    <ClInclude Include="Multilanguage\Language.h">
      <Filter>Header Files\Multilanguage</Filter>
    </ClInclude>
    <ClInclude Include="Settings\SettingType\SettingsType-Application.h">
      <Filter>Header Files\Settings\SettingType</Filter>
    </ClInclude>
    <ClInclude Include="Settings\SettingType\SettingsType-ApplicationIndex.h">
      <Filter>Header Files\Settings\SettingType</Filter>
    </ClInclude>
    <ClInclude Include="Settings\SettingType\SettingsType-ApplicationPath.h">
      <Filter>Header Files\Settings\SettingType</Filter>
    </ClInclude>
    <ClInclude Include="Settings\SettingType\SettingsType-Base.h">
      <Filter>Header Files\Settings\SettingType</Filter>
    </ClInclude>
    <ClInclude Include="Settings\SettingType\SettingsType-GameSetting.h">
      <Filter>Header Files\Settings\SettingType</Filter>
    </ClInclude>
    <ClInclude Include="Settings\SettingType\SettingsType-GameSettingIndex.h">
      <Filter>Header Files\Settings\SettingType</Filter>
    </ClInclude>
    <ClInclude Include="Settings\SettingType\SettingsType-RDBCpuType.h">
      <Filter>Header Files\Settings\SettingType</Filter>
    </ClInclude>
    <ClInclude Include="Settings\SettingType\SettingsType-RDBOnOff.h">
      <Filter>Header Files\Settings\SettingType</Filter>
    </ClInclude>
    <ClInclude Include="Settings\SettingType\SettingsType-RDBRamSize.h">
      <Filter>Header Files\Settings\SettingType</Filter>
    </ClInclude>
    <ClInclude Include="Settings\SettingType\SettingsType-RDBSaveChip.h">
      <Filter>Header Files\Settings\SettingType</Filter>
    </ClInclude>
    <ClInclude Include="Settings\SettingType\SettingsType-RDBYesNo.h">
      <Filter>Header Files\Settings\SettingType</Filter>
    </ClInclude>
    <ClInclude Include="Settings\SettingType\SettingsType-RelativePath.h">
      <Filter>Header Files\Settings\SettingType</Filter>
    </ClInclude>
    <ClInclude Include="Settings\SettingType\SettingsType-RomDatabase.h">
      <Filter>Header Files\Settings\SettingType</Filter>
    </ClInclude>
    <ClInclude Include="Settings\SettingType\SettingsType-RomDatabaseIndex.h">
      <Filter>Header Files\Settings\SettingType</Filter>
    </ClInclude>
    <ClInclude Include="Settings\SettingType\SettingsType-RomDatabaseSetting.h">
      <Filter>Header Files\Settings\SettingType</Filter>
    </ClInclude>
    <ClInclude Include="Settings\SettingType\SettingsType-RomSetting.h">
      <Filter>Header Files\Settings\SettingType</Filter>
    </ClInclude>
    <ClInclude Include="Settings\SettingType\SettingsType-SelectedDirectory.h">
      <Filter>Header Files\Settings\SettingType</Filter>
    </ClInclude>
    <ClInclude Include="Settings\SettingType\SettingsType-TempBool.h">
      <Filter>Header Files\Settings\SettingType</Filter>
    </ClInclude>
    <ClInclude Include="Settings\SettingType\SettingsType-TempNumber.h">
      <Filter>Header Files\Settings\SettingType</Filter>
    </ClInclude>
    <ClInclude Include="Settings\SettingType\SettingsType-TempString.h">
      <Filter>Header Files\Settings\SettingType</Filter>
    </ClInclude>
    <ClInclude Include="Notification.h">
      <Filter>Header Files</Filter>
    </ClInclude>
    <ClInclude Include="Plugins\Plugin.h">
      <Filter>Header Files\Plugins</Filter>
    </ClInclude>
    <ClInclude Include="Plugins\AudioPlugin.h">
      <Filter>Header Files\Plugins</Filter>
    </ClInclude>
    <ClInclude Include="Plugins\ControllerPlugin.h">
      <Filter>Header Files\Plugins</Filter>
    </ClInclude>
    <ClInclude Include="Plugins\GFXPlugin.h">
      <Filter>Header Files\Plugins</Filter>
    </ClInclude>
    <ClInclude Include="Plugins\PluginBase.h">
      <Filter>Header Files\Plugins</Filter>
    </ClInclude>
    <ClInclude Include="Plugins\RSPPlugin.h">
      <Filter>Header Files\Plugins</Filter>
    </ClInclude>
    <ClInclude Include="Settings\DebugSettings.h">
      <Filter>Header Files\Settings</Filter>
    </ClInclude>
    <ClInclude Include="Settings\GameSettings.h">
      <Filter>Header Files\Settings</Filter>
    </ClInclude>
    <ClInclude Include="Settings\N64SystemSettings.h">
      <Filter>Header Files\Settings</Filter>
    </ClInclude>
    <ClInclude Include="Multilanguage.h">
      <Filter>Header Files</Filter>
    </ClInclude>
    <ClInclude Include="Plugin.h">
      <Filter>Header Files</Filter>
    </ClInclude>
    <ClInclude Include="Settings\RecompilerSettings.h">
      <Filter>Header Files\Settings</Filter>
    </ClInclude>
    <ClInclude Include="3rdParty\7zip.h">
      <Filter>Header Files\3rd Party</Filter>
    </ClInclude>
    <ClInclude Include="3rdParty\zip.h">
      <Filter>Header Files\3rd Party</Filter>
    </ClInclude>
    <ClInclude Include="..\3rdParty\zlib\zconf.h">
      <Filter>Header Files\3rd Party\Zlib</Filter>
    </ClInclude>
    <ClInclude Include="..\3rdParty\zlib\zlib.h">
      <Filter>Header Files\3rd Party\Zlib</Filter>
    </ClInclude>
    <ClInclude Include="..\3rdParty\zlib\contrib\minizip\unzip.h">
      <Filter>Header Files\3rd Party\Zlib</Filter>
    </ClInclude>
    <ClInclude Include="..\3rdParty\zlib\contrib\minizip\zip.h">
      <Filter>Header Files\3rd Party\Zlib</Filter>
    </ClInclude>
    <ClInclude Include="Logging.h">
      <Filter>Header Files</Filter>
    </ClInclude>
    <ClInclude Include="Settings\LoggingSettings.h">
      <Filter>Header Files\Settings</Filter>
    </ClInclude>
    <ClInclude Include="N64System\FramePerSecond.h">
      <Filter>Header Files\N64 System</Filter>
    </ClInclude>
    <ClInclude Include="N64System\N64System.h">
      <Filter>Header Files\N64 System</Filter>
    </ClInclude>
    <ClInclude Include="N64System\N64Rom.h">
      <Filter>Header Files\N64 System</Filter>
    </ClInclude>
    <ClInclude Include="N64System\N64Types.h">
      <Filter>Header Files\N64 System</Filter>
    </ClInclude>
    <ClInclude Include="N64System\Profiling.h">
      <Filter>Header Files\N64 System</Filter>
    </ClInclude>
    <ClInclude Include="N64System\SystemGlobals.h">
      <Filter>Header Files\N64 System</Filter>
    </ClInclude>
    <ClInclude Include="N64System\Recompiler\CodeBlock.h">
      <Filter>Header Files\N64 System\Recompiler</Filter>
    </ClInclude>
    <ClInclude Include="N64System\Recompiler\CodeSection.h">
      <Filter>Header Files\N64 System\Recompiler</Filter>
    </ClInclude>
    <ClInclude Include="N64System\Recompiler\ExitInfo.h">
      <Filter>Header Files\N64 System\Recompiler</Filter>
    </ClInclude>
    <ClInclude Include="N64System\Recompiler\FunctionInfo.h">
      <Filter>Header Files\N64 System\Recompiler</Filter>
    </ClInclude>
    <ClInclude Include="N64System\Recompiler\FunctionMap.h">
      <Filter>Header Files\N64 System\Recompiler</Filter>
    </ClInclude>
    <ClInclude Include="N64System\Recompiler\JumpInfo.h">
      <Filter>Header Files\N64 System\Recompiler</Filter>
    </ClInclude>
    <ClInclude Include="N64System\Recompiler\LoopAnalysis.h">
      <Filter>Header Files\N64 System\Recompiler</Filter>
    </ClInclude>
    <ClInclude Include="N64System\Recompiler\RecompilerMemory.h">
      <Filter>Header Files\N64 System\Recompiler</Filter>
    </ClInclude>
    <ClInclude Include="N64System\Recompiler\RecompilerOps.h">
      <Filter>Header Files\N64 System\Recompiler</Filter>
    </ClInclude>
    <ClInclude Include="N64System\Recompiler\RegInfo.h">
      <Filter>Header Files\N64 System\Recompiler</Filter>
    </ClInclude>
    <ClInclude Include="N64System\Recompiler\SectionInfo.h">
      <Filter>Header Files\N64 System\Recompiler</Filter>
    </ClInclude>
    <ClInclude Include="N64System\Mips\Eeprom.h">
      <Filter>Header Files\N64 System\Mips</Filter>
    </ClInclude>
    <ClInclude Include="N64System\Mips\FlashRam.h">
      <Filter>Header Files\N64 System\Mips</Filter>
    </ClInclude>
    <ClInclude Include="N64System\Mips\MemoryVirtualMem.h">
      <Filter>Header Files\N64 System\Mips</Filter>
    </ClInclude>
    <ClInclude Include="N64System\Mips\Mempak.H">
      <Filter>Header Files\N64 System\Mips</Filter>
    </ClInclude>
    <ClInclude Include="N64System\Mips\PifRam.h">
      <Filter>Header Files\N64 System\Mips</Filter>
    </ClInclude>
    <ClInclude Include="N64System\Mips\Register.h">
      <Filter>Header Files\N64 System\Mips</Filter>
    </ClInclude>
    <ClInclude Include="N64System\Mips\Rumblepak.h">
      <Filter>Header Files\N64 System\Mips</Filter>
    </ClInclude>
    <ClInclude Include="N64System\Mips\Sram.h">
      <Filter>Header Files\N64 System\Mips</Filter>
    </ClInclude>
    <ClInclude Include="N64System\Mips\SystemEvents.h">
      <Filter>Header Files\N64 System\Mips</Filter>
    </ClInclude>
    <ClInclude Include="N64System\Mips\SystemTiming.h">
      <Filter>Header Files\N64 System\Mips</Filter>
    </ClInclude>
    <ClInclude Include="N64System\Mips\TLB.h">
      <Filter>Header Files\N64 System\Mips</Filter>
    </ClInclude>
    <ClInclude Include="N64System\Mips\TranslateVaddr.h">
      <Filter>Header Files\N64 System\Mips</Filter>
    </ClInclude>
    <ClInclude Include="N64System\Interpreter\InterpreterCPU.h">
      <Filter>Header Files\N64 System\Interpreter</Filter>
    </ClInclude>
    <ClInclude Include="N64System\Interpreter\InterpreterOps32.h">
      <Filter>Header Files\N64 System\Interpreter</Filter>
    </ClInclude>
    <ClInclude Include="N64System\Interpreter\InterpreterOps.h">
      <Filter>Header Files\N64 System\Interpreter</Filter>
    </ClInclude>
    <ClInclude Include="N64System\SpeedLimiter.h">
      <Filter>Header Files\N64 System</Filter>
    </ClInclude>
    <ClInclude Include="TraceModulesProject64.h">
      <Filter>Header Files</Filter>
    </ClInclude>
    <ClInclude Include="ExceptionHandler.h">
      <Filter>Header Files</Filter>
    </ClInclude>
    <ClInclude Include="N64System\Mips\Disk.h">
      <Filter>Header Files\N64 System\Mips</Filter>
    </ClInclude>
    <ClInclude Include="N64System\N64Disk.h">
      <Filter>Header Files\N64 System</Filter>
    </ClInclude>
    <ClInclude Include="N64System\Mips\Transferpak.h">
      <Filter>Header Files\N64 System\Mips</Filter>
    </ClInclude>
    <ClInclude Include="N64System\Mips\GBCart.h">
      <Filter>Header Files\N64 System\Mips</Filter>
    </ClInclude>
    <ClInclude Include="RomList\RomList.h">
      <Filter>Header Files\Rom List</Filter>
    </ClInclude>
    <ClInclude Include="N64System\Recompiler\x86\x86RecompilerOps.h">
      <Filter>Header Files\N64 System\Recompiler\x86</Filter>
    </ClInclude>
    <ClInclude Include="N64System\Recompiler\x86\x86ops.h">
      <Filter>Header Files\N64 System\Recompiler\x86</Filter>
    </ClInclude>
    <ClInclude Include="N64System\Recompiler\x86\x86RegInfo.h">
      <Filter>Header Files\N64 System\Recompiler\x86</Filter>
    </ClInclude>
    <ClInclude Include="N64System\Recompiler\Arm\ArmOpCode.h">
      <Filter>Header Files\N64 System\Recompiler\Arm</Filter>
    </ClInclude>
    <ClInclude Include="N64System\Recompiler\Arm\ArmOps.h">
      <Filter>Header Files\N64 System\Recompiler\Arm</Filter>
    </ClInclude>
    <ClInclude Include="N64System\Recompiler\Arm\ArmRecompilerOps.h">
      <Filter>Header Files\N64 System\Recompiler\Arm</Filter>
    </ClInclude>
    <ClInclude Include="N64System\Recompiler\Arm\ArmRegInfo.h">
      <Filter>Header Files\N64 System\Recompiler\Arm</Filter>
    </ClInclude>
    <ClInclude Include="N64System\Recompiler\RegBase.h">
      <Filter>Header Files</Filter>
    </ClInclude>
    <ClInclude Include="Debugger.h">
      <Filter>Header Files</Filter>
    </ClInclude>
    <ClInclude Include="Settings.h">
      <Filter>Header Files</Filter>
    </ClInclude>
    <ClInclude Include="Settings\SettingsID.h">
      <Filter>Header Files\Settings</Filter>
    </ClInclude>
    <ClInclude Include="N64System\Enhancement\EnhancementFile.h">
      <Filter>Header Files\N64 System\Enhancement</Filter>
    </ClInclude>
    <ClInclude Include="N64System\Enhancement\Enhancement.h">
      <Filter>Header Files\N64 System\Enhancement</Filter>
    </ClInclude>
    <ClInclude Include="N64System\Enhancement\Enhancements.h">
      <Filter>Header Files\N64 System\Enhancement</Filter>
    </ClInclude>
    <ClInclude Include="N64System\Enhancement\EnhancementList.h">
      <Filter>Header Files\N64 System\Enhancement</Filter>
    </ClInclude>
    <ClInclude Include="N64System\MemoryHandler\RDRAMInterfaceHandler.h">
      <Filter>Header Files\N64 System\MemoryHandler</Filter>
    </ClInclude>
    <ClInclude Include="N64System\MemoryHandler\MemoryHandler.h">
      <Filter>Header Files\N64 System\MemoryHandler</Filter>
    </ClInclude>
    <ClInclude Include="N64System\MemoryHandler\PeripheralInterfaceHandler.h">
      <Filter>Header Files\N64 System\MemoryHandler</Filter>
    </ClInclude>
    <ClInclude Include="N64System\Recompiler\Recompiler.h">
      <Filter>Header Files\N64 System\Recompiler</Filter>
    </ClInclude>
    <ClInclude Include="N64System\MemoryHandler\SPRegistersHandler.h">
      <Filter>Header Files\N64 System\MemoryHandler</Filter>
    </ClInclude>
    <ClInclude Include="N64System\MemoryHandler\RDRAMRegistersHandler.h">
      <Filter>Header Files\N64 System\MemoryHandler</Filter>
    </ClInclude>
    <ClInclude Include="N64System\MemoryHandler\DisplayControlRegHandler.h">
      <Filter>Header Files\N64 System\MemoryHandler</Filter>
    </ClInclude>
    <ClInclude Include="N64System\MemoryHandler\MIPSInterfaceHandler.h">
      <Filter>Header Files\N64 System\MemoryHandler</Filter>
    </ClInclude>
    <ClInclude Include="N64System\MemoryHandler\VideoInterfaceHandler.h">
      <Filter>Header Files\N64 System\MemoryHandler</Filter>
    </ClInclude>
    <ClInclude Include="N64System\MemoryHandler\AudioInterfaceHandler.h">
      <Filter>Header Files\N64 System\MemoryHandler</Filter>
    </ClInclude>
    <ClInclude Include="N64System\MemoryHandler\SerialInterfaceHandler.h">
      <Filter>Header Files\N64 System\MemoryHandler</Filter>
    </ClInclude>
    <ClInclude Include="N64System\MemoryHandler\CartridgeDomain2Address1Handler.h">
      <Filter>Header Files\N64 System\MemoryHandler</Filter>
    </ClInclude>
    <ClInclude Include="N64System\MemoryHandler\RomMemoryHandler.h">
      <Filter>Header Files\N64 System\MemoryHandler</Filter>
    </ClInclude>
    <ClInclude Include="N64System\MemoryHandler\PifRamHandler.h">
      <Filter>Header Files\N64 System\MemoryHandler</Filter>
    </ClInclude>
    <ClInclude Include="N64System\SaveType\Eeprom.h">
      <Filter>Header Files\N64 System\SaveType</Filter>
    </ClInclude>
    <ClInclude Include="N64System\SaveType\FlashRam.h">
      <Filter>Header Files\N64 System\SaveType</Filter>
    </ClInclude>
    <ClInclude Include="N64System\SaveType\Sram.h">
      <Filter>Header Files\N64 System\SaveType</Filter>
    </ClInclude>
    <ClInclude Include="N64System\MemoryHandler\CartridgeDomain1Address1Handler.h">
      <Filter>Header Files\N64 System\MemoryHandler</Filter>
    </ClInclude>
    <ClInclude Include="N64System\MemoryHandler\CartridgeDomain1Address3Handler.h">
      <Filter>Header Files\N64 System\MemoryHandler</Filter>
    </ClInclude>
    <ClInclude Include="N64System\MemoryHandler\CartridgeDomain2Address2Handler.h">
      <Filter>Header Files\N64 System\MemoryHandler</Filter>
    </ClInclude>
    <ClInclude Include="..\Project64-plugin-spec\Base.h">
      <Filter>Header Files\Plugin Spec</Filter>
    </ClInclude>
    <ClInclude Include="..\Project64-plugin-spec\Video.h">
      <Filter>Header Files\Plugin Spec</Filter>
    </ClInclude>
    <ClInclude Include="..\Project64-plugin-spec\Audio.h">
      <Filter>Header Files\Plugin Spec</Filter>
    </ClInclude>
    <ClInclude Include="..\Project64-plugin-spec\Input.h">
      <Filter>Header Files\Plugin Spec</Filter>
    </ClInclude>
    <ClInclude Include="..\Project64-plugin-spec\Rsp.h">
      <Filter>Header Files\Plugin Spec</Filter>
    </ClInclude>
    <ClInclude Include="N64System\Mips\R4300iInstruction.h">
      <Filter>Header Files\N64 System\Mips</Filter>
    </ClInclude>
    <ClInclude Include="N64System\Mips\R4300iOpcode.h">
      <Filter>Header Files\N64 System\Mips</Filter>
    </ClInclude>
    <ClInclude Include="N64System\MemoryHandler\ISViewerHandler.h">
      <Filter>Header Files\N64 System\MemoryHandler</Filter>
    </ClInclude>
    <ClInclude Include="N64System\Recompiler\x64-86\x64RegInfo.h">
      <Filter>Header Files\N64 System\Recompiler\x64-86</Filter>
    </ClInclude>
    <ClInclude Include="N64System\Recompiler\Aarch64\Aarch64RegInfo.h">
      <Filter>Header Files\N64 System\Recompiler\Aarch64</Filter>
    </ClInclude>
    <ClInclude Include="N64System\Recompiler\x64-86\x64RecompilerOps.h">
      <Filter>Header Files\N64 System\Recompiler\x64-86</Filter>
    </ClInclude>
    <ClInclude Include="N64System\Recompiler\x64-86\x64ops.h">
      <Filter>Header Files\N64 System\Recompiler\x64-86</Filter>
    </ClInclude>
  </ItemGroup>
  <ItemGroup>
    <None Include="Version.h.in">
      <Filter>Resource Files</Filter>
    </None>
  </ItemGroup>
</Project>