<?xml version="1.0" encoding="utf-8"?>
<Project ToolsVersion="4.0" xmlns="http://schemas.microsoft.com/developer/msbuild/2003">
  <ItemGroup>
    <Filter Include="Source Files">
      <UniqueIdentifier>{16751561-a71a-4530-b680-12328cc84f7f}</UniqueIdentifier>
      <Extensions>cpp;c;cxx;rc;def;r;odl;idl;hpj;bat</Extensions>
    </Filter>
    <Filter Include="Source Files\Settings Files">
      <UniqueIdentifier>{6cf9454e-aaa3-40b5-a083-1b93dd9badac}</UniqueIdentifier>
    </Filter>
    <Filter Include="Source Files\Settings Files\Setting Types Files">
      <UniqueIdentifier>{a68db801-cd2c-4005-971d-9688680c1c97}</UniqueIdentifier>
    </Filter>
    <Filter Include="Source Files\User Interface Source">
      <UniqueIdentifier>{3664bdeb-05de-4ccc-9b59-684c12473e93}</UniqueIdentifier>
    </Filter>
    <Filter Include="Source Files\User Interface Source\Settings Source">
      <UniqueIdentifier>{5f0d2051-fdb4-4794-9754-131d25c8a433}</UniqueIdentifier>
    </Filter>
    <Filter Include="Source Files\User Interface Source\WTL Controls Source">
      <UniqueIdentifier>{dda4eef3-f37c-4168-9c5a-db0760347549}</UniqueIdentifier>
    </Filter>
    <Filter Include="Source Files\User Interface Source\Debugger Source">
      <UniqueIdentifier>{bd9c165e-e0bc-4fee-9072-da3a4648c704}</UniqueIdentifier>
    </Filter>
    <Filter Include="Source Files\Multilanguage Source">
      <UniqueIdentifier>{6a951fbf-2a97-4801-8abd-1db7682ef37c}</UniqueIdentifier>
    </Filter>
    <Filter Include="Source Files\N64 System Source">
      <UniqueIdentifier>{ce56243a-75dd-4ff8-bb5e-056dfd7d086a}</UniqueIdentifier>
    </Filter>
    <Filter Include="Source Files\N64 System Source\Mips Source">
      <UniqueIdentifier>{4dce69ac-8b6c-485a-9ddb-d59639067735}</UniqueIdentifier>
    </Filter>
    <Filter Include="Source Files\N64 System Source\C Core Source">
      <UniqueIdentifier>{b8336b42-c0c7-4379-a53e-35d2a5d48c1a}</UniqueIdentifier>
    </Filter>
    <Filter Include="Source Files\N64 System Source\Recompiler Files">
      <UniqueIdentifier>{5b2566dc-0c44-40c1-bf3f-2a331fb3d93b}</UniqueIdentifier>
    </Filter>
    <Filter Include="Source Files\N64 System Source\Interpreter Files">
      <UniqueIdentifier>{a5d3ab13-3a35-45ff-9f61-19e88e4405b9}</UniqueIdentifier>
    </Filter>
    <Filter Include="Source Files\Plugin Source">
      <UniqueIdentifier>{4b26cae6-7674-4e4d-9439-19128aff40db}</UniqueIdentifier>
    </Filter>
    <Filter Include="Source Files\3rd Party Source">
      <UniqueIdentifier>{b6be4960-11f4-422f-aeb6-19039b0c66e9}</UniqueIdentifier>
    </Filter>
    <Filter Include="Source Files\3rd Party Source\ZLib Source">
      <UniqueIdentifier>{b164f98d-ecb1-40f3-a17b-522a2ef27ad6}</UniqueIdentifier>
    </Filter>
    <Filter Include="Resource Files">
      <UniqueIdentifier>{1f28e3dd-ec48-435f-bf68-070fbd7484ff}</UniqueIdentifier>
      <Extensions>ico;cur;bmp;dlg;rc2;rct;bin;rgs;gif;jpg;jpeg;jpe</Extensions>
    </Filter>
    <Filter Include="Header Files">
      <UniqueIdentifier>{b502c8da-cbea-4619-b70b-78049b4e304e}</UniqueIdentifier>
      <Extensions>h;hpp;hxx;hm;inl</Extensions>
    </Filter>
    <Filter Include="Header Files\Settings Headers">
      <UniqueIdentifier>{cd593fce-564f-4b2b-b9ec-1d7d9e14f09e}</UniqueIdentifier>
    </Filter>
    <Filter Include="Header Files\Settings Headers\Setting Types Header">
      <UniqueIdentifier>{47e45ba1-b73a-4a4b-b76b-5037eac5aacc}</UniqueIdentifier>
    </Filter>
    <Filter Include="Header Files\User Interface Headers">
      <UniqueIdentifier>{594a5527-1c6f-4137-8d55-8713815259cd}</UniqueIdentifier>
    </Filter>
    <Filter Include="Header Files\User Interface Headers\Settings Header">
      <UniqueIdentifier>{5d565133-09dd-4627-8637-efbb5ab8a88b}</UniqueIdentifier>
    </Filter>
    <Filter Include="Header Files\User Interface Headers\WTL Controls Headers">
      <UniqueIdentifier>{c6c1e95f-37f2-4bc5-8389-86fd8e9448dc}</UniqueIdentifier>
    </Filter>
    <Filter Include="Header Files\Multilanguage Headers">
      <UniqueIdentifier>{3a2bcfff-e611-4289-9a0c-0b0b222de49d}</UniqueIdentifier>
    </Filter>
    <Filter Include="Header Files\N64 System Headers">
      <UniqueIdentifier>{4f65de68-feec-4c15-9146-5af62c957f68}</UniqueIdentifier>
    </Filter>
    <Filter Include="Header Files\N64 System Headers\Mips Headers">
      <UniqueIdentifier>{e4c74717-c667-4f4b-92a5-bedd9e994f39}</UniqueIdentifier>
    </Filter>
    <Filter Include="Header Files\N64 System Headers\C Core Headers">
      <UniqueIdentifier>{6eca3076-d04e-4595-a25b-64c2b12b09df}</UniqueIdentifier>
    </Filter>
    <Filter Include="Header Files\N64 System Headers\Debugger Headers">
      <UniqueIdentifier>{93b5616a-c358-4ca6-af89-67cbed827962}</UniqueIdentifier>
    </Filter>
    <Filter Include="Header Files\N64 System Headers\Recompiler Headers">
      <UniqueIdentifier>{9d6d3db7-d39a-439e-b090-fd273e15167b}</UniqueIdentifier>
    </Filter>
    <Filter Include="Header Files\N64 System Headers\Interpreter Headers">
      <UniqueIdentifier>{ea18bfd5-7d64-43d6-bfb2-416146cd256f}</UniqueIdentifier>
    </Filter>
    <Filter Include="Header Files\Plugin Headers">
      <UniqueIdentifier>{c45ca5c1-05fc-420c-b7c9-a575873f89ea}</UniqueIdentifier>
    </Filter>
    <Filter Include="Header Files\3rd Party Headers">
      <UniqueIdentifier>{1aa56b02-c2c5-43e5-ad6c-09c700d27ad2}</UniqueIdentifier>
    </Filter>
    <Filter Include="Header Files\3rd Party Headers\HTML Help">
      <UniqueIdentifier>{35d09fd0-5c5f-425b-8aeb-a52cf0322628}</UniqueIdentifier>
    </Filter>
    <Filter Include="Header Files\3rd Party Headers\Zlib Headers">
      <UniqueIdentifier>{3fb95167-f239-4b95-956d-78506e3e9fe7}</UniqueIdentifier>
    </Filter>
    <Filter Include="Logs">
      <UniqueIdentifier>{37ca205e-cb35-45e0-9648-3117641c4f9d}</UniqueIdentifier>
    </Filter>
    <Filter Include="Logs\Debug">
      <UniqueIdentifier>{06828301-52ad-4847-bc75-10054733da20}</UniqueIdentifier>
    </Filter>
    <Filter Include="Logs\Release">
      <UniqueIdentifier>{21a13f21-0ae9-415b-a97b-ea9b13df2e9d}</UniqueIdentifier>
    </Filter>
  </ItemGroup>
  <ItemGroup>
    <ClCompile Include="main.cpp">
      <Filter>Source Files</Filter>
    </ClCompile>
    <ClCompile Include="stdafx.cpp">
      <Filter>Source Files</Filter>
    </ClCompile>
    <ClCompile Include="ValidateBinary.cpp">
      <Filter>Source Files</Filter>
    </ClCompile>
    <ClCompile Include="Settings\Debug Settings.cpp">
      <Filter>Source Files\Settings Files</Filter>
    </ClCompile>
    <ClCompile Include="Settings\Game Settings.cpp">
      <Filter>Source Files\Settings Files</Filter>
    </ClCompile>
    <ClCompile Include="Settings\Gui Settings.cpp">
      <Filter>Source Files\Settings Files</Filter>
    </ClCompile>
    <ClCompile Include="Settings\N64System Settings.cpp">
      <Filter>Source Files\Settings Files</Filter>
    </ClCompile>
    <ClCompile Include="Settings\Notification Settings.cpp">
      <Filter>Source Files\Settings Files</Filter>
    </ClCompile>
    <ClCompile Include="Settings\Recompiler Settings.cpp">
      <Filter>Source Files\Settings Files</Filter>
    </ClCompile>
    <ClCompile Include="Settings\Settings Class.cpp">
      <Filter>Source Files\Settings Files</Filter>
    </ClCompile>
    <ClCompile Include="Settings\SettingType\SettingsType-Application.cpp">
      <Filter>Source Files\Settings Files\Setting Types Files</Filter>
    </ClCompile>
    <ClCompile Include="Settings\SettingType\SettingsType-ApplicationIndex.cpp">
      <Filter>Source Files\Settings Files\Setting Types Files</Filter>
    </ClCompile>
    <ClCompile Include="Settings\SettingType\SettingsType-ApplicationPath.cpp">
      <Filter>Source Files\Settings Files\Setting Types Files</Filter>
    </ClCompile>
    <ClCompile Include="Settings\SettingType\SettingsType-Cheats.cpp">
      <Filter>Source Files\Settings Files\Setting Types Files</Filter>
    </ClCompile>
    <ClCompile Include="Settings\SettingType\SettingsType-GameSetting.cpp">
      <Filter>Source Files\Settings Files\Setting Types Files</Filter>
    </ClCompile>
    <ClCompile Include="Settings\SettingType\SettingsType-GameSettingIndex.cpp">
      <Filter>Source Files\Settings Files\Setting Types Files</Filter>
    </ClCompile>
    <ClCompile Include="Settings\SettingType\SettingsType-RDBCpuType.cpp">
      <Filter>Source Files\Settings Files\Setting Types Files</Filter>
    </ClCompile>
    <ClCompile Include="Settings\SettingType\SettingsType-RDBOnOff.cpp">
      <Filter>Source Files\Settings Files\Setting Types Files</Filter>
    </ClCompile>
    <ClCompile Include="Settings\SettingType\SettingsType-RDBRamSize.cpp">
      <Filter>Source Files\Settings Files\Setting Types Files</Filter>
    </ClCompile>
    <ClCompile Include="Settings\SettingType\SettingsType-RDBSaveChip.cpp">
      <Filter>Source Files\Settings Files\Setting Types Files</Filter>
    </ClCompile>
    <ClCompile Include="Settings\SettingType\SettingsType-RDBYesNo.cpp">
      <Filter>Source Files\Settings Files\Setting Types Files</Filter>
    </ClCompile>
    <ClCompile Include="Settings\SettingType\SettingsType-RelativePath.cpp">
      <Filter>Source Files\Settings Files\Setting Types Files</Filter>
    </ClCompile>
    <ClCompile Include="Settings\SettingType\SettingsType-RomDatabase.cpp">
      <Filter>Source Files\Settings Files\Setting Types Files</Filter>
    </ClCompile>
    <ClCompile Include="Settings\SettingType\SettingsType-RomDatabaseIndex.cpp">
      <Filter>Source Files\Settings Files\Setting Types Files</Filter>
    </ClCompile>
    <ClCompile Include="Settings\SettingType\SettingsType-RomDatabaseSetting.cpp">
      <Filter>Source Files\Settings Files\Setting Types Files</Filter>
    </ClCompile>
    <ClCompile Include="Settings\SettingType\SettingsType-SelectedDirectory.cpp">
      <Filter>Source Files\Settings Files\Setting Types Files</Filter>
    </ClCompile>
    <ClCompile Include="Settings\SettingType\SettingsType-TempBool.cpp">
      <Filter>Source Files\Settings Files\Setting Types Files</Filter>
    </ClCompile>
    <ClCompile Include="Settings\SettingType\SettingsType-TempNumber.cpp">
      <Filter>Source Files\Settings Files\Setting Types Files</Filter>
    </ClCompile>
    <ClCompile Include="Settings\SettingType\SettingsType-TempString.cpp">
      <Filter>Source Files\Settings Files\Setting Types Files</Filter>
    </ClCompile>
    <ClCompile Include="User Interface\Frame Per Second Class.cpp">
      <Filter>Source Files\User Interface Source</Filter>
    </ClCompile>
    <ClCompile Include="User Interface\Gui Class.cpp">
      <Filter>Source Files\User Interface Source</Filter>
    </ClCompile>
    <ClCompile Include="User Interface\Main Menu Class.cpp">
      <Filter>Source Files\User Interface Source</Filter>
    </ClCompile>
    <ClCompile Include="User Interface\Menu Class.cpp">
      <Filter>Source Files\User Interface Source</Filter>
    </ClCompile>
    <ClCompile Include="User Interface\MenuShortCuts.cpp">
      <Filter>Source Files\User Interface Source</Filter>
    </ClCompile>
    <ClCompile Include="User Interface\Notification Class.cpp">
      <Filter>Source Files\User Interface Source</Filter>
    </ClCompile>
    <ClCompile Include="User Interface\Rom Browser Class.cpp">
      <Filter>Source Files\User Interface Source</Filter>
    </ClCompile>
    <ClCompile Include="User Interface\Settings Config.cpp">
      <Filter>Source Files\User Interface Source</Filter>
    </ClCompile>
    <ClCompile Include="User Interface\Settings\Settings Page - Advanced Options.cpp">
      <Filter>Source Files\User Interface Source\Settings Source</Filter>
    </ClCompile>
    <ClCompile Include="User Interface\Settings\Settings Page - Directories.cpp">
      <Filter>Source Files\User Interface Source\Settings Source</Filter>
    </ClCompile>
    <ClCompile Include="User Interface\Settings\Settings Page - Game - General.cpp">
      <Filter>Source Files\User Interface Source\Settings Source</Filter>
    </ClCompile>
    <ClCompile Include="User Interface\Settings\Settings Page - Game - Plugin.cpp">
      <Filter>Source Files\User Interface Source\Settings Source</Filter>
    </ClCompile>
    <ClCompile Include="User Interface\Settings\Settings Page - Game - Recompiler.cpp">
      <Filter>Source Files\User Interface Source\Settings Source</Filter>
    </ClCompile>
    <ClCompile Include="User Interface\Settings\Settings Page - Game - Status.cpp">
      <Filter>Source Files\User Interface Source\Settings Source</Filter>
    </ClCompile>
    <ClCompile Include="User Interface\Settings\Settings Page - Game Browser.cpp">
      <Filter>Source Files\User Interface Source\Settings Source</Filter>
    </ClCompile>
    <ClCompile Include="User Interface\Settings\Settings Page - Keyboard Shortcuts.cpp">
      <Filter>Source Files\User Interface Source\Settings Source</Filter>
    </ClCompile>
    <ClCompile Include="User Interface\Settings\Settings Page - Options.cpp">
      <Filter>Source Files\User Interface Source\Settings Source</Filter>
    </ClCompile>
    <ClCompile Include="User Interface\Settings\Settings Page - Plugin.cpp">
      <Filter>Source Files\User Interface Source\Settings Source</Filter>
    </ClCompile>
    <ClCompile Include="User Interface\Settings\Settings Page.cpp">
      <Filter>Source Files\User Interface Source\Settings Source</Filter>
    </ClCompile>
    <ClCompile Include="User Interface\WTL Controls\ModifiedEditBox.cpp">
      <Filter>Source Files\User Interface Source\WTL Controls Source</Filter>
    </ClCompile>
    <ClCompile Include="User Interface\WTL Controls\PartialGroupBox.cpp">
      <Filter>Source Files\User Interface Source\WTL Controls Source</Filter>
    </ClCompile>
    <ClCompile Include="N64 System\Debugger\Debugger - Memory Dump.cpp">
      <Filter>Source Files\User Interface Source\Debugger Source</Filter>
    </ClCompile>
    <ClCompile Include="N64 System\Debugger\Debugger - Memory Search.cpp">
      <Filter>Source Files\User Interface Source\Debugger Source</Filter>
    </ClCompile>
    <ClCompile Include="N64 System\Debugger\Debugger - TLB.cpp">
      <Filter>Source Files\User Interface Source\Debugger Source</Filter>
    </ClCompile>
    <ClCompile Include="N64 System\Debugger\Debugger - View Memory.cpp">
      <Filter>Source Files\User Interface Source\Debugger Source</Filter>
    </ClCompile>
    <ClCompile Include="N64 System\Debugger\Debugger.cpp">
      <Filter>Source Files\User Interface Source\Debugger Source</Filter>
    </ClCompile>
    <ClCompile Include="Multilanguage\Language Class.cpp">
      <Filter>Source Files\Multilanguage Source</Filter>
    </ClCompile>
    <ClCompile Include="N64 System\Cheat Class.cpp">
      <Filter>Source Files\N64 System Source</Filter>
    </ClCompile>
    <ClCompile Include="N64 System\N64 Class.cpp">
      <Filter>Source Files\N64 System Source</Filter>
    </ClCompile>
    <ClCompile Include="N64 System\N64 Rom Class.cpp">
      <Filter>Source Files\N64 System Source</Filter>
    </ClCompile>
    <ClCompile Include="N64 System\Profiling Class.cpp">
      <Filter>Source Files\N64 System Source</Filter>
    </ClCompile>
    <ClCompile Include="N64 System\Rom Information Class.cpp">
      <Filter>Source Files\N64 System Source</Filter>
    </ClCompile>
    <ClCompile Include="N64 System\Speed Limitor Class.cpp">
      <Filter>Source Files\N64 System Source</Filter>
    </ClCompile>
    <ClCompile Include="N64 System\System Globals.cpp">
      <Filter>Source Files\N64 System Source</Filter>
    </ClCompile>
    <ClCompile Include="N64 System\Mips\Audio.cpp">
      <Filter>Source Files\N64 System Source\Mips Source</Filter>
    </ClCompile>
    <ClCompile Include="N64 System\Mips\Dma.cpp">
      <Filter>Source Files\N64 System Source\Mips Source</Filter>
    </ClCompile>
    <ClCompile Include="N64 System\Mips\Eeprom.cpp">
      <Filter>Source Files\N64 System Source\Mips Source</Filter>
    </ClCompile>
    <ClCompile Include="N64 System\Mips\FlashRam.cpp">
      <Filter>Source Files\N64 System Source\Mips Source</Filter>
    </ClCompile>
    <ClCompile Include="N64 System\Mips\Memory Labels Class.cpp">
      <Filter>Source Files\N64 System Source\Mips Source</Filter>
    </ClCompile>
    <ClCompile Include="N64 System\Mips\Memory Virtual Mem.cpp">
      <Filter>Source Files\N64 System Source\Mips Source</Filter>
    </ClCompile>
    <ClCompile Include="N64 System\Mips\Mempak.cpp">
      <Filter>Source Files\N64 System Source\Mips Source</Filter>
    </ClCompile>
    <ClCompile Include="N64 System\Mips\Pif Ram.cpp">
      <Filter>Source Files\N64 System Source\Mips Source</Filter>
    </ClCompile>
    <ClCompile Include="N64 System\Mips\Register Class.cpp">
      <Filter>Source Files\N64 System Source\Mips Source</Filter>
    </ClCompile>
    <ClCompile Include="N64 System\Mips\Sram.cpp">
      <Filter>Source Files\N64 System Source\Mips Source</Filter>
    </ClCompile>
    <ClCompile Include="N64 System\Mips\System Events.cpp">
      <Filter>Source Files\N64 System Source\Mips Source</Filter>
    </ClCompile>
    <ClCompile Include="N64 System\Mips\System Timing.cpp">
      <Filter>Source Files\N64 System Source\Mips Source</Filter>
    </ClCompile>
    <ClCompile Include="N64 System\Mips\TLB class.cpp">
      <Filter>Source Files\N64 System Source\Mips Source</Filter>
    </ClCompile>
    <ClCompile Include="N64 System\C Core\Logging.cpp">
      <Filter>Source Files\N64 System Source\C Core Source</Filter>
    </ClCompile>
    <ClCompile Include="N64 System\C Core\r4300i Commands.cpp">
      <Filter>Source Files\N64 System Source\C Core Source</Filter>
    </ClCompile>
    <ClCompile Include="N64 System\Recompiler\Code Block.cpp">
      <Filter>Source Files\N64 System Source\Recompiler Files</Filter>
    </ClCompile>
    <ClCompile Include="N64 System\Recompiler\Code Section.cpp">
      <Filter>Source Files\N64 System Source\Recompiler Files</Filter>
    </ClCompile>
    <ClCompile Include="N64 System\Recompiler\Function Info.cpp">
      <Filter>Source Files\N64 System Source\Recompiler Files</Filter>
    </ClCompile>
    <ClCompile Include="N64 System\Recompiler\Function Map Class.cpp">
      <Filter>Source Files\N64 System Source\Recompiler Files</Filter>
    </ClCompile>
    <ClCompile Include="N64 System\Recompiler\Loop Analysis.cpp">
      <Filter>Source Files\N64 System Source\Recompiler Files</Filter>
    </ClCompile>
    <ClCompile Include="N64 System\Recompiler\Recompiler Class.cpp">
      <Filter>Source Files\N64 System Source\Recompiler Files</Filter>
    </ClCompile>
    <ClCompile Include="N64 System\Recompiler\Recompiler Memory.cpp">
      <Filter>Source Files\N64 System Source\Recompiler Files</Filter>
    </ClCompile>
    <ClCompile Include="N64 System\Recompiler\Recompiler Ops.cpp">
      <Filter>Source Files\N64 System Source\Recompiler Files</Filter>
    </ClCompile>
    <ClCompile Include="N64 System\Recompiler\Reg Info.cpp">
      <Filter>Source Files\N64 System Source\Recompiler Files</Filter>
    </ClCompile>
    <ClCompile Include="N64 System\Recompiler\Section Info.cpp">
      <Filter>Source Files\N64 System Source\Recompiler Files</Filter>
    </ClCompile>
    <ClCompile Include="N64 System\Recompiler\x86CodeLog.cpp">
      <Filter>Source Files\N64 System Source\Recompiler Files</Filter>
    </ClCompile>
    <ClCompile Include="N64 System\Recompiler\X86ops.cpp">
      <Filter>Source Files\N64 System Source\Recompiler Files</Filter>
    </ClCompile>
    <ClCompile Include="N64 System\Interpreter\Interpreter CPU.cpp">
      <Filter>Source Files\N64 System Source\Interpreter Files</Filter>
    </ClCompile>
    <ClCompile Include="N64 System\Interpreter\Interpreter Ops 32.cpp">
      <Filter>Source Files\N64 System Source\Interpreter Files</Filter>
    </ClCompile>
    <ClCompile Include="N64 System\Interpreter\Interpreter Ops.cpp">
      <Filter>Source Files\N64 System Source\Interpreter Files</Filter>
    </ClCompile>
    <ClCompile Include="Plugins\Audio Plugin.cpp">
      <Filter>Source Files\Plugin Source</Filter>
    </ClCompile>
    <ClCompile Include="Plugins\Controller Plugin.cpp">
      <Filter>Source Files\Plugin Source</Filter>
    </ClCompile>
    <ClCompile Include="Plugins\GFX plugin.cpp">
      <Filter>Source Files\Plugin Source</Filter>
    </ClCompile>
    <ClCompile Include="Plugins\Plugin Class.cpp">
      <Filter>Source Files\Plugin Source</Filter>
    </ClCompile>
    <ClCompile Include="Plugins\Plugin List.cpp">
      <Filter>Source Files\Plugin Source</Filter>
    </ClCompile>
    <ClCompile Include="Plugins\RSP Plugin.cpp">
      <Filter>Source Files\Plugin Source</Filter>
    </ClCompile>
    <ClCompile Include="3rd Party\7zip.cpp">
      <Filter>Source Files\3rd Party Source</Filter>
    </ClCompile>
    <ClCompile Include="3rd Party\Processor Info.cpp">
      <Filter>Source Files\3rd Party Source</Filter>
    </ClCompile>
    <ClCompile Include="3rd Party\zlib\UNZIP.C">
      <Filter>Source Files\3rd Party Source\ZLib Source</Filter>
    </ClCompile>
    <ClCompile Include="3rd Party\zlib\zip.c">
      <Filter>Source Files\3rd Party Source\ZLib Source</Filter>
    </ClCompile>
  </ItemGroup>
  <ItemGroup>
    <Image Include="User Interface\Bitmaps\AboutScreen.bmp">
      <Filter>Resource Files</Filter>
    </Image>
    <Image Include="User Interface\Bitmaps\AboutScreenBottom.bmp">
      <Filter>Resource Files</Filter>
    </Image>
    <Image Include="User Interface\Bitmaps\AboutScreenMiddle.bmp">
      <Filter>Resource Files</Filter>
    </Image>
    <Image Include="User Interface\Bitmaps\AboutScreenTop.bmp">
      <Filter>Resource Files</Filter>
    </Image>
    <Image Include="User Interface\Bitmaps\CloseNormal.bmp">
      <Filter>Resource Files</Filter>
    </Image>
    <Image Include="User Interface\Bitmaps\LangOK.bmp">
      <Filter>Resource Files</Filter>
    </Image>
    <Image Include="User Interface\Bitmaps\LangOK_down.bmp">
      <Filter>Resource Files</Filter>
    </Image>
    <Image Include="User Interface\Icons\left.ico">
      <Filter>Resource Files</Filter>
    </Image>
    <Image Include="User Interface\Bitmaps\ListItems.bmp">
      <Filter>Resource Files</Filter>
    </Image>
    <Image Include="User Interface\Bitmaps\pj64.BMP">
      <Filter>Resource Files</Filter>
    </Image>
    <Image Include="User Interface\Icons\PJ64.ICO">
      <Filter>Resource Files</Filter>
    </Image>
    <Image Include="User Interface\Icons\right.ico">
      <Filter>Resource Files</Filter>
    </Image>
    <Image Include="User Interface\Bitmaps\tri-state.bmp">
      <Filter>Resource Files</Filter>
    </Image>
  </ItemGroup>
  <ItemGroup>
    <None Include="User Interface\Icons\divider.cur">
      <Filter>Resource Files</Filter>
    </None>
    <None Include="User Interface\Icons\hand.cur">
      <Filter>Resource Files</Filter>
    </None>
  </ItemGroup>
  <ItemGroup>
    <ResourceCompile Include="User Interface\UI Resources.rc">
      <Filter>Resource Files</Filter>
    </ResourceCompile>
  </ItemGroup>
  <ItemGroup>
    <ClInclude Include="Multilanguage.h">
      <Filter>Header Files</Filter>
    </ClInclude>
    <ClInclude Include="N64 System.h">
      <Filter>Header Files</Filter>
    </ClInclude>
    <ClInclude Include="Plugin.h">
      <Filter>Header Files</Filter>
    </ClInclude>
    <ClInclude Include="Settings.h">
      <Filter>Header Files</Filter>
    </ClInclude>
    <ClInclude Include="stdafx.h">
      <Filter>Header Files</Filter>
    </ClInclude>
    <ClInclude Include="User Interface.h">
      <Filter>Header Files</Filter>
    </ClInclude>
    <ClInclude Include="Validate Binary.h">
      <Filter>Header Files</Filter>
    </ClInclude>
    <ClInclude Include="WTL App.h">
      <Filter>Header Files</Filter>
    </ClInclude>
    <ClInclude Include="Settings\Debug Settings.h">
      <Filter>Header Files\Settings Headers</Filter>
    </ClInclude>
    <ClInclude Include="Settings\Game Settings.h">
      <Filter>Header Files\Settings Headers</Filter>
    </ClInclude>
    <ClInclude Include="Settings\Gui Settings.h">
      <Filter>Header Files\Settings Headers</Filter>
    </ClInclude>
    <ClInclude Include="Settings\N64System Settings.h">
      <Filter>Header Files\Settings Headers</Filter>
    </ClInclude>
    <ClInclude Include="Settings\Notification Settings.h">
      <Filter>Header Files\Settings Headers</Filter>
    </ClInclude>
    <ClInclude Include="Settings\Recompiler Settings.h">
      <Filter>Header Files\Settings Headers</Filter>
    </ClInclude>
    <ClInclude Include="Settings\Settings Class.h">
      <Filter>Header Files\Settings Headers</Filter>
    </ClInclude>
    <ClInclude Include="Settings\SettingType\SettingsType-Application.h">
      <Filter>Header Files\Settings Headers\Setting Types Header</Filter>
    </ClInclude>
    <ClInclude Include="Settings\SettingType\SettingsType-ApplicationIndex.h">
      <Filter>Header Files\Settings Headers\Setting Types Header</Filter>
    </ClInclude>
    <ClInclude Include="Settings\SettingType\SettingsType-ApplicationPath.h">
      <Filter>Header Files\Settings Headers\Setting Types Header</Filter>
    </ClInclude>
    <ClInclude Include="Settings\SettingType\SettingsType-Base.h">
      <Filter>Header Files\Settings Headers\Setting Types Header</Filter>
    </ClInclude>
    <ClInclude Include="Settings\SettingType\SettingsType-Cheats.h">
      <Filter>Header Files\Settings Headers\Setting Types Header</Filter>
    </ClInclude>
    <ClInclude Include="Settings\SettingType\SettingsType-GameSetting.h">
      <Filter>Header Files\Settings Headers\Setting Types Header</Filter>
    </ClInclude>
    <ClInclude Include="Settings\SettingType\SettingsType-GameSettingIndex.h">
      <Filter>Header Files\Settings Headers\Setting Types Header</Filter>
    </ClInclude>
    <ClInclude Include="Settings\SettingType\SettingsType-RDBCpuType.h">
      <Filter>Header Files\Settings Headers\Setting Types Header</Filter>
    </ClInclude>
    <ClInclude Include="Settings\SettingType\SettingsType-RDBOnOff.h">
      <Filter>Header Files\Settings Headers\Setting Types Header</Filter>
    </ClInclude>
    <ClInclude Include="Settings\SettingType\SettingsType-RDBRamSize.h">
      <Filter>Header Files\Settings Headers\Setting Types Header</Filter>
    </ClInclude>
    <ClInclude Include="Settings\SettingType\SettingsType-RDBSaveChip.h">
      <Filter>Header Files\Settings Headers\Setting Types Header</Filter>
    </ClInclude>
    <ClInclude Include="Settings\SettingType\SettingsType-RDBYesNo.h">
      <Filter>Header Files\Settings Headers\Setting Types Header</Filter>
    </ClInclude>
    <ClInclude Include="Settings\SettingType\SettingsType-RelativePath.h">
      <Filter>Header Files\Settings Headers\Setting Types Header</Filter>
    </ClInclude>
    <ClInclude Include="Settings\SettingType\SettingsType-RomDatabase.h">
      <Filter>Header Files\Settings Headers\Setting Types Header</Filter>
    </ClInclude>
    <ClInclude Include="Settings\SettingType\SettingsType-RomDatabaseIndex.h">
      <Filter>Header Files\Settings Headers\Setting Types Header</Filter>
    </ClInclude>
    <ClInclude Include="Settings\SettingType\SettingsType-RomDatabaseSetting.h">
      <Filter>Header Files\Settings Headers\Setting Types Header</Filter>
    </ClInclude>
    <ClInclude Include="Settings\SettingType\SettingsType-SelectedDirectory.h">
      <Filter>Header Files\Settings Headers\Setting Types Header</Filter>
    </ClInclude>
    <ClInclude Include="Settings\SettingType\SettingsType-TempBool.h">
      <Filter>Header Files\Settings Headers\Setting Types Header</Filter>
    </ClInclude>
    <ClInclude Include="Settings\SettingType\SettingsType-TempNumber.h">
      <Filter>Header Files\Settings Headers\Setting Types Header</Filter>
    </ClInclude>
    <ClInclude Include="Settings\SettingType\SettingsType-TempString.h">
      <Filter>Header Files\Settings Headers\Setting Types Header</Filter>
    </ClInclude>
    <ClInclude Include="User Interface\Frame Per Second Class.h">
      <Filter>Header Files\User Interface Headers</Filter>
    </ClInclude>
    <ClInclude Include="User Interface\Gui Class.h">
      <Filter>Header Files\User Interface Headers</Filter>
    </ClInclude>
    <ClInclude Include="User Interface\Log Class.h">
      <Filter>Header Files\User Interface Headers</Filter>
    </ClInclude>
    <ClInclude Include="User Interface\Main Menu Class.h">
      <Filter>Header Files\User Interface Headers</Filter>
    </ClInclude>
    <ClInclude Include="User Interface\Menu Class.h">
      <Filter>Header Files\User Interface Headers</Filter>
    </ClInclude>
    <ClInclude Include="User Interface\MenuShortCuts.h">
      <Filter>Header Files\User Interface Headers</Filter>
    </ClInclude>
    <ClInclude Include="User Interface\Notification Class.h">
      <Filter>Header Files\User Interface Headers</Filter>
    </ClInclude>
    <ClInclude Include="User Interface\resource.h">
      <Filter>Header Files\User Interface Headers</Filter>
    </ClInclude>
    <ClInclude Include="User Interface\Rom Browser.h">
      <Filter>Header Files\User Interface Headers</Filter>
    </ClInclude>
    <ClInclude Include="User Interface\Settings\Settings Page - Advanced Options.h">
      <Filter>Header Files\User Interface Headers\Settings Header</Filter>
    </ClInclude>
    <ClInclude Include="User Interface\Settings\Settings Page - Directories.h">
      <Filter>Header Files\User Interface Headers\Settings Header</Filter>
    </ClInclude>
    <ClInclude Include="User Interface\Settings\Settings Page - Game - General.h">
      <Filter>Header Files\User Interface Headers\Settings Header</Filter>
    </ClInclude>
    <ClInclude Include="User Interface\Settings\Settings Page - Game - Plugin.h">
      <Filter>Header Files\User Interface Headers\Settings Header</Filter>
    </ClInclude>
    <ClInclude Include="User Interface\Settings\Settings Page - Game - Recompiler.h">
      <Filter>Header Files\User Interface Headers\Settings Header</Filter>
    </ClInclude>
    <ClInclude Include="User Interface\Settings\Settings Page - Game - Status.h">
      <Filter>Header Files\User Interface Headers\Settings Header</Filter>
    </ClInclude>
    <ClInclude Include="User Interface\Settings\Settings Page - Game Browser.h">
      <Filter>Header Files\User Interface Headers\Settings Header</Filter>
    </ClInclude>
    <ClInclude Include="User Interface\Settings\Settings Page - Keyboard Shortcuts.h">
      <Filter>Header Files\User Interface Headers\Settings Header</Filter>
    </ClInclude>
    <ClInclude Include="User Interface\Settings\Settings Page - Options.h">
      <Filter>Header Files\User Interface Headers\Settings Header</Filter>
    </ClInclude>
    <ClInclude Include="User Interface\Settings\Settings Page - Plugin.h">
      <Filter>Header Files\User Interface Headers\Settings Header</Filter>
    </ClInclude>
    <ClInclude Include="User Interface\Settings\Settings Page.h">
      <Filter>Header Files\User Interface Headers\Settings Header</Filter>
    </ClInclude>
    <ClInclude Include="User Interface\WTL Controls\ModifiedCheckBox.h">
      <Filter>Header Files\User Interface Headers\WTL Controls Headers</Filter>
    </ClInclude>
    <ClInclude Include="User Interface\WTL Controls\ModifiedComboBox.h">
      <Filter>Header Files\User Interface Headers\WTL Controls Headers</Filter>
    </ClInclude>
    <ClInclude Include="User Interface\WTL Controls\ModifiedEditBox.h">
      <Filter>Header Files\User Interface Headers\WTL Controls Headers</Filter>
    </ClInclude>
    <ClInclude Include="User Interface\WTL Controls\numberctrl.h">
      <Filter>Header Files\User Interface Headers\WTL Controls Headers</Filter>
    </ClInclude>
    <ClInclude Include="User Interface\WTL Controls\PartialGroupBox.h">
      <Filter>Header Files\User Interface Headers\WTL Controls Headers</Filter>
    </ClInclude>
    <ClInclude Include="Multilanguage\Language Class.h">
      <Filter>Header Files\Multilanguage Headers</Filter>
    </ClInclude>
    <ClInclude Include="N64 System\Cheat Class.h">
      <Filter>Header Files\N64 System Headers</Filter>
    </ClInclude>
    <ClInclude Include="N64 System\N64 Class.h">
      <Filter>Header Files\N64 System Headers</Filter>
    </ClInclude>
    <ClInclude Include="N64 System\N64 Rom Class.h">
      <Filter>Header Files\N64 System Headers</Filter>
    </ClInclude>
    <ClInclude Include="N64 System\N64 Types.h">
      <Filter>Header Files\N64 System Headers</Filter>
    </ClInclude>
    <ClInclude Include="N64 System\Profiling Class.h">
      <Filter>Header Files\N64 System Headers</Filter>
    </ClInclude>
    <ClInclude Include="N64 System\Rom Information Class.h">
      <Filter>Header Files\N64 System Headers</Filter>
    </ClInclude>
    <ClInclude Include="N64 System\Speed Limitor Class.h">
      <Filter>Header Files\N64 System Headers</Filter>
    </ClInclude>
    <ClInclude Include="N64 System\System Globals.h">
      <Filter>Header Files\N64 System Headers</Filter>
    </ClInclude>
    <ClInclude Include="N64 System\Types.h">
      <Filter>Header Files\N64 System Headers</Filter>
    </ClInclude>
    <ClInclude Include="N64 System\Mips\Audio.h">
      <Filter>Header Files\N64 System Headers\Mips Headers</Filter>
    </ClInclude>
    <ClInclude Include="N64 System\Mips\Dma.h">
      <Filter>Header Files\N64 System Headers\Mips Headers</Filter>
    </ClInclude>
    <ClInclude Include="N64 System\Mips\Eeprom.h">
      <Filter>Header Files\N64 System Headers\Mips Headers</Filter>
    </ClInclude>
    <ClInclude Include="N64 System\Mips\FlashRam.h">
      <Filter>Header Files\N64 System Headers\Mips Headers</Filter>
    </ClInclude>
    <ClInclude Include="N64 System\Mips\Memory Class.h">
      <Filter>Header Files\N64 System Headers\Mips Headers</Filter>
    </ClInclude>
    <ClInclude Include="N64 System\Mips\Memory Labels Class.h">
      <Filter>Header Files\N64 System Headers\Mips Headers</Filter>
    </ClInclude>
    <ClInclude Include="N64 System\Mips\Memory Virtual Mem.h">
      <Filter>Header Files\N64 System Headers\Mips Headers</Filter>
    </ClInclude>
    <ClInclude Include="N64 System\Mips\Mempak.H">
      <Filter>Header Files\N64 System Headers\Mips Headers</Filter>
    </ClInclude>
    <ClInclude Include="N64 System\Mips\OpCode.h">
      <Filter>Header Files\N64 System Headers\Mips Headers</Filter>
    </ClInclude>
    <ClInclude Include="N64 System\Mips\Pif Ram.h">
      <Filter>Header Files\N64 System Headers\Mips Headers</Filter>
    </ClInclude>
    <ClInclude Include="N64 System\Mips\Register Class.h">
      <Filter>Header Files\N64 System Headers\Mips Headers</Filter>
    </ClInclude>
    <ClInclude Include="N64 System\Mips\Sram.h">
      <Filter>Header Files\N64 System Headers\Mips Headers</Filter>
    </ClInclude>
    <ClInclude Include="N64 System\Mips\System Events.h">
      <Filter>Header Files\N64 System Headers\Mips Headers</Filter>
    </ClInclude>
    <ClInclude Include="N64 System\Mips\System Timing.h">
      <Filter>Header Files\N64 System Headers\Mips Headers</Filter>
    </ClInclude>
    <ClInclude Include="N64 System\Mips\TLB Class.h">
      <Filter>Header Files\N64 System Headers\Mips Headers</Filter>
    </ClInclude>
    <ClInclude Include="N64 System\Mips\TranslateVaddr.h">
      <Filter>Header Files\N64 System Headers\Mips Headers</Filter>
    </ClInclude>
    <ClInclude Include="N64 System\C Core\Logging.h">
      <Filter>Header Files\N64 System Headers\C Core Headers</Filter>
    </ClInclude>
    <ClInclude Include="N64 System\C Core\r4300i Commands.h">
      <Filter>Header Files\N64 System Headers\C Core Headers</Filter>
    </ClInclude>
    <ClInclude Include="N64 System\Debugger\Debugger - Memory Dump.h">
      <Filter>Header Files\N64 System Headers\Debugger Headers</Filter>
    </ClInclude>
    <ClInclude Include="N64 System\Debugger\Debugger - Memory Search.h">
      <Filter>Header Files\N64 System Headers\Debugger Headers</Filter>
    </ClInclude>
    <ClInclude Include="N64 System\Debugger\Debugger - TLB.h">
      <Filter>Header Files\N64 System Headers\Debugger Headers</Filter>
    </ClInclude>
    <ClInclude Include="N64 System\Debugger\Debugger - View Memory.h">
      <Filter>Header Files\N64 System Headers\Debugger Headers</Filter>
    </ClInclude>
    <ClInclude Include="N64 System\Debugger\debugger.h">
      <Filter>Header Files\N64 System Headers\Debugger Headers</Filter>
    </ClInclude>
    <ClInclude Include="N64 System\Recompiler\Code Block.h">
      <Filter>Header Files\N64 System Headers\Recompiler Headers</Filter>
    </ClInclude>
    <ClInclude Include="N64 System\Recompiler\Code Section.h">
      <Filter>Header Files\N64 System Headers\Recompiler Headers</Filter>
    </ClInclude>
    <ClInclude Include="N64 System\Recompiler\Delay Slot Map Class.h">
      <Filter>Header Files\N64 System Headers\Recompiler Headers</Filter>
    </ClInclude>
    <ClInclude Include="N64 System\Recompiler\Exit Info.h">
      <Filter>Header Files\N64 System Headers\Recompiler Headers</Filter>
    </ClInclude>
    <ClInclude Include="N64 System\Recompiler\Function Info.h">
      <Filter>Header Files\N64 System Headers\Recompiler Headers</Filter>
    </ClInclude>
    <ClInclude Include="N64 System\Recompiler\Function Map Class.h">
      <Filter>Header Files\N64 System Headers\Recompiler Headers</Filter>
    </ClInclude>
    <ClInclude Include="N64 System\Recompiler\Jump Info.h">
      <Filter>Header Files\N64 System Headers\Recompiler Headers</Filter>
    </ClInclude>
    <ClInclude Include="N64 System\Recompiler\Loop Analysis.h">
      <Filter>Header Files\N64 System Headers\Recompiler Headers</Filter>
    </ClInclude>
    <ClInclude Include="N64 System\Recompiler\Recompiler Class.h">
      <Filter>Header Files\N64 System Headers\Recompiler Headers</Filter>
    </ClInclude>
    <ClInclude Include="N64 System\Recompiler\Recompiler Memory.h">
      <Filter>Header Files\N64 System Headers\Recompiler Headers</Filter>
    </ClInclude>
    <ClInclude Include="N64 System\Recompiler\Recompiler Ops.h">
      <Filter>Header Files\N64 System Headers\Recompiler Headers</Filter>
    </ClInclude>
    <ClInclude Include="N64 System\Recompiler\Reg Info.h">
      <Filter>Header Files\N64 System Headers\Recompiler Headers</Filter>
    </ClInclude>
    <ClInclude Include="N64 System\Recompiler\Section Info.h">
      <Filter>Header Files\N64 System Headers\Recompiler Headers</Filter>
    </ClInclude>
    <ClInclude Include="N64 System\Recompiler\x86CodeLog.h">
      <Filter>Header Files\N64 System Headers\Recompiler Headers</Filter>
    </ClInclude>
    <ClInclude Include="N64 System\Recompiler\X86ops.h">
      <Filter>Header Files\N64 System Headers\Recompiler Headers</Filter>
    </ClInclude>
    <ClInclude Include="N64 System\Interpreter\Interpreter CPU.h">
      <Filter>Header Files\N64 System Headers\Interpreter Headers</Filter>
    </ClInclude>
    <ClInclude Include="N64 System\Interpreter\Interpreter Ops 32.h">
      <Filter>Header Files\N64 System Headers\Interpreter Headers</Filter>
    </ClInclude>
    <ClInclude Include="N64 System\Interpreter\Interpreter Ops.h">
      <Filter>Header Files\N64 System Headers\Interpreter Headers</Filter>
    </ClInclude>
    <ClInclude Include="Plugins\Audio Plugin.h">
      <Filter>Header Files\Plugin Headers</Filter>
    </ClInclude>
    <ClInclude Include="Plugins\Controller Plugin.h">
      <Filter>Header Files\Plugin Headers</Filter>
    </ClInclude>
    <ClInclude Include="Plugins\GFX plugin.h">
      <Filter>Header Files\Plugin Headers</Filter>
    </ClInclude>
    <ClInclude Include="Plugins\Plugin Class.h">
      <Filter>Header Files\Plugin Headers</Filter>
    </ClInclude>
    <ClInclude Include="Plugins\Plugin List.h">
      <Filter>Header Files\Plugin Headers</Filter>
    </ClInclude>
    <ClInclude Include="Plugins\RSP Plugin.h">
      <Filter>Header Files\Plugin Headers</Filter>
    </ClInclude>
    <ClInclude Include="3rd Party\7zip.h">
      <Filter>Header Files\3rd Party Headers</Filter>
    </ClInclude>
    <ClInclude Include="3rd Party\Processor Info.h">
      <Filter>Header Files\3rd Party Headers</Filter>
    </ClInclude>
    <ClInclude Include="3rd Party\zip.h">
      <Filter>Header Files\3rd Party Headers</Filter>
    </ClInclude>
    <ClInclude Include="3rd Party\HTML Help\HTMLHELP.H">
      <Filter>Header Files\3rd Party Headers\HTML Help</Filter>
    </ClInclude>
    <ClInclude Include="3rd Party\zlib\UNZIP.H">
      <Filter>Header Files\3rd Party Headers\Zlib Headers</Filter>
    </ClInclude>
    <ClInclude Include="3rd Party\zlib\ZCONF.H">
      <Filter>Header Files\3rd Party Headers\Zlib Headers</Filter>
    </ClInclude>
    <ClInclude Include="3rd Party\zlib\zip.h">
      <Filter>Header Files\3rd Party Headers\Zlib Headers</Filter>
    </ClInclude>
    <ClInclude Include="3rd Party\zlib\ZLIB.H">
      <Filter>Header Files\3rd Party Headers\Zlib Headers</Filter>
    </ClInclude>
  </ItemGroup>
  <ItemGroup>
    <Text Include="..\Bin\Debug\CPUoutput.log">
      <Filter>Logs\Debug</Filter>
    </Text>
    <Text Include="..\Bin\Debug\Project64.log">
      <Filter>Logs\Debug</Filter>
    </Text>
    <Text Include="..\Bin\Debug\Sync Errors.txt">
      <Filter>Logs\Debug</Filter>
    </Text>
    <Text Include="..\Bin\Release\CPUoutput.log">
      <Filter>Logs\Release</Filter>
    </Text>
    <Text Include="..\Bin\Release\Project64.log">
      <Filter>Logs\Release</Filter>
    </Text>
    <Text Include="..\Bin\Release\Sync Errors.txt">
      <Filter>Logs\Release</Filter>
    </Text>
  </ItemGroup>
</Project>