<?xml version="1.0" encoding="utf-8"?>
<Project ToolsVersion="4.0" xmlns="http://schemas.microsoft.com/developer/msbuild/2003">
  <ItemGroup>
    <Filter Include="Source Files">
      <UniqueIdentifier>{994eee48-3b61-4493-9a7f-6340a5a47175}</UniqueIdentifier>
      <Extensions>cpp;c;cxx;rc;def;r;odl;idl;hpj;bat</Extensions>
    </Filter>
    <Filter Include="Source Files\Settings Files">
      <UniqueIdentifier>{60e2fd87-7b6b-4147-82fe-e12516efe43c}</UniqueIdentifier>
    </Filter>
    <Filter Include="Source Files\User Interface Source">
      <UniqueIdentifier>{7b81a6a8-b20b-464e-8184-864886bb00fd}</UniqueIdentifier>
    </Filter>
    <Filter Include="Source Files\User Interface Source\Settings Source">
      <UniqueIdentifier>{bbef87b7-814a-4c87-9713-a07a2de577d4}</UniqueIdentifier>
    </Filter>
    <Filter Include="Source Files\User Interface Source\WTL Controls Source">
      <UniqueIdentifier>{19f68e68-7068-4a3c-a11d-c3ff48fe78b2}</UniqueIdentifier>
    </Filter>
    <Filter Include="Source Files\User Interface Source\Debugger Source">
      <UniqueIdentifier>{89244064-68f5-44d9-9021-7a592d910e43}</UniqueIdentifier>
    </Filter>
    <Filter Include="Source Files\Multilanguage Source">
      <UniqueIdentifier>{94e87bf5-3b11-4f61-8a4a-333690ecf588}</UniqueIdentifier>
    </Filter>
    <Filter Include="Source Files\Plugin Source">
      <UniqueIdentifier>{242ae4a5-b150-44e6-b31c-027acd6d38b0}</UniqueIdentifier>
    </Filter>
    <Filter Include="Resource Files">
      <UniqueIdentifier>{1e3eb4f7-a0b1-4d09-9e50-b5c699f24050}</UniqueIdentifier>
      <Extensions>ico;cur;bmp;dlg;rc2;rct;bin;rgs;gif;jpg;jpeg;jpe</Extensions>
    </Filter>
    <Filter Include="Header Files">
      <UniqueIdentifier>{bc88015e-37f7-4320-8aa4-d5043d17a386}</UniqueIdentifier>
      <Extensions>h;hpp;hxx;hm;inl</Extensions>
    </Filter>
    <Filter Include="Header Files\User Interface Headers">
      <UniqueIdentifier>{54e8f51f-d81d-4f8f-b4f1-76584c1b29a5}</UniqueIdentifier>
    </Filter>
    <Filter Include="Header Files\User Interface Headers\Settings Header">
      <UniqueIdentifier>{81b58fad-f73f-4098-8ebc-ffceaff53478}</UniqueIdentifier>
    </Filter>
    <Filter Include="Header Files\User Interface Headers\WTL Controls Headers">
      <UniqueIdentifier>{838a58e7-e1d2-45d3-bcf0-dcedad19610c}</UniqueIdentifier>
    </Filter>
    <Filter Include="Header Files\Multilanguage Headers">
      <UniqueIdentifier>{5531af4d-33bb-4e84-8a55-c971a18ec7bf}</UniqueIdentifier>
    </Filter>
    <Filter Include="Header Files\N64 System Headers">
      <UniqueIdentifier>{6cfab019-2f8d-4e09-be41-1df513b5a680}</UniqueIdentifier>
    </Filter>
    <Filter Include="Header Files\N64 System Headers\Debugger Headers">
      <UniqueIdentifier>{c4249d55-df70-4453-b017-b548514ad094}</UniqueIdentifier>
    </Filter>
    <Filter Include="Header Files\Settings">
      <UniqueIdentifier>{8eaf5c00-c88d-418e-a27c-d658c547ab79}</UniqueIdentifier>
    </Filter>
  </ItemGroup>
  <ItemGroup>
    <ClCompile Include="stdafx.cpp">
      <Filter>Source Files</Filter>
    </ClCompile>
    <ClCompile Include="UserInterface\WTLControls\ModifiedEditBox.cpp">
      <Filter>Source Files\User Interface Source\WTL Controls Source</Filter>
    </ClCompile>
    <ClCompile Include="UserInterface\WTLControls\PartialGroupBox.cpp">
      <Filter>Source Files\User Interface Source\WTL Controls Source</Filter>
    </ClCompile>
    <ClCompile Include="UserInterface\Settings\SettingsPage.cpp">
      <Filter>Source Files\User Interface Source\Settings Source</Filter>
    </ClCompile>
    <ClCompile Include="UserInterface\Settings\SettingsPage-AdvancedOptions.cpp">
      <Filter>Source Files\User Interface Source\Settings Source</Filter>
    </ClCompile>
    <ClCompile Include="UserInterface\Settings\SettingsPage-Directories.cpp">
      <Filter>Source Files\User Interface Source\Settings Source</Filter>
    </ClCompile>
    <ClCompile Include="UserInterface\Settings\SettingsPage-GameBrowser.cpp">
      <Filter>Source Files\User Interface Source\Settings Source</Filter>
    </ClCompile>
    <ClCompile Include="UserInterface\Settings\SettingsPage-Game-General.cpp">
      <Filter>Source Files\User Interface Source\Settings Source</Filter>
    </ClCompile>
    <ClCompile Include="UserInterface\Settings\SettingsPage-Game-Plugin.cpp">
      <Filter>Source Files\User Interface Source\Settings Source</Filter>
    </ClCompile>
    <ClCompile Include="UserInterface\Settings\SettingsPage-Game-Recompiler.cpp">
      <Filter>Source Files\User Interface Source\Settings Source</Filter>
    </ClCompile>
    <ClCompile Include="UserInterface\Settings\SettingsPage-Game-Status.cpp">
      <Filter>Source Files\User Interface Source\Settings Source</Filter>
    </ClCompile>
    <ClCompile Include="UserInterface\Settings\SettingsPage-KeyboardShortcuts.cpp">
      <Filter>Source Files\User Interface Source\Settings Source</Filter>
    </ClCompile>
    <ClCompile Include="UserInterface\Settings\SettingsPage-Options.cpp">
      <Filter>Source Files\User Interface Source\Settings Source</Filter>
    </ClCompile>
    <ClCompile Include="UserInterface\Settings\SettingsPage-Plugin.cpp">
      <Filter>Source Files\User Interface Source\Settings Source</Filter>
    </ClCompile>
    <ClCompile Include="Plugins\PluginList.cpp">
      <Filter>Source Files\Plugin Source</Filter>
    </ClCompile>
    <ClCompile Include="main.cpp">
      <Filter>Source Files</Filter>
    </ClCompile>
    <ClCompile Include="UserInterface\CheatClassUI.cpp">
      <Filter>Source Files\User Interface Source</Filter>
    </ClCompile>
    <ClCompile Include="UserInterface\GuiClass.cpp">
      <Filter>Source Files\User Interface Source</Filter>
    </ClCompile>
    <ClCompile Include="UserInterface\LoggingUI.cpp">
      <Filter>Source Files\User Interface Source</Filter>
    </ClCompile>
    <ClCompile Include="UserInterface\MainMenuClass.cpp">
      <Filter>Source Files\User Interface Source</Filter>
    </ClCompile>
    <ClCompile Include="UserInterface\MenuClass.cpp">
      <Filter>Source Files\User Interface Source</Filter>
    </ClCompile>
    <ClCompile Include="UserInterface\MenuShortCuts.cpp">
      <Filter>Source Files\User Interface Source</Filter>
    </ClCompile>
    <ClCompile Include="UserInterface\NotificationClass.cpp">
      <Filter>Source Files\User Interface Source</Filter>
    </ClCompile>
    <ClCompile Include="UserInterface\RomBrowserClass.cpp">
      <Filter>Source Files\User Interface Source</Filter>
    </ClCompile>
    <ClCompile Include="UserInterface\SettingsConfig.cpp">
      <Filter>Source Files\User Interface Source</Filter>
    </ClCompile>
    <ClCompile Include="N64System\Debugger\Debugger.cpp">
      <Filter>Source Files\User Interface Source\Debugger Source</Filter>
    </ClCompile>
    <ClCompile Include="N64System\Debugger\Debugger-MemoryDump.cpp">
      <Filter>Source Files\User Interface Source\Debugger Source</Filter>
    </ClCompile>
    <ClCompile Include="N64System\Debugger\Debugger-MemorySearch.cpp">
      <Filter>Source Files\User Interface Source\Debugger Source</Filter>
    </ClCompile>
    <ClCompile Include="N64System\Debugger\Debugger-TLB.cpp">
      <Filter>Source Files\User Interface Source\Debugger Source</Filter>
    </ClCompile>
    <ClCompile Include="N64System\Debugger\Debugger-ViewMemory.cpp">
      <Filter>Source Files\User Interface Source\Debugger Source</Filter>
    </ClCompile>
    <ClCompile Include="Settings\GuiSettings.cpp">
      <Filter>Source Files\Settings Files</Filter>
    </ClCompile>
    <ClCompile Include="Settings\NotificationSettings.cpp">
      <Filter>Source Files\Settings Files</Filter>
    </ClCompile>
    <ClCompile Include="Multilanguage\LanguageSelector.cpp">
      <Filter>Source Files\Multilanguage Source</Filter>
    </ClCompile>
    <ClCompile Include="UserInterface\RomInformationClass.cpp">
      <Filter>Source Files\User Interface Source</Filter>
    </ClCompile>
    <ClCompile Include="Settings\UISettings.cpp">
      <Filter>Source Files\Settings Files</Filter>
    </ClCompile>
    <ClCompile Include="UserInterface\SupportEnterCode.cpp">
      <Filter>Source Files</Filter>
    </ClCompile>
    <ClCompile Include="UserInterface\SupportWindow.cpp">
      <Filter>Source Files</Filter>
    </ClCompile>
    <ClCompile Include="N64System\Debugger\Debugger-Commands.cpp">
      <Filter>Source Files\User Interface Source\Debugger Source</Filter>
    </ClCompile>
    <ClCompile Include="N64System\Debugger\Debugger-Scripts.cpp">
      <Filter>Source Files\User Interface Source\Debugger Source</Filter>
    </ClCompile>
    <ClCompile Include="N64System\Debugger\ScriptSystem.cpp">
      <Filter>Source Files\User Interface Source\Debugger Source</Filter>
    </ClCompile>
    <ClCompile Include="N64System\Debugger\Debugger-Symbols.cpp">
      <Filter>Source Files\User Interface Source\Debugger Source</Filter>
    </ClCompile>
    <ClCompile Include="N64System\Debugger\Breakpoints.cpp">
      <Filter>Source Files\User Interface Source\Debugger Source</Filter>
    </ClCompile>
    <ClCompile Include="N64System\Debugger\Debugger-AddBreakpoint.cpp">
      <Filter>Source Files\User Interface Source\Debugger Source</Filter>
    </ClCompile>
    <ClCompile Include="N64System\Debugger\Symbols.cpp">
      <Filter>Source Files\User Interface Source\Debugger Source</Filter>
    </ClCompile>
    <ClCompile Include="N64System\Debugger\ScriptHook.cpp">
      <Filter>Source Files\User Interface Source\Debugger Source</Filter>
    </ClCompile>
    <ClCompile Include="N64System\Debugger\ScriptInstance.cpp">
      <Filter>Source Files\User Interface Source\Debugger Source</Filter>
    </ClCompile>
    <ClCompile Include="N64System\Debugger\Debugger-StackTrace.cpp">
      <Filter>Source Files\User Interface Source\Debugger Source</Filter>
    </ClCompile>
    <ClCompile Include="N64System\Debugger\Assembler.cpp">
      <Filter>Source Files\User Interface Source\Debugger Source</Filter>
    </ClCompile>
    <ClCompile Include="N64System\Debugger\DMALog.cpp">
      <Filter>Source Files\User Interface Source\Debugger Source</Filter>
    </ClCompile>
    <ClCompile Include="N64System\Debugger\Debugger-AddSymbol.cpp">
      <Filter>Source Files\User Interface Source\Debugger Source</Filter>
    </ClCompile>
    <ClCompile Include="N64System\Debugger\Debugger-DMALogView.cpp">
      <Filter>Source Files\User Interface Source\Debugger Source</Filter>
    </ClCompile>
    <ClCompile Include="N64System\Debugger\Debugger-RegisterTabs.cpp">
      <Filter>Source Files\User Interface Source\Debugger Source</Filter>
    </ClCompile>
    <ClCompile Include="N64System\Debugger\Debugger-StackView.cpp">
      <Filter>Source Files\User Interface Source\Debugger Source</Filter>
    </ClCompile>
  </ItemGroup>
  <ItemGroup>
    <ClInclude Include="UserInterface\resource.h">
      <Filter>Resource Files</Filter>
    </ClInclude>
    <ClInclude Include="Multilanguage\LanguageSelector.h">
      <Filter>Header Files\Multilanguage Headers</Filter>
    </ClInclude>
    <ClInclude Include="N64System\Debugger\DebugDialog.h">
      <Filter>Header Files\N64 System Headers\Debugger Headers</Filter>
    </ClInclude>
    <ClInclude Include="N64System\Debugger\debugger.h">
      <Filter>Header Files\N64 System Headers\Debugger Headers</Filter>
    </ClInclude>
    <ClInclude Include="N64System\Debugger\Debugger-MemoryDump.h">
      <Filter>Header Files\N64 System Headers\Debugger Headers</Filter>
    </ClInclude>
    <ClInclude Include="N64System\Debugger\Debugger-MemorySearch.h">
      <Filter>Header Files\N64 System Headers\Debugger Headers</Filter>
    </ClInclude>
    <ClInclude Include="N64System\Debugger\Debugger-TLB.h">
      <Filter>Header Files\N64 System Headers\Debugger Headers</Filter>
    </ClInclude>
    <ClInclude Include="N64System\Debugger\DebuggerUI.h">
      <Filter>Header Files\N64 System Headers\Debugger Headers</Filter>
    </ClInclude>
    <ClInclude Include="N64System\Debugger\Debugger-ViewMemory.h">
      <Filter>Header Files\N64 System Headers\Debugger Headers</Filter>
    </ClInclude>
    <ClInclude Include="UserInterface\CheatClassUI.h">
      <Filter>Header Files\User Interface Headers</Filter>
    </ClInclude>
    <ClInclude Include="UserInterface\GuiClass.h">
      <Filter>Header Files\User Interface Headers</Filter>
    </ClInclude>
    <ClInclude Include="UserInterface\LoggingUI.h">
      <Filter>Header Files\User Interface Headers</Filter>
    </ClInclude>
    <ClInclude Include="UserInterface\MainMenuClass.h">
      <Filter>Header Files\User Interface Headers</Filter>
    </ClInclude>
    <ClInclude Include="UserInterface\MenuClass.h">
      <Filter>Header Files\User Interface Headers</Filter>
    </ClInclude>
    <ClInclude Include="UserInterface\MenuShortCuts.h">
      <Filter>Header Files\User Interface Headers</Filter>
    </ClInclude>
    <ClInclude Include="UserInterface\NotificationClass.h">
      <Filter>Header Files\User Interface Headers</Filter>
    </ClInclude>
    <ClInclude Include="UserInterface\RomBrowser.h">
      <Filter>Header Files\User Interface Headers</Filter>
    </ClInclude>
    <ClInclude Include="UserInterface\SettingsConfig.h">
      <Filter>Header Files\User Interface Headers</Filter>
    </ClInclude>
    <ClInclude Include="UserInterface\WTLControls\ModifiedCheckBox.h">
      <Filter>Header Files\User Interface Headers\WTL Controls Headers</Filter>
    </ClInclude>
    <ClInclude Include="UserInterface\WTLControls\ModifiedComboBox.h">
      <Filter>Header Files\User Interface Headers\WTL Controls Headers</Filter>
    </ClInclude>
    <ClInclude Include="UserInterface\WTLControls\ModifiedEditBox.h">
      <Filter>Header Files\User Interface Headers\WTL Controls Headers</Filter>
    </ClInclude>
    <ClInclude Include="UserInterface\WTLControls\numberctrl.h">
      <Filter>Header Files\User Interface Headers\WTL Controls Headers</Filter>
    </ClInclude>
    <ClInclude Include="UserInterface\WTLControls\PartialGroupBox.h">
      <Filter>Header Files\User Interface Headers\WTL Controls Headers</Filter>
    </ClInclude>
    <ClInclude Include="UserInterface\Settings\SettingsPage.h">
      <Filter>Header Files\User Interface Headers\Settings Header</Filter>
    </ClInclude>
    <ClInclude Include="UserInterface\Settings\SettingsPage-AdvancedOptions.h">
      <Filter>Header Files\User Interface Headers\Settings Header</Filter>
    </ClInclude>
    <ClInclude Include="UserInterface\Settings\SettingsPage-Directories.h">
      <Filter>Header Files\User Interface Headers\Settings Header</Filter>
    </ClInclude>
    <ClInclude Include="UserInterface\Settings\SettingsPage-GameBrowser.h">
      <Filter>Header Files\User Interface Headers\Settings Header</Filter>
    </ClInclude>
    <ClInclude Include="UserInterface\Settings\SettingsPage-Game-General.h">
      <Filter>Header Files\User Interface Headers\Settings Header</Filter>
    </ClInclude>
    <ClInclude Include="UserInterface\Settings\SettingsPage-Game-Plugin.h">
      <Filter>Header Files\User Interface Headers\Settings Header</Filter>
    </ClInclude>
    <ClInclude Include="UserInterface\Settings\SettingsPage-Game-Recompiler.h">
      <Filter>Header Files\User Interface Headers\Settings Header</Filter>
    </ClInclude>
    <ClInclude Include="UserInterface\Settings\SettingsPage-Game-Status.h">
      <Filter>Header Files\User Interface Headers\Settings Header</Filter>
    </ClInclude>
    <ClInclude Include="UserInterface\Settings\SettingsPage-KeyboardShortcuts.h">
      <Filter>Header Files\User Interface Headers\Settings Header</Filter>
    </ClInclude>
    <ClInclude Include="UserInterface\Settings\SettingsPage-Options.h">
      <Filter>Header Files\User Interface Headers\Settings Header</Filter>
    </ClInclude>
    <ClInclude Include="UserInterface\Settings\SettingsPage-Plugin.h">
      <Filter>Header Files\User Interface Headers\Settings Header</Filter>
    </ClInclude>
    <ClInclude Include="N64System.h">
      <Filter>Header Files</Filter>
    </ClInclude>
    <ClInclude Include="stdafx.h">
      <Filter>Header Files</Filter>
    </ClInclude>
    <ClInclude Include="Support.h">
      <Filter>Header Files</Filter>
    </ClInclude>
    <ClInclude Include="UserInterface.h">
      <Filter>Header Files</Filter>
    </ClInclude>
    <ClInclude Include="WTLApp.h">
      <Filter>Header Files</Filter>
    </ClInclude>
    <ClInclude Include="UserInterface\RomInformationClass.h">
      <Filter>Header Files\User Interface Headers</Filter>
    </ClInclude>
    <ClInclude Include="Settings\GuiSettings.h">
      <Filter>Header Files\Settings</Filter>
    </ClInclude>
    <ClInclude Include="Settings\NotificationSettings.h">
      <Filter>Header Files\Settings</Filter>
    </ClInclude>
    <ClInclude Include="Settings\UISettings.h">
      <Filter>Header Files\Settings</Filter>
    </ClInclude>
    <ClInclude Include="UserInterface\SupportEnterCode.h">
      <Filter>Header Files</Filter>
    </ClInclude>
    <ClInclude Include="UserInterface\SupportWindow.h">
      <Filter>Header Files</Filter>
    </ClInclude>
    <ClInclude Include="N64System\Debugger\Debugger-Commands.h">
      <Filter>Header Files\N64 System Headers\Debugger Headers</Filter>
    </ClInclude>
    <ClInclude Include="N64System\Debugger\Debugger-Scripts.h">
      <Filter>Header Files\N64 System Headers\Debugger Headers</Filter>
    </ClInclude>
    <ClInclude Include="N64System\Debugger\ScriptSystem.h">
      <Filter>Header Files\N64 System Headers\Debugger Headers</Filter>
    </ClInclude>
    <ClInclude Include="N64System\Debugger\Debugger-Symbols.h">
      <Filter>Header Files\N64 System Headers\Debugger Headers</Filter>
    </ClInclude>
    <ClInclude Include="N64System\Debugger\Breakpoints.h">
      <Filter>Header Files\N64 System Headers\Debugger Headers</Filter>
    </ClInclude>
    <ClInclude Include="N64System\Debugger\Symbols.h">
      <Filter>Header Files\N64 System Headers\Debugger Headers</Filter>
    </ClInclude>
    <ClInclude Include="N64System\Debugger\Debugger-AddBreakpoint.h">
      <Filter>Header Files\N64 System Headers\Debugger Headers</Filter>
    </ClInclude>
    <ClInclude Include="N64System\Debugger\ScriptHook.h">
      <Filter>Header Files\N64 System Headers\Debugger Headers</Filter>
    </ClInclude>
    <ClInclude Include="N64System\Debugger\ScriptInstance.h">
      <Filter>Header Files\N64 System Headers\Debugger Headers</Filter>
    </ClInclude>
    <ClInclude Include="N64System\Debugger\Debugger-StackTrace.h">
      <Filter>Header Files\N64 System Headers\Debugger Headers</Filter>
    </ClInclude>
    <ClInclude Include="N64System\Debugger\Assembler.h">
      <Filter>Header Files\N64 System Headers\Debugger Headers</Filter>
    </ClInclude>
    <ClInclude Include="N64System\Debugger\Debugger-AddSymbol.h">
      <Filter>Header Files\N64 System Headers\Debugger Headers</Filter>
    </ClInclude>
    <ClInclude Include="N64System\Debugger\DMALog.h">
      <Filter>Header Files\N64 System Headers\Debugger Headers</Filter>
    </ClInclude>
    <ClInclude Include="N64System\Debugger\Debugger-DMALogView.h">
      <Filter>Header Files\N64 System Headers\Debugger Headers</Filter>
    </ClInclude>
    <ClInclude Include="N64System\Debugger\Debugger-RegisterTabs.h">
      <Filter>Header Files\N64 System Headers\Debugger Headers</Filter>
    </ClInclude>
    <ClInclude Include="N64System\Debugger\Debugger-StackView.h">
      <Filter>Header Files\N64 System Headers\Debugger Headers</Filter>
    </ClInclude>
    <ClInclude Include="N64System\Debugger\OpInfo.h">
      <Filter>Header Files</Filter>
    </ClInclude>
    <ClInclude Include="UserInterface\WTLControls\TooltipDialog.h">
      <Filter>Header Files\User Interface Headers\WTL Controls Headers</Filter>
    </ClInclude>
  </ItemGroup>
  <ItemGroup>
    <None Include="res\divider.cur">
      <Filter>Resource Files</Filter>
    </None>
    <None Include="res\hand.cur">
      <Filter>Resource Files</Filter>
    </None>
    <None Include="UserInterface\Icons\divider.cur">
      <Filter>Resource Files</Filter>
    </None>
    <None Include="UserInterface\Icons\hand.cur">
      <Filter>Resource Files</Filter>
    </None>
    <None Include="UserInterface\icons\bin00001.bin">
      <Filter>Resource Files</Filter>
    </None>
    <None Include="UserInterface\icons\javascri.bin">
      <Filter>Resource Files</Filter>
    </None>
    <None Include="UserInterface\API.js" />
  </ItemGroup>
  <ItemGroup>
    <Image Include="res\ListItems.bmp">
      <Filter>Resource Files</Filter>
    </Image>
    <Image Include="UserInterface\Icons\PJ64.ICO">
      <Filter>Resource Files</Filter>
    </Image>
    <Image Include="UserInterface\Icons\right.ico">
      <Filter>Resource Files</Filter>
    </Image>
    <Image Include="UserInterface\Icons\left.ico">
      <Filter>Resource Files</Filter>
    </Image>
    <Image Include="UserInterface\Bitmaps\tri-state.bmp">
      <Filter>Resource Files</Filter>
    </Image>
    <Image Include="UserInterface\Bitmaps\ListItems.bmp">
      <Filter>Resource Files</Filter>
    </Image>
    <Image Include="UserInterface\Bitmaps\AboutScreenLogo.bmp">
      <Filter>Resource Files</Filter>
    </Image>
  </ItemGroup>
  <ItemGroup>
    <ResourceCompile Include="UserInterface\UIResources.rc">
      <Filter>Resource Files</Filter>
    </ResourceCompile>
  </ItemGroup>
  <ItemGroup>
    <Manifest Include="Project64.exe.manifest" />
  </ItemGroup>
</Project>