<?xml version="1.0" encoding="utf-8"?>
<Project ToolsVersion="4.0" xmlns="http://schemas.microsoft.com/developer/msbuild/2003">
  <ItemGroup>
    <Filter Include="Source Files">
      <UniqueIdentifier>{590a42bb-e1a0-403e-98cc-33439149cb17}</UniqueIdentifier>
      <Extensions>cpp;c;cxx;rc;def;r;odl;idl;hpj;bat</Extensions>
    </Filter>
    <Filter Include="Header Files">
      <UniqueIdentifier>{855b0e47-a771-4606-af17-0b2e323f2b70}</UniqueIdentifier>
      <Extensions>h;hpp;hxx;hm;inl</Extensions>
    </Filter>
    <Filter Include="Resource Files">
      <UniqueIdentifier>{b38e1ab9-15ae-4304-8a13-bd5f0d0814bf}</UniqueIdentifier>
      <Extensions>ico;cur;bmp;dlg;rc2;rct;bin;rgs;gif;jpg;jpeg;jpe</Extensions>
    </Filter>
  </ItemGroup>
  <ItemGroup>
    <ClCompile Include="Debug.cpp">
      <Filter>Source Files</Filter>
    </ClCompile>
    <ClCompile Include="DirectInput.cpp">
      <Filter>Source Files</Filter>
    </ClCompile>
    <ClCompile Include="FileAccess.cpp">
      <Filter>Source Files</Filter>
    </ClCompile>
    <ClCompile Include="GBCart.cpp">
      <Filter>Source Files</Filter>
    </ClCompile>
    <ClCompile Include="Interface.cpp">
      <Filter>Source Files</Filter>
    </ClCompile>
    <ClCompile Include="International.cpp">
      <Filter>Source Files</Filter>
    </ClCompile>
    <ClCompile Include="NRagePluginV2.cpp">
      <Filter>Source Files</Filter>
    </ClCompile>
    <ClCompile Include="PakIO.cpp">
      <Filter>Source Files</Filter>
    </ClCompile>
    <ClCompile Include="XInputController.cpp">
      <Filter>Source Files</Filter>
    </ClCompile>
  </ItemGroup>
  <ItemGroup>
    <ClInclude Include="XInputController.h">
      <Filter>Source Files</Filter>
    </ClInclude>
    <ClInclude Include="commonIncludes.h">
      <Filter>Header Files</Filter>
    </ClInclude>
    <ClInclude Include="ControllerSpecs\Controller #1.0.h">
      <Filter>Header Files</Filter>
    </ClInclude>
    <ClInclude Include="ControllerSpecs\Controller #1.1.h">
      <Filter>Header Files</Filter>
    </ClInclude>
    <ClInclude Include="Debug.h">
      <Filter>Header Files</Filter>
    </ClInclude>
    <ClInclude Include="DirectInput.h">
      <Filter>Header Files</Filter>
    </ClInclude>
    <ClInclude Include="FileAccess.h">
      <Filter>Header Files</Filter>
    </ClInclude>
    <ClInclude Include="GBCart.h">
      <Filter>Header Files</Filter>
    </ClInclude>
    <ClInclude Include="Interface.h">
      <Filter>Header Files</Filter>
    </ClInclude>
    <ClInclude Include="International.h">
      <Filter>Header Files</Filter>
    </ClInclude>
    <ClInclude Include="NRagePluginV2.h">
      <Filter>Header Files</Filter>
    </ClInclude>
    <ClInclude Include="PakIO.h">
      <Filter>Header Files</Filter>
    </ClInclude>
    <ClInclude Include="resource.h">
      <Filter>Header Files</Filter>
    </ClInclude>
    <ClInclude Include="settings.h">
      <Filter>Header Files</Filter>
    </ClInclude>
  </ItemGroup>
  <ItemGroup>
    <None Include="configs\Controller1.cpf">
      <Filter>Resource Files</Filter>
    </None>
    <None Include="configs\Shortcuts.sc">
      <Filter>Resource Files</Filter>
    </None>
  </ItemGroup>
  <ItemGroup>
    <ResourceCompile Include="NRagePluginV2.rc">
      <Filter>Resource Files</Filter>
    </ResourceCompile>
  </ItemGroup>
</Project>