<?xml version="1.0" encoding="utf-8"?>
<Project ToolsVersion="4.0" xmlns="http://schemas.microsoft.com/developer/msbuild/2003">
  <ItemGroup>
    <Filter Include="Source Files">
      <UniqueIdentifier>{d605fa72-86f1-484f-ae67-9d7561e0d9ca}</UniqueIdentifier>
      <Extensions>cpp;c;cxx;rc;def;r;odl;idl;hpj;bat</Extensions>
    </Filter>
    <Filter Include="Header Files">
      <UniqueIdentifier>{dc26775d-8e36-4858-a40e-8e07fdbc831f}</UniqueIdentifier>
      <Extensions>h;hpp;hxx;hm;inl</Extensions>
    </Filter>
    <Filter Include="Resource Files">
      <UniqueIdentifier>{2bcd7a7e-5013-4acc-88b4-a6a04c432ef3}</UniqueIdentifier>
      <Extensions>ico;cur;bmp;dlg;rc2;rct;bin;rgs;gif;jpg;jpeg;jpe</Extensions>
    </Filter>
  </ItemGroup>
  <ItemGroup>
    <ClCompile Include="Debug.cpp">
      <Filter>Source Files</Filter>
    </ClCompile>
    <ClCompile Include="DirectInput.cpp">
      <Filter>Source Files</Filter>
    </ClCompile>
    <ClCompile Include="FileAccess.cpp">
      <Filter>Source Files</Filter>
    </ClCompile>
    <ClCompile Include="GBCart.cpp">
      <Filter>Source Files</Filter>
    </ClCompile>
    <ClCompile Include="Interface.cpp">
      <Filter>Source Files</Filter>
    </ClCompile>
    <ClCompile Include="International.cpp">
      <Filter>Source Files</Filter>
    </ClCompile>
    <ClCompile Include="NRagePluginV2.cpp">
      <Filter>Source Files</Filter>
    </ClCompile>
    <ClCompile Include="PakIO.cpp">
      <Filter>Source Files</Filter>
    </ClCompile>
    <ClCompile Include="XInputController.cpp">
      <Filter>Source Files</Filter>
    </ClCompile>
  </ItemGroup>
  <ItemGroup>
    <ClInclude Include="XInputController.h">
      <Filter>Source Files</Filter>
    </ClInclude>
    <ClInclude Include="commonIncludes.h">
      <Filter>Header Files</Filter>
    </ClInclude>
    <ClInclude Include="ControllerSpecs\Controller #1.1.h">
      <Filter>Header Files</Filter>
    </ClInclude>
    <ClInclude Include="Debug.h">
      <Filter>Header Files</Filter>
    </ClInclude>
    <ClInclude Include="DirectInput.h">
      <Filter>Header Files</Filter>
    </ClInclude>
    <ClInclude Include="FileAccess.h">
      <Filter>Header Files</Filter>
    </ClInclude>
    <ClInclude Include="GBCart.h">
      <Filter>Header Files</Filter>
    </ClInclude>
    <ClInclude Include="Interface.h">
      <Filter>Header Files</Filter>
    </ClInclude>
    <ClInclude Include="International.h">
      <Filter>Header Files</Filter>
    </ClInclude>
    <ClInclude Include="NRagePluginV2.h">
      <Filter>Header Files</Filter>
    </ClInclude>
    <ClInclude Include="PakIO.h">
      <Filter>Header Files</Filter>
    </ClInclude>
    <ClInclude Include="resource.h">
      <Filter>Header Files</Filter>
    </ClInclude>
    <ClInclude Include="settings.h">
      <Filter>Header Files</Filter>
    </ClInclude>
    <ClInclude Include="Version.h">
      <Filter>Header Files</Filter>
    </ClInclude>
  </ItemGroup>
  <ItemGroup>
    <None Include="configs\Controller1.cpf">
      <Filter>Resource Files</Filter>
    </None>
    <None Include="configs\Shortcuts.sc">
      <Filter>Resource Files</Filter>
    </None>
  </ItemGroup>
  <ItemGroup>
    <ResourceCompile Include="NRagePluginV2.rc">
      <Filter>Resource Files</Filter>
    </ResourceCompile>
  </ItemGroup>
</Project>