<?xml version="1.0" encoding="utf-8"?>
<Project ToolsVersion="4.0" xmlns="http://schemas.microsoft.com/developer/msbuild/2003">
  <ItemGroup>
    <Filter Include="Source Files">
      <UniqueIdentifier>{4FC737F1-C7A5-4376-A066-2A32D752A2FF}</UniqueIdentifier>
      <Extensions>cpp;c;cc;cxx;def;odl;idl;hpj;bat;asm;asmx</Extensions>
    </Filter>
    <Filter Include="Header Files">
      <UniqueIdentifier>{93995380-89BD-4b04-88EB-625FBE52EBFB}</UniqueIdentifier>
      <Extensions>h;hh;hpp;hxx;hm;inl;inc;xsd</Extensions>
    </Filter>
    <Filter Include="Resource Files">
      <UniqueIdentifier>{67DA6AB6-F800-4c08-8B7A-83BB121AAD01}</UniqueIdentifier>
      <Extensions>rc;ico;cur;bmp;dlg;rc2;rct;bin;rgs;gif;jpg;jpeg;jpe;resx;tiff;tif;png;wav;mfcribbon-ms</Extensions>
    </Filter>
  </ItemGroup>
  <ItemGroup>
    <ClCompile Include="InputMain.cpp">
      <Filter>Source Files</Filter>
    </ClCompile>
    <ClCompile Include="InputConfigUI.cpp">
      <Filter>Source Files</Filter>
    </ClCompile>
    <ClCompile Include="wtl-BitmapPicture.cpp">
      <Filter>Source Files</Filter>
    </ClCompile>
    <ClCompile Include="CProject64Input.cpp">
      <Filter>Source Files</Filter>
    </ClCompile>
    <ClCompile Include="DirectInput.cpp">
      <Filter>Source Files</Filter>
    </ClCompile>
    <ClCompile Include="wtl-ScanButton.cpp">
      <Filter>Source Files</Filter>
    </ClCompile>
    <ClCompile Include="InputSettings.cpp">
      <Filter>Source Files</Filter>
    </ClCompile>
    <ClCompile Include="DeviceNotification.cpp">
      <Filter>Source Files</Filter>
    </ClCompile>
    <ClCompile Include="OptionsUI.cpp">
      <Filter>Source Files</Filter>
    </ClCompile>
  </ItemGroup>
  <ItemGroup>
    <ClInclude Include="ControllerSpec1.1.h">
      <Filter>Header Files</Filter>
    </ClInclude>
    <ClInclude Include="resource.h">
      <Filter>Header Files</Filter>
    </ClInclude>
    <ClInclude Include="InputConfigUI.h">
      <Filter>Header Files</Filter>
    </ClInclude>
    <ClInclude Include="wtl-BitmapPicture.h">
      <Filter>Header Files</Filter>
    </ClInclude>
    <ClInclude Include="wtl.h">
      <Filter>Header Files</Filter>
    </ClInclude>
    <ClInclude Include="CProject64Input.h">
      <Filter>Header Files</Filter>
    </ClInclude>
    <ClInclude Include="DirectInput.h">
      <Filter>Header Files</Filter>
    </ClInclude>
    <ClInclude Include="wtl-ScanButton.h">
      <Filter>Header Files</Filter>
    </ClInclude>
    <ClInclude Include="Button.h">
      <Filter>Header Files</Filter>
    </ClInclude>
    <ClInclude Include="N64Controller.h">
      <Filter>Header Files</Filter>
    </ClInclude>
    <ClInclude Include="InputSettings.h">
      <Filter>Header Files</Filter>
    </ClInclude>
    <ClInclude Include="InputSettingsID.h">
      <Filter>Header Files</Filter>
    </ClInclude>
    <ClInclude Include="DeviceNotification.h">
      <Filter>Header Files</Filter>
    </ClInclude>
    <ClInclude Include="OptionsUI.h">
      <Filter>Header Files</Filter>
    </ClInclude>
  </ItemGroup>
  <ItemGroup>
    <None Include="Version.h.in">
      <Filter>Header Files</Filter>
    </None>
  </ItemGroup>
  <ItemGroup>
    <ResourceCompile Include="Project64-input.rc">
      <Filter>Resource Files</Filter>
    </ResourceCompile>
  </ItemGroup>
  <ItemGroup>
    <Image Include="Controller.bmp">
      <Filter>Resource Files</Filter>
    </Image>
  </ItemGroup>
</Project>