<?xml version="1.0" encoding="utf-8"?>
<Project ToolsVersion="4.0" xmlns="http://schemas.microsoft.com/developer/msbuild/2003">
  <ItemGroup>
    <Filter Include="Source Files">
      <UniqueIdentifier>{4FC737F1-C7A5-4376-A066-2A32D752A2FF}</UniqueIdentifier>
      <Extensions>cpp;c;cc;cxx;def;odl;idl;hpj;bat;asm;asmx</Extensions>
    </Filter>
    <Filter Include="Header Files">
      <UniqueIdentifier>{93995380-89BD-4b04-88EB-625FBE52EBFB}</UniqueIdentifier>
      <Extensions>h;hh;hpp;hxx;hm;inl;inc;xsd</Extensions>
    </Filter>
    <Filter Include="Resource Files">
      <UniqueIdentifier>{67DA6AB6-F800-4c08-8B7A-83BB121AAD01}</UniqueIdentifier>
      <Extensions>rc;ico;cur;bmp;dlg;rc2;rct;bin;rgs;gif;jpg;jpeg;jpe;resx;tiff;tif;png;wav;mfcribbon-ms</Extensions>
    </Filter>
    <Filter Include="Source Files\cpu">
      <UniqueIdentifier>{855e110e-ef40-4dab-9b2b-e250f9a6e12e}</UniqueIdentifier>
    </Filter>
    <Filter Include="Header Files\cpu">
      <UniqueIdentifier>{68f5d9a3-7e1b-4209-95c4-7daf0d469394}</UniqueIdentifier>
    </Filter>
    <Filter Include="Header Files\Settings">
      <UniqueIdentifier>{77da0581-67c2-4483-9b3d-7a92f0e99d39}</UniqueIdentifier>
    </Filter>
    <Filter Include="Source Files\Settings">
      <UniqueIdentifier>{0868624c-a8c2-4e74-b90b-d0b3bc5e0938}</UniqueIdentifier>
    </Filter>
    <Filter Include="Header Files\Recompiler">
      <UniqueIdentifier>{2bca7ea6-354a-456b-976d-dc015b9a110f}</UniqueIdentifier>
    </Filter>
    <Filter Include="Source Files\Recompiler">
      <UniqueIdentifier>{bb961984-d173-4bd2-8a8b-f9a0416188f4}</UniqueIdentifier>
    </Filter>
  </ItemGroup>
  <ItemGroup>
    <ClCompile Include="cpu\RSPiInstruction.cpp">
      <Filter>Source Files\cpu</Filter>
    </ClCompile>
    <ClCompile Include="cpu\RspTypes.cpp">
      <Filter>Source Files\cpu</Filter>
    </ClCompile>
    <ClCompile Include="cpu\RSPRegister.cpp">
      <Filter>Source Files\cpu</Filter>
    </ClCompile>
    <ClCompile Include="cpu\RSPInterpreterCPU.cpp">
      <Filter>Source Files\cpu</Filter>
    </ClCompile>
    <ClCompile Include="cpu\RSPInterpreterOps.cpp">
      <Filter>Source Files\cpu</Filter>
    </ClCompile>
    <ClCompile Include="cpu\RSPCpu.cpp">
      <Filter>Source Files\cpu</Filter>
    </ClCompile>
    <ClCompile Include="RSPInfo.cpp">
      <Filter>Source Files</Filter>
    </ClCompile>
    <ClCompile Include="RSPDebugger.cpp">
      <Filter>Source Files</Filter>
    </ClCompile>
    <ClCompile Include="Settings\RspSettings.cpp">
      <Filter>Source Files\Settings</Filter>
    </ClCompile>
    <ClCompile Include="Recompiler\RspRecompilerAnalysis.cpp">
      <Filter>Source Files\Recompiler</Filter>
    </ClCompile>
    <ClCompile Include="Recompiler\RspRecompilerCPU.cpp">
      <Filter>Source Files\Recompiler</Filter>
    </ClCompile>
    <ClCompile Include="Recompiler\RspRecompilerOps.cpp">
      <Filter>Source Files\Recompiler</Filter>
    </ClCompile>
    <ClCompile Include="Recompiler\RspRecompilerSections.cpp">
      <Filter>Source Files\Recompiler</Filter>
    </ClCompile>
    <ClCompile Include="cpu\RspMemory.cpp">
      <Filter>Source Files\cpu</Filter>
    </ClCompile>
    <ClCompile Include="cpu\RspLog.cpp">
      <Filter>Source Files\cpu</Filter>
    </ClCompile>
    <ClCompile Include="Recompiler\Mmx.cpp">
      <Filter>Source Files\Recompiler</Filter>
    </ClCompile>
    <ClCompile Include="Recompiler\Sse.cpp">
      <Filter>Source Files\Recompiler</Filter>
    </ClCompile>
    <ClCompile Include="Recompiler\X86.cpp">
      <Filter>Source Files\Recompiler</Filter>
    </ClCompile>
    <ClCompile Include="Recompiler\RspProfiling.cpp">
      <Filter>Source Files\Recompiler</Filter>
    </ClCompile>
    <ClCompile Include="cpu\RspClamp.cpp">
      <Filter>Source Files\cpu</Filter>
    </ClCompile>
    <ClCompile Include="cpu\RSPRegisterHandler.cpp">
      <Filter>Source Files\cpu</Filter>
    </ClCompile>
    <ClCompile Include="cpu\RSPRegisterHandlerPlugin.cpp">
      <Filter>Source Files\cpu</Filter>
    </ClCompile>
  </ItemGroup>
  <ItemGroup>
    <ClInclude Include="cpu\RSPInstruction.h">
      <Filter>Header Files\cpu</Filter>
    </ClInclude>
    <ClInclude Include="cpu\RSPOpcode.h">
      <Filter>Header Files\cpu</Filter>
    </ClInclude>
    <ClInclude Include="cpu\RspTypes.h">
      <Filter>Header Files\cpu</Filter>
    </ClInclude>
    <ClInclude Include="cpu\RSPRegisters.h">
      <Filter>Header Files\cpu</Filter>
    </ClInclude>
    <ClInclude Include="cpu\RSPInterpreterCPU.h">
      <Filter>Header Files\cpu</Filter>
    </ClInclude>
    <ClInclude Include="cpu\RSPInterpreterOps.h">
      <Filter>Header Files\cpu</Filter>
    </ClInclude>
    <ClInclude Include="cpu\RSPCpu.h">
      <Filter>Header Files\cpu</Filter>
    </ClInclude>
    <ClInclude Include="RSPDebugger.h">
      <Filter>Header Files</Filter>
    </ClInclude>
    <ClInclude Include="RSPInfo.h">
      <Filter>Header Files</Filter>
    </ClInclude>
    <ClInclude Include="Settings\RspSettingsID.h">
      <Filter>Header Files\Settings</Filter>
    </ClInclude>
    <ClInclude Include="Settings\RspSettings.h">
      <Filter>Header Files\Settings</Filter>
    </ClInclude>
    <ClInclude Include="Recompiler\RspRecompilerCPU.h">
      <Filter>Header Files\Recompiler</Filter>
    </ClInclude>
    <ClInclude Include="Recompiler\RspRecompilerOps.h">
      <Filter>Header Files\Recompiler</Filter>
    </ClInclude>
    <ClInclude Include="cpu\RspMemory.h">
      <Filter>Header Files\cpu</Filter>
    </ClInclude>
    <ClInclude Include="cpu\RspLog.h">
      <Filter>Header Files\cpu</Filter>
    </ClInclude>
    <ClInclude Include="Recompiler\X86.h">
      <Filter>Header Files\Recompiler</Filter>
    </ClInclude>
    <ClInclude Include="Recompiler\RspProfiling.h">
      <Filter>Header Files\Recompiler</Filter>
    </ClInclude>
    <ClInclude Include="cpu\RspClamp.h">
      <Filter>Header Files\cpu</Filter>
    </ClInclude>
    <ClInclude Include="cpu\RSPRegisterHandler.h">
      <Filter>Header Files\cpu</Filter>
    </ClInclude>
    <ClInclude Include="cpu\RSPRegisterHandlerPlugin.h">
      <Filter>Header Files\cpu</Filter>
    </ClInclude>
  </ItemGroup>
</Project>