<?xml version="1.0" encoding="utf-8"?>
<Project ToolsVersion="4.0" xmlns="http://schemas.microsoft.com/developer/msbuild/2003">
  <ItemGroup>
    <Filter Include="Source Files">
      <UniqueIdentifier>{4FC737F1-C7A5-4376-A066-2A32D752A2FF}</UniqueIdentifier>
      <Extensions>cpp;c;cc;cxx;def;odl;idl;hpj;bat;asm;asmx</Extensions>
    </Filter>
    <Filter Include="Header Files">
      <UniqueIdentifier>{93995380-89BD-4b04-88EB-625FBE52EBFB}</UniqueIdentifier>
      <Extensions>h;hh;hpp;hxx;hm;inl;inc;xsd</Extensions>
    </Filter>
    <Filter Include="Resource Files">
      <UniqueIdentifier>{67DA6AB6-F800-4c08-8B7A-83BB121AAD01}</UniqueIdentifier>
      <Extensions>rc;ico;cur;bmp;dlg;rc2;rct;bin;rgs;gif;jpg;jpeg;jpe;resx;tiff;tif;png;wav;mfcribbon-ms</Extensions>
    </Filter>
    <Filter Include="Source Files\cpu">
      <UniqueIdentifier>{855e110e-ef40-4dab-9b2b-e250f9a6e12e}</UniqueIdentifier>
    </Filter>
    <Filter Include="Header Files\cpu">
      <UniqueIdentifier>{68f5d9a3-7e1b-4209-95c4-7daf0d469394}</UniqueIdentifier>
    </Filter>
  </ItemGroup>
  <ItemGroup>
    <ClCompile Include="cpu\RSPiInstruction.cpp">
      <Filter>Source Files\cpu</Filter>
    </ClCompile>
    <ClCompile Include="cpu\RspTypes.cpp">
      <Filter>Source Files\cpu</Filter>
    </ClCompile>
    <ClCompile Include="cpu\RSPRegister.cpp">
      <Filter>Source Files\cpu</Filter>
    </ClCompile>
  </ItemGroup>
  <ItemGroup>
    <ClInclude Include="cpu\RSPInstruction.h">
      <Filter>Header Files\cpu</Filter>
    </ClInclude>
    <ClInclude Include="cpu\RSPOpcode.h">
      <Filter>Header Files\cpu</Filter>
    </ClInclude>
    <ClInclude Include="cpu\RspTypes.h">
      <Filter>Header Files\cpu</Filter>
    </ClInclude>
    <ClInclude Include="cpu\RSPRegisters.h">
      <Filter>Header Files\cpu</Filter>
    </ClInclude>
  </ItemGroup>
</Project>